
Microsoft Visual Studio Solution File, Format Version 11.00
# Visual Studio 2010
Project("{FAE04EC0-301F-11D3-BF4B-00C04F79EFBC}") = "01-SimpleTracingBefore_GL", "01-SimpleTracingBefore\CS\01-SimpleTracingBefore_GL.csproj", "{1511B4EE-2349-43EC-B3CA-3B3D012C8842}"
EndProject
Project("{FAE04EC0-301F-11D3-BF4B-00C04F79EFBC}") = "02-SimpleTracingBeforeAndAfter_GL", "02-SimpleTracingBeforeAndAfter\CS\02-SimpleTracingBeforeAndAfter_GL.csproj", "{925FD52E-1D36-46B3-B1FE-86B0BFC2A6A3}"
EndProject
Project("{FAE04EC0-301F-11D3-BF4B-00C04F79EFBC}") = "03-SimpleTracingInstead_GL", "03-SimpleTracingInstead\CS\03-SimpleTracingInstead_GL.csproj", "{7EEC01BA-3176-4BB1-B9F2-8AB48620A48F}"
EndProject
Project("{FAE04EC0-301F-11D3-BF4B-00C04F79EFBC}") = "04-AfterReturningAndAfterThrowing_GL", "04-AfterReturningAndAfterThrowing\CS\04-AfterReturningAndAfterThrowing_GL.csproj", "{2993C769-E540-4F3C-A4D2-C2060CB32E7C}"
EndProject
Project("{FAE04EC0-301F-11D3-BF4B-00C04F79EFBC}") = "05-Authentication_GL", "05-Authentication\CS\05-Authentication_GL.csproj", "{C5EB2428-B786-45AE-8267-7EE5896420B5}"
EndProject
Project("{FAE04EC0-301F-11D3-BF4B-00C04F79EFBC}") = "06-SimpleWildcards_GL", "06-SimpleWildcards\CS\06-SimpleWildcards_GL.csproj", "{A0D02A9B-AF39-4396-A9D3-7015A33E3B26}"
EndProject
Project("{FAE04EC0-301F-11D3-BF4B-00C04F79EFBC}") = "07-EventPublisher_GL", "07-EventPublisher\CS\07-EventPublisher_GL.csproj", "{C01207D6-63CE-44A1-A1DC-BF2931F1D606}"
EndProject
Project("{FAE04EC0-301F-11D3-BF4B-00C04F79EFBC}") = "08-Monitoring_GL", "08-Monitoring\CS\08-Monitoring_GL.csproj", "{A13E5E1E-8DE1-4BF0-B213-B0A4965682EA}"
EndProject
Project("{FAE04EC0-301F-11D3-BF4B-00C04F79EFBC}") = "09-CrossAppDomainCallAspect_GL", "09-CrossAppDomainCallAspect\CS\09-CrossAppDomainCallAspect_GL.csproj", "{A9F34F9F-5B6B-4133-ACF1-2BB8FCC1557B}"
EndProject
Project("{FAE04EC0-301F-11D3-BF4B-00C04F79EFBC}") = "10-EventConsumer_GL", "10-EventConsumer\CS\10-EventConsumer_GL.csproj", "{25363FDA-6829-4D7D-B94A-58B25B5A1F81}"
EndProject
Project("{FAE04EC0-301F-11D3-BF4B-00C04F79EFBC}") = "11-Singleton_GL", "11-Singleton\CS\11-Singleton_GL.csproj", "{71947A01-E51F-4CC1-8BE7-A05196741C21}"
EndProject
Project("{FAE04EC0-301F-11D3-BF4B-00C04F79EFBC}") = "12-Memoize_GL", "12-Memoize\CS\12-Memoize_GL.csproj", "{FBEA6F68-63BF-434B-998C-9A146FDF8D5F}"
EndProject
Project("{FAE04EC0-301F-11D3-BF4B-00C04F79EFBC}") = "13-Variables_GL", "13-Variables\CS\13-Variables_GL.csproj", "{7284DA36-F00D-4D60-9F7F-B39AAED5F098}"
EndProject
Project("{FAE04EC0-301F-11D3-BF4B-00C04F79EFBC}") = "14-Timeout_GL", "14-Timeout\CS\14-Timeout_GL.csproj", "{A055C89B-1110-44E7-87D5-FA4FBD6E2993}"
EndProject
Project("{FAE04EC0-301F-11D3-BF4B-00C04F79EFBC}") = "15-Observer_GL", "15-Observer\CS\15-Observer_GL.csproj", "{32D621BA-F902-40D8-8866-35B4B3F69684}"
EndProject
Project("{FAE04EC0-301F-11D3-BF4B-00C04F79EFBC}") = "16-Visitor_GL", "16-Visitor\CS\16-Visitor_GL.csproj", "{193718F4-C713-4C12-8F65-F50E2CFC8395}"
EndProject
Project("{FAE04EC0-301F-11D3-BF4B-00C04F79EFBC}") = "17-AsyncronousMethods_GL", "17-AsyncronousMethods\CS\17-AsyncronousMethods_GL.csproj", "{40B0AFA3-FECF-4875-8F2D-34BF83AC35A8}"
EndProject
Project("{FAE04EC0-301F-11D3-BF4B-00C04F79EFBC}") = "18-Voter_GL", "18-Voter\CS\18-Voter_GL.csproj", "{F7A33DC0-3BC5-410C-A679-128A273A1CF6}"
EndProject
Project("{FAE04EC0-301F-11D3-BF4B-00C04F79EFBC}") = "19-ContextOrientedProgramming_GL", "19-ContextOrientedProgramming\CS\19-ContextOrientedProgramming_GL.csproj", "{EE1B65F7-645A-4890-B3D8-5ABF26FE8487}"
EndProject
Project("{FAE04EC0-301F-11D3-BF4B-00C04F79EFBC}") = "21-NotifyPropertyChanged_GL", "21-NotifyPropertyChanged\CS\21-NotifyPropertyChanged_GL.csproj", "{0304F8B0-8D3A-4799-BEC3-92276AC4DCE9}"
EndProject
Global
	GlobalSection(TeamFoundationVersionControl) = preSolution
		SccNumberOfProjects = 21
		SccEnterpriseProvider = {4CA58AB2-18FA-4F8D-95D4-32DDF27D184C}
		SccTeamFoundationServer = https://tfs.codeplex.com/tfs/tfs34
		SccLocalPath0 = .
		SccProjectUniqueName1 = 01-SimpleTracingBefore\\CS\\01-SimpleTracingBefore_GL.csproj
		SccProjectName1 = 01-SimpleTracingBefore/CS
		SccLocalPath1 = 01-SimpleTracingBefore\\CS
		SccProjectUniqueName2 = 02-SimpleTracingBeforeAndAfter\\CS\\02-SimpleTracingBeforeAndAfter_GL.csproj
		SccProjectName2 = 02-SimpleTracingBeforeAndAfter/CS
		SccLocalPath2 = 02-SimpleTracingBeforeAndAfter\\CS
		SccProjectUniqueName3 = 03-SimpleTracingInstead\\CS\\03-SimpleTracingInstead_GL.csproj
		SccProjectName3 = 03-SimpleTracingInstead/CS
		SccLocalPath3 = 03-SimpleTracingInstead\\CS
		SccProjectUniqueName4 = 04-AfterReturningAndAfterThrowing\\CS\\04-AfterReturningAndAfterThrowing_GL.csproj
		SccProjectName4 = 04-AfterReturningAndAfterThrowing/CS
		SccLocalPath4 = 04-AfterReturningAndAfterThrowing\\CS
		SccProjectUniqueName5 = 05-Authentication\\CS\\05-Authentication_GL.csproj
		SccProjectName5 = 05-Authentication/CS
		SccLocalPath5 = 05-Authentication\\CS
		SccProjectUniqueName6 = 06-SimpleWildcards\\CS\\06-SimpleWildcards_GL.csproj
		SccProjectName6 = 06-SimpleWildcards/CS
		SccLocalPath6 = 06-SimpleWildcards\\CS
		SccProjectUniqueName7 = 07-EventPublisher\\CS\\07-EventPublisher_GL.csproj
		SccProjectName7 = 07-EventPublisher/CS
		SccLocalPath7 = 07-EventPublisher\\CS
		SccProjectUniqueName8 = 08-Monitoring\\CS\\08-Monitoring_GL.csproj
		SccProjectName8 = 08-Monitoring/CS
		SccLocalPath8 = 08-Monitoring\\CS
		SccProjectUniqueName9 = 09-CrossAppDomainCallAspect\\CS\\09-CrossAppDomainCallAspect_GL.csproj
		SccProjectName9 = 09-CrossAppDomainCallAspect/CS
		SccLocalPath9 = 09-CrossAppDomainCallAspect\\CS
		SccProjectUniqueName10 = 10-EventConsumer\\CS\\10-EventConsumer_GL.csproj
		SccProjectName10 = 10-EventConsumer/CS
		SccLocalPath10 = 10-EventConsumer\\CS
		SccProjectUniqueName11 = 11-Singleton\\CS\\11-Singleton_GL.csproj
		SccProjectName11 = 11-Singleton/CS
		SccLocalPath11 = 11-Singleton\\CS
		SccProjectUniqueName12 = 12-Memoize\\CS\\12-Memoize_GL.csproj
		SccProjectName12 = 12-Memoize/CS
		SccLocalPath12 = 12-Memoize\\CS
		SccProjectUniqueName13 = 13-Variables\\CS\\13-Variables_GL.csproj
		SccProjectName13 = 13-Variables/CS
		SccLocalPath13 = 13-Variables\\CS
		SccProjectUniqueName14 = 14-Timeout\\CS\\14-Timeout_GL.csproj
		SccProjectName14 = 14-Timeout/CS
		SccLocalPath14 = 14-Timeout\\CS
		SccProjectUniqueName15 = 15-Observer\\CS\\15-Observer_GL.csproj
		SccProjectName15 = 15-Observer/CS
		SccLocalPath15 = 15-Observer\\CS
		SccProjectUniqueName16 = 16-Visitor\\CS\\16-Visitor_GL.csproj
		SccProjectName16 = 16-Visitor/CS
		SccLocalPath16 = 16-Visitor\\CS
		SccProjectUniqueName17 = 17-AsyncronousMethods\\CS\\17-AsyncronousMethods_GL.csproj
		SccProjectName17 = 17-AsyncronousMethods/CS
		SccLocalPath17 = 17-AsyncronousMethods\\CS
		SccProjectUniqueName18 = 18-Voter\\CS\\18-Voter_GL.csproj
		SccProjectName18 = 18-Voter/CS
		SccLocalPath18 = 18-Voter\\CS
		SccProjectUniqueName19 = 19-ContextOrientedProgramming\\CS\\19-ContextOrientedProgramming_GL.csproj
		SccProjectName19 = 19-ContextOrientedProgramming/CS
		SccLocalPath19 = 19-ContextOrientedProgramming\\CS
		SccProjectUniqueName20 = 21-NotifyPropertyChanged\\CS\\21-NotifyPropertyChanged_GL.csproj
		SccProjectName20 = 21-NotifyPropertyChanged/CS
		SccLocalPath20 = 21-NotifyPropertyChanged\\CS
	EndGlobalSection
	GlobalSection(SolutionConfigurationPlatforms) = preSolution
		Debug|Any CPU = Debug|Any CPU
		Debug|Mixed Platforms = Debug|Mixed Platforms
		Debug|x86 = Debug|x86
		Release|Any CPU = Release|Any CPU
		Release|Mixed Platforms = Release|Mixed Platforms
		Release|x86 = Release|x86
	EndGlobalSection
	GlobalSection(ProjectConfigurationPlatforms) = postSolution
		{1511B4EE-2349-43EC-B3CA-3B3D012C8842}.Debug|Any CPU.ActiveCfg = Debug|Any CPU
		{1511B4EE-2349-43EC-B3CA-3B3D012C8842}.Debug|Any CPU.Build.0 = Debug|Any CPU
		{1511B4EE-2349-43EC-B3CA-3B3D012C8842}.Debug|Mixed Platforms.ActiveCfg = Debug|Any CPU
		{1511B4EE-2349-43EC-B3CA-3B3D012C8842}.Debug|Mixed Platforms.Build.0 = Debug|Any CPU
		{1511B4EE-2349-43EC-B3CA-3B3D012C8842}.Debug|x86.ActiveCfg = Debug|Any CPU
		{1511B4EE-2349-43EC-B3CA-3B3D012C8842}.Release|Any CPU.ActiveCfg = Release|Any CPU
		{1511B4EE-2349-43EC-B3CA-3B3D012C8842}.Release|Any CPU.Build.0 = Release|Any CPU
		{1511B4EE-2349-43EC-B3CA-3B3D012C8842}.Release|Mixed Platforms.ActiveCfg = Release|Any CPU
		{1511B4EE-2349-43EC-B3CA-3B3D012C8842}.Release|Mixed Platforms.Build.0 = Release|Any CPU
		{1511B4EE-2349-43EC-B3CA-3B3D012C8842}.Release|x86.ActiveCfg = Release|Any CPU
		{925FD52E-1D36-46B3-B1FE-86B0BFC2A6A3}.Debug|Any CPU.ActiveCfg = Debug|Any CPU
		{925FD52E-1D36-46B3-B1FE-86B0BFC2A6A3}.Debug|Any CPU.Build.0 = Debug|Any CPU
		{925FD52E-1D36-46B3-B1FE-86B0BFC2A6A3}.Debug|Mixed Platforms.ActiveCfg = Debug|Any CPU
		{925FD52E-1D36-46B3-B1FE-86B0BFC2A6A3}.Debug|Mixed Platforms.Build.0 = Debug|Any CPU
		{925FD52E-1D36-46B3-B1FE-86B0BFC2A6A3}.Debug|x86.ActiveCfg = Debug|Any CPU
		{925FD52E-1D36-46B3-B1FE-86B0BFC2A6A3}.Release|Any CPU.ActiveCfg = Release|Any CPU
		{925FD52E-1D36-46B3-B1FE-86B0BFC2A6A3}.Release|Any CPU.Build.0 = Release|Any CPU
		{925FD52E-1D36-46B3-B1FE-86B0BFC2A6A3}.Release|Mixed Platforms.ActiveCfg = Release|Any CPU
		{925FD52E-1D36-46B3-B1FE-86B0BFC2A6A3}.Release|Mixed Platforms.Build.0 = Release|Any CPU
		{925FD52E-1D36-46B3-B1FE-86B0BFC2A6A3}.Release|x86.ActiveCfg = Release|Any CPU
		{7EEC01BA-3176-4BB1-B9F2-8AB48620A48F}.Debug|Any CPU.ActiveCfg = Debug|Any CPU
		{7EEC01BA-3176-4BB1-B9F2-8AB48620A48F}.Debug|Any CPU.Build.0 = Debug|Any CPU
		{7EEC01BA-3176-4BB1-B9F2-8AB48620A48F}.Debug|Mixed Platforms.ActiveCfg = Debug|Any CPU
		{7EEC01BA-3176-4BB1-B9F2-8AB48620A48F}.Debug|Mixed Platforms.Build.0 = Debug|Any CPU
		{7EEC01BA-3176-4BB1-B9F2-8AB48620A48F}.Debug|x86.ActiveCfg = Debug|Any CPU
		{7EEC01BA-3176-4BB1-B9F2-8AB48620A48F}.Release|Any CPU.ActiveCfg = Release|Any CPU
		{7EEC01BA-3176-4BB1-B9F2-8AB48620A48F}.Release|Any CPU.Build.0 = Release|Any CPU
		{7EEC01BA-3176-4BB1-B9F2-8AB48620A48F}.Release|Mixed Platforms.ActiveCfg = Release|Any CPU
		{7EEC01BA-3176-4BB1-B9F2-8AB48620A48F}.Release|Mixed Platforms.Build.0 = Release|Any CPU
		{7EEC01BA-3176-4BB1-B9F2-8AB48620A48F}.Release|x86.ActiveCfg = Release|Any CPU
		{2993C769-E540-4F3C-A4D2-C2060CB32E7C}.Debug|Any CPU.ActiveCfg = Debug|Any CPU
		{2993C769-E540-4F3C-A4D2-C2060CB32E7C}.Debug|Any CPU.Build.0 = Debug|Any CPU
		{2993C769-E540-4F3C-A4D2-C2060CB32E7C}.Debug|Mixed Platforms.ActiveCfg = Debug|Any CPU
		{2993C769-E540-4F3C-A4D2-C2060CB32E7C}.Debug|Mixed Platforms.Build.0 = Debug|Any CPU
		{2993C769-E540-4F3C-A4D2-C2060CB32E7C}.Debug|x86.ActiveCfg = Debug|Any CPU
		{2993C769-E540-4F3C-A4D2-C2060CB32E7C}.Release|Any CPU.ActiveCfg = Release|Any CPU
		{2993C769-E540-4F3C-A4D2-C2060CB32E7C}.Release|Any CPU.Build.0 = Release|Any CPU
		{2993C769-E540-4F3C-A4D2-C2060CB32E7C}.Release|Mixed Platforms.ActiveCfg = Release|Any CPU
		{2993C769-E540-4F3C-A4D2-C2060CB32E7C}.Release|Mixed Platforms.Build.0 = Release|Any CPU
		{2993C769-E540-4F3C-A4D2-C2060CB32E7C}.Release|x86.ActiveCfg = Release|Any CPU
		{C5EB2428-B786-45AE-8267-7EE5896420B5}.Debug|Any CPU.ActiveCfg = Debug|Any CPU
		{C5EB2428-B786-45AE-8267-7EE5896420B5}.Debug|Any CPU.Build.0 = Debug|Any CPU
		{C5EB2428-B786-45AE-8267-7EE5896420B5}.Debug|Mixed Platforms.ActiveCfg = Debug|Any CPU
		{C5EB2428-B786-45AE-8267-7EE5896420B5}.Debug|Mixed Platforms.Build.0 = Debug|Any CPU
		{C5EB2428-B786-45AE-8267-7EE5896420B5}.Debug|x86.ActiveCfg = Debug|Any CPU
		{C5EB2428-B786-45AE-8267-7EE5896420B5}.Release|Any CPU.ActiveCfg = Release|Any CPU
		{C5EB2428-B786-45AE-8267-7EE5896420B5}.Release|Any CPU.Build.0 = Release|Any CPU
		{C5EB2428-B786-45AE-8267-7EE5896420B5}.Release|Mixed Platforms.ActiveCfg = Release|Any CPU
		{C5EB2428-B786-45AE-8267-7EE5896420B5}.Release|Mixed Platforms.Build.0 = Release|Any CPU
		{C5EB2428-B786-45AE-8267-7EE5896420B5}.Release|x86.ActiveCfg = Release|Any CPU
		{A0D02A9B-AF39-4396-A9D3-7015A33E3B26}.Debug|Any CPU.ActiveCfg = Debug|Any CPU
		{A0D02A9B-AF39-4396-A9D3-7015A33E3B26}.Debug|Any CPU.Build.0 = Debug|Any CPU
		{A0D02A9B-AF39-4396-A9D3-7015A33E3B26}.Debug|Mixed Platforms.ActiveCfg = Debug|Any CPU
		{A0D02A9B-AF39-4396-A9D3-7015A33E3B26}.Debug|Mixed Platforms.Build.0 = Debug|Any CPU
		{A0D02A9B-AF39-4396-A9D3-7015A33E3B26}.Debug|x86.ActiveCfg = Debug|Any CPU
		{A0D02A9B-AF39-4396-A9D3-7015A33E3B26}.Release|Any CPU.ActiveCfg = Release|Any CPU
		{A0D02A9B-AF39-4396-A9D3-7015A33E3B26}.Release|Any CPU.Build.0 = Release|Any CPU
		{A0D02A9B-AF39-4396-A9D3-7015A33E3B26}.Release|Mixed Platforms.ActiveCfg = Release|Any CPU
		{A0D02A9B-AF39-4396-A9D3-7015A33E3B26}.Release|Mixed Platforms.Build.0 = Release|Any CPU
		{A0D02A9B-AF39-4396-A9D3-7015A33E3B26}.Release|x86.ActiveCfg = Release|Any CPU
		{C01207D6-63CE-44A1-A1DC-BF2931F1D606}.Debug|Any CPU.ActiveCfg = Debug|Any CPU
		{C01207D6-63CE-44A1-A1DC-BF2931F1D606}.Debug|Any CPU.Build.0 = Debug|Any CPU
		{C01207D6-63CE-44A1-A1DC-BF2931F1D606}.Debug|Mixed Platforms.ActiveCfg = Debug|Any CPU
		{C01207D6-63CE-44A1-A1DC-BF2931F1D606}.Debug|Mixed Platforms.Build.0 = Debug|Any CPU
		{C01207D6-63CE-44A1-A1DC-BF2931F1D606}.Debug|x86.ActiveCfg = Debug|Any CPU
		{C01207D6-63CE-44A1-A1DC-BF2931F1D606}.Release|Any CPU.ActiveCfg = Release|Any CPU
		{C01207D6-63CE-44A1-A1DC-BF2931F1D606}.Release|Any CPU.Build.0 = Release|Any CPU
		{C01207D6-63CE-44A1-A1DC-BF2931F1D606}.Release|Mixed Platforms.ActiveCfg = Release|Any CPU
		{C01207D6-63CE-44A1-A1DC-BF2931F1D606}.Release|Mixed Platforms.Build.0 = Release|Any CPU
		{C01207D6-63CE-44A1-A1DC-BF2931F1D606}.Release|x86.ActiveCfg = Release|Any CPU
		{A13E5E1E-8DE1-4BF0-B213-B0A4965682EA}.Debug|Any CPU.ActiveCfg = Debug|Any CPU
		{A13E5E1E-8DE1-4BF0-B213-B0A4965682EA}.Debug|Any CPU.Build.0 = Debug|Any CPU
		{A13E5E1E-8DE1-4BF0-B213-B0A4965682EA}.Debug|Mixed Platforms.ActiveCfg = Debug|Any CPU
		{A13E5E1E-8DE1-4BF0-B213-B0A4965682EA}.Debug|Mixed Platforms.Build.0 = Debug|Any CPU
		{A13E5E1E-8DE1-4BF0-B213-B0A4965682EA}.Debug|x86.ActiveCfg = Debug|Any CPU
		{A13E5E1E-8DE1-4BF0-B213-B0A4965682EA}.Release|Any CPU.ActiveCfg = Release|Any CPU
		{A13E5E1E-8DE1-4BF0-B213-B0A4965682EA}.Release|Any CPU.Build.0 = Release|Any CPU
		{A13E5E1E-8DE1-4BF0-B213-B0A4965682EA}.Release|Mixed Platforms.ActiveCfg = Release|Any CPU
		{A13E5E1E-8DE1-4BF0-B213-B0A4965682EA}.Release|Mixed Platforms.Build.0 = Release|Any CPU
		{A13E5E1E-8DE1-4BF0-B213-B0A4965682EA}.Release|x86.ActiveCfg = Release|Any CPU
		{A9F34F9F-5B6B-4133-ACF1-2BB8FCC1557B}.Debug|Any CPU.ActiveCfg = Debug|Any CPU
		{A9F34F9F-5B6B-4133-ACF1-2BB8FCC1557B}.Debug|Any CPU.Build.0 = Debug|Any CPU
		{A9F34F9F-5B6B-4133-ACF1-2BB8FCC1557B}.Debug|Mixed Platforms.ActiveCfg = Debug|Any CPU
		{A9F34F9F-5B6B-4133-ACF1-2BB8FCC1557B}.Debug|Mixed Platforms.Build.0 = Debug|Any CPU
		{A9F34F9F-5B6B-4133-ACF1-2BB8FCC1557B}.Debug|x86.ActiveCfg = Debug|Any CPU
		{A9F34F9F-5B6B-4133-ACF1-2BB8FCC1557B}.Release|Any CPU.ActiveCfg = Release|Any CPU
		{A9F34F9F-5B6B-4133-ACF1-2BB8FCC1557B}.Release|Any CPU.Build.0 = Release|Any CPU
		{A9F34F9F-5B6B-4133-ACF1-2BB8FCC1557B}.Release|Mixed Platforms.ActiveCfg = Release|Any CPU
		{A9F34F9F-5B6B-4133-ACF1-2BB8FCC1557B}.Release|Mixed Platforms.Build.0 = Release|Any CPU
		{A9F34F9F-5B6B-4133-ACF1-2BB8FCC1557B}.Release|x86.ActiveCfg = Release|Any CPU
		{25363FDA-6829-4D7D-B94A-58B25B5A1F81}.Debug|Any CPU.ActiveCfg = Debug|Any CPU
		{25363FDA-6829-4D7D-B94A-58B25B5A1F81}.Debug|Any CPU.Build.0 = Debug|Any CPU
		{25363FDA-6829-4D7D-B94A-58B25B5A1F81}.Debug|Mixed Platforms.ActiveCfg = Debug|Any CPU
		{25363FDA-6829-4D7D-B94A-58B25B5A1F81}.Debug|Mixed Platforms.Build.0 = Debug|Any CPU
		{25363FDA-6829-4D7D-B94A-58B25B5A1F81}.Debug|x86.ActiveCfg = Debug|Any CPU
		{25363FDA-6829-4D7D-B94A-58B25B5A1F81}.Release|Any CPU.ActiveCfg = Release|Any CPU
		{25363FDA-6829-4D7D-B94A-58B25B5A1F81}.Release|Any CPU.Build.0 = Release|Any CPU
		{25363FDA-6829-4D7D-B94A-58B25B5A1F81}.Release|Mixed Platforms.ActiveCfg = Release|Any CPU
		{25363FDA-6829-4D7D-B94A-58B25B5A1F81}.Release|Mixed Platforms.Build.0 = Release|Any CPU
		{25363FDA-6829-4D7D-B94A-58B25B5A1F81}.Release|x86.ActiveCfg = Release|Any CPU
		{71947A01-E51F-4CC1-8BE7-A05196741C21}.Debug|Any CPU.ActiveCfg = Debug|Any CPU
		{71947A01-E51F-4CC1-8BE7-A05196741C21}.Debug|Any CPU.Build.0 = Debug|Any CPU
		{71947A01-E51F-4CC1-8BE7-A05196741C21}.Debug|Mixed Platforms.ActiveCfg = Debug|Any CPU
		{71947A01-E51F-4CC1-8BE7-A05196741C21}.Debug|Mixed Platforms.Build.0 = Debug|Any CPU
		{71947A01-E51F-4CC1-8BE7-A05196741C21}.Debug|x86.ActiveCfg = Debug|Any CPU
		{71947A01-E51F-4CC1-8BE7-A05196741C21}.Release|Any CPU.ActiveCfg = Release|Any CPU
		{71947A01-E51F-4CC1-8BE7-A05196741C21}.Release|Any CPU.Build.0 = Release|Any CPU
		{71947A01-E51F-4CC1-8BE7-A05196741C21}.Release|Mixed Platforms.ActiveCfg = Release|Any CPU
		{71947A01-E51F-4CC1-8BE7-A05196741C21}.Release|Mixed Platforms.Build.0 = Release|Any CPU
		{71947A01-E51F-4CC1-8BE7-A05196741C21}.Release|x86.ActiveCfg = Release|Any CPU
		{FBEA6F68-63BF-434B-998C-9A146FDF8D5F}.Debug|Any CPU.ActiveCfg = Debug|Any CPU
		{FBEA6F68-63BF-434B-998C-9A146FDF8D5F}.Debug|Any CPU.Build.0 = Debug|Any CPU
		{FBEA6F68-63BF-434B-998C-9A146FDF8D5F}.Debug|Mixed Platforms.ActiveCfg = Debug|Any CPU
		{FBEA6F68-63BF-434B-998C-9A146FDF8D5F}.Debug|Mixed Platforms.Build.0 = Debug|Any CPU
		{FBEA6F68-63BF-434B-998C-9A146FDF8D5F}.Debug|x86.ActiveCfg = Debug|Any CPU
		{FBEA6F68-63BF-434B-998C-9A146FDF8D5F}.Release|Any CPU.ActiveCfg = Release|Any CPU
		{FBEA6F68-63BF-434B-998C-9A146FDF8D5F}.Release|Any CPU.Build.0 = Release|Any CPU
		{FBEA6F68-63BF-434B-998C-9A146FDF8D5F}.Release|Mixed Platforms.ActiveCfg = Release|Any CPU
		{FBEA6F68-63BF-434B-998C-9A146FDF8D5F}.Release|Mixed Platforms.Build.0 = Release|Any CPU
		{FBEA6F68-63BF-434B-998C-9A146FDF8D5F}.Release|x86.ActiveCfg = Release|Any CPU
		{7284DA36-F00D-4D60-9F7F-B39AAED5F098}.Debug|Any CPU.ActiveCfg = Debug|Any CPU
		{7284DA36-F00D-4D60-9F7F-B39AAED5F098}.Debug|Any CPU.Build.0 = Debug|Any CPU
		{7284DA36-F00D-4D60-9F7F-B39AAED5F098}.Debug|Mixed Platforms.ActiveCfg = Debug|Any CPU
		{7284DA36-F00D-4D60-9F7F-B39AAED5F098}.Debug|Mixed Platforms.Build.0 = Debug|Any CPU
		{7284DA36-F00D-4D60-9F7F-B39AAED5F098}.Debug|x86.ActiveCfg = Debug|Any CPU
		{7284DA36-F00D-4D60-9F7F-B39AAED5F098}.Release|Any CPU.ActiveCfg = Release|Any CPU
		{7284DA36-F00D-4D60-9F7F-B39AAED5F098}.Release|Any CPU.Build.0 = Release|Any CPU
		{7284DA36-F00D-4D60-9F7F-B39AAED5F098}.Release|Mixed Platforms.ActiveCfg = Release|Any CPU
		{7284DA36-F00D-4D60-9F7F-B39AAED5F098}.Release|Mixed Platforms.Build.0 = Release|Any CPU
		{7284DA36-F00D-4D60-9F7F-B39AAED5F098}.Release|x86.ActiveCfg = Release|Any CPU
		{A055C89B-1110-44E7-87D5-FA4FBD6E2993}.Debug|Any CPU.ActiveCfg = Debug|Any CPU
		{A055C89B-1110-44E7-87D5-FA4FBD6E2993}.Debug|Any CPU.Build.0 = Debug|Any CPU
		{A055C89B-1110-44E7-87D5-FA4FBD6E2993}.Debug|Mixed Platforms.ActiveCfg = Debug|Any CPU
		{A055C89B-1110-44E7-87D5-FA4FBD6E2993}.Debug|Mixed Platforms.Build.0 = Debug|Any CPU
		{A055C89B-1110-44E7-87D5-FA4FBD6E2993}.Debug|x86.ActiveCfg = Debug|Any CPU
		{A055C89B-1110-44E7-87D5-FA4FBD6E2993}.Release|Any CPU.ActiveCfg = Release|Any CPU
		{A055C89B-1110-44E7-87D5-FA4FBD6E2993}.Release|Any CPU.Build.0 = Release|Any CPU
		{A055C89B-1110-44E7-87D5-FA4FBD6E2993}.Release|Mixed Platforms.ActiveCfg = Release|Any CPU
		{A055C89B-1110-44E7-87D5-FA4FBD6E2993}.Release|Mixed Platforms.Build.0 = Release|Any CPU
		{A055C89B-1110-44E7-87D5-FA4FBD6E2993}.Release|x86.ActiveCfg = Release|Any CPU
		{32D621BA-F902-40D8-8866-35B4B3F69684}.Debug|Any CPU.ActiveCfg = Debug|Any CPU
		{32D621BA-F902-40D8-8866-35B4B3F69684}.Debug|Any CPU.Build.0 = Debug|Any CPU
		{32D621BA-F902-40D8-8866-35B4B3F69684}.Debug|Mixed Platforms.ActiveCfg = Debug|Any CPU
		{32D621BA-F902-40D8-8866-35B4B3F69684}.Debug|Mixed Platforms.Build.0 = Debug|Any CPU
		{32D621BA-F902-40D8-8866-35B4B3F69684}.Debug|x86.ActiveCfg = Debug|Any CPU
		{32D621BA-F902-40D8-8866-35B4B3F69684}.Release|Any CPU.ActiveCfg = Release|Any CPU
		{32D621BA-F902-40D8-8866-35B4B3F69684}.Release|Any CPU.Build.0 = Release|Any CPU
		{32D621BA-F902-40D8-8866-35B4B3F69684}.Release|Mixed Platforms.ActiveCfg = Release|Any CPU
		{32D621BA-F902-40D8-8866-35B4B3F69684}.Release|Mixed Platforms.Build.0 = Release|Any CPU
		{32D621BA-F902-40D8-8866-35B4B3F69684}.Release|x86.ActiveCfg = Release|Any CPU
		{193718F4-C713-4C12-8F65-F50E2CFC8395}.Debug|Any CPU.ActiveCfg = Debug|Any CPU
		{193718F4-C713-4C12-8F65-F50E2CFC8395}.Debug|Any CPU.Build.0 = Debug|Any CPU
		{193718F4-C713-4C12-8F65-F50E2CFC8395}.Debug|Mixed Platforms.ActiveCfg = Debug|Any CPU
		{193718F4-C713-4C12-8F65-F50E2CFC8395}.Debug|Mixed Platforms.Build.0 = Debug|Any CPU
		{193718F4-C713-4C12-8F65-F50E2CFC8395}.Debug|x86.ActiveCfg = Debug|Any CPU
		{193718F4-C713-4C12-8F65-F50E2CFC8395}.Release|Any CPU.ActiveCfg = Release|Any CPU
		{193718F4-C713-4C12-8F65-F50E2CFC8395}.Release|Any CPU.Build.0 = Release|Any CPU
		{193718F4-C713-4C12-8F65-F50E2CFC8395}.Release|Mixed Platforms.ActiveCfg = Release|Any CPU
		{193718F4-C713-4C12-8F65-F50E2CFC8395}.Release|Mixed Platforms.Build.0 = Release|Any CPU
		{193718F4-C713-4C12-8F65-F50E2CFC8395}.Release|x86.ActiveCfg = Release|Any CPU
		{40B0AFA3-FECF-4875-8F2D-34BF83AC35A8}.Debug|Any CPU.ActiveCfg = Debug|x86
		{40B0AFA3-FECF-4875-8F2D-34BF83AC35A8}.Debug|Mixed Platforms.ActiveCfg = Debug|x86
		{40B0AFA3-FECF-4875-8F2D-34BF83AC35A8}.Debug|Mixed Platforms.Build.0 = Debug|x86
		{40B0AFA3-FECF-4875-8F2D-34BF83AC35A8}.Debug|x86.ActiveCfg = Debug|x86
		{40B0AFA3-FECF-4875-8F2D-34BF83AC35A8}.Debug|x86.Build.0 = Debug|x86
		{40B0AFA3-FECF-4875-8F2D-34BF83AC35A8}.Release|Any CPU.ActiveCfg = Release|x86
		{40B0AFA3-FECF-4875-8F2D-34BF83AC35A8}.Release|Mixed Platforms.ActiveCfg = Release|x86
		{40B0AFA3-FECF-4875-8F2D-34BF83AC35A8}.Release|Mixed Platforms.Build.0 = Release|x86
		{40B0AFA3-FECF-4875-8F2D-34BF83AC35A8}.Release|x86.ActiveCfg = Release|x86
		{40B0AFA3-FECF-4875-8F2D-34BF83AC35A8}.Release|x86.Build.0 = Release|x86
		{F7A33DC0-3BC5-410C-A679-128A273A1CF6}.Debug|Any CPU.ActiveCfg = Debug|Any CPU
		{F7A33DC0-3BC5-410C-A679-128A273A1CF6}.Debug|Any CPU.Build.0 = Debug|Any CPU
		{F7A33DC0-3BC5-410C-A679-128A273A1CF6}.Debug|Mixed Platforms.ActiveCfg = Debug|Any CPU
		{F7A33DC0-3BC5-410C-A679-128A273A1CF6}.Debug|Mixed Platforms.Build.0 = Debug|Any CPU
		{F7A33DC0-3BC5-410C-A679-128A273A1CF6}.Debug|x86.ActiveCfg = Debug|Any CPU
		{F7A33DC0-3BC5-410C-A679-128A273A1CF6}.Release|Any CPU.ActiveCfg = Release|Any CPU
		{F7A33DC0-3BC5-410C-A679-128A273A1CF6}.Release|Any CPU.Build.0 = Release|Any CPU
		{F7A33DC0-3BC5-410C-A679-128A273A1CF6}.Release|Mixed Platforms.ActiveCfg = Release|Any CPU
		{F7A33DC0-3BC5-410C-A679-128A273A1CF6}.Release|Mixed Platforms.Build.0 = Release|Any CPU
		{F7A33DC0-3BC5-410C-A679-128A273A1CF6}.Release|x86.ActiveCfg = Release|Any CPU
		{EE1B65F7-645A-4890-B3D8-5ABF26FE8487}.Debug|Any CPU.ActiveCfg = Debug|x86
		{EE1B65F7-645A-4890-B3D8-5ABF26FE8487}.Debug|Mixed Platforms.ActiveCfg = Debug|x86
		{EE1B65F7-645A-4890-B3D8-5ABF26FE8487}.Debug|Mixed Platforms.Build.0 = Debug|x86
		{EE1B65F7-645A-4890-B3D8-5ABF26FE8487}.Debug|x86.ActiveCfg = Debug|x86
		{EE1B65F7-645A-4890-B3D8-5ABF26FE8487}.Debug|x86.Build.0 = Debug|x86
		{EE1B65F7-645A-4890-B3D8-5ABF26FE8487}.Release|Any CPU.ActiveCfg = Release|x86
		{EE1B65F7-645A-4890-B3D8-5ABF26FE8487}.Release|Mixed Platforms.ActiveCfg = Release|x86
		{EE1B65F7-645A-4890-B3D8-5ABF26FE8487}.Release|Mixed Platforms.Build.0 = Release|x86
		{EE1B65F7-645A-4890-B3D8-5ABF26FE8487}.Release|x86.ActiveCfg = Release|x86
		{EE1B65F7-645A-4890-B3D8-5ABF26FE8487}.Release|x86.Build.0 = Release|x86
		{0304F8B0-8D3A-4799-BEC3-92276AC4DCE9}.Debug|Any CPU.ActiveCfg = Debug|x86
		{0304F8B0-8D3A-4799-BEC3-92276AC4DCE9}.Debug|Mixed Platforms.ActiveCfg = Debug|x86
		{0304F8B0-8D3A-4799-BEC3-92276AC4DCE9}.Debug|Mixed Platforms.Build.0 = Debug|x86
		{0304F8B0-8D3A-4799-BEC3-92276AC4DCE9}.Debug|x86.ActiveCfg = Debug|x86
		{0304F8B0-8D3A-4799-BEC3-92276AC4DCE9}.Debug|x86.Build.0 = Debug|x86
		{0304F8B0-8D3A-4799-BEC3-92276AC4DCE9}.Release|Any CPU.ActiveCfg = Release|x86
		{0304F8B0-8D3A-4799-BEC3-92276AC4DCE9}.Release|Mixed Platforms.ActiveCfg = Release|x86
		{0304F8B0-8D3A-4799-BEC3-92276AC4DCE9}.Release|Mixed Platforms.Build.0 = Release|x86
		{0304F8B0-8D3A-4799-BEC3-92276AC4DCE9}.Release|x86.ActiveCfg = Release|x86
		{0304F8B0-8D3A-4799-BEC3-92276AC4DCE9}.Release|x86.Build.0 = Release|x86
	EndGlobalSection
	GlobalSection(SolutionProperties) = preSolution
		HideSolutionNode = FALSE
	EndGlobalSection
EndGlobal
