Microsoft Visual Studio Solution File, Format Version 11.00
# Visual Studio 2010
Project("{FAE04EC0-301F-11D3-BF4B-00C04F79EFBC}") = "Loom", "..\..\Common\Loom\Loom.csproj", "{F99DB5C5-4A57-4DCF-81CE-A9FB9A45C20A}"
EndProject
Project("{FAE04EC0-301F-11D3-BF4B-00C04F79EFBC}") = "Loom.CodeBuilder", "..\..\Common\Loom.CodeBuilder\Loom.CodeBuilder.csproj", "{B152AB77-527F-4999-9B50-ACB1779C22B4}"
EndProject
Project("{FAE04EC0-301F-11D3-BF4B-00C04F79EFBC}") = "RapierLoom", "..\..\Rapier-LOOM.NET\RapierLoom\RapierLoom.csproj", "{1C0115BF-0F0B-4FBF-A82E-9319804334E3}"
EndProject
Project("{FAE04EC0-301F-11D3-BF4B-00C04F79EFBC}") = "Loom.Common", "..\..\Common\Loom.Common\Loom.Common.csproj", "{F75C07D4-3DA6-49E9-A0E6-5FE4BBA65E7F}"
EndProject
Project("{FAE04EC0-301F-11D3-BF4B-00C04F79EFBC}") = "Loom.JoinPoints", "..\..\Common\Loom.JoinPoints\Loom.JoinPoints.csproj", "{102F2533-4C6A-457E-AAE2-A4F273642765}"
EndProject
Project("{54435603-DBB4-11D2-8724-00A0C9A8B90C}") = "LoomInstaller", "Installer.vdproj", "{DB6A4103-84C3-4318-9B0A-10684D451278}"
EndProject
Project("{FAE04EC0-301F-11D3-BF4B-00C04F79EFBC}") = "01-SimpleTracingBefore_CS", "..\RapierLoom.Examples\01-SimpleTracingBefore\CS\01-SimpleTracingBefore_CS.csproj", "{FC792982-BDB8-464F-9B85-D7CEDC0E7822}"
EndProject
Project("{F184B08F-C81C-45F6-A57F-5ABD9991F28F}") = "01-SimpleTracingBefore_VB", "..\RapierLoom.Examples\01-SimpleTracingBefore\VB\01-SimpleTracingBefore_VB.vbproj", "{124855DB-04ED-4C64-935A-13D439347148}"
EndProject
Project("{FAE04EC0-301F-11D3-BF4B-00C04F79EFBC}") = "02-SimpleTracingBeforeAndAfter_CS", "..\RapierLoom.Examples\02-SimpleTracingBeforeAndAfter\CS\02-SimpleTracingBeforeAndAfter_CS.csproj", "{663F62D1-B37F-4DEF-9D48-EFF1A26BBAA3}"
EndProject
Project("{F184B08F-C81C-45F6-A57F-5ABD9991F28F}") = "02-SimpleTracingBeforeAndAfter_VB", "..\RapierLoom.Examples\02-SimpleTracingBeforeAndAfter\VB\02-SimpleTracingBeforeAndAfter_VB.vbproj", "{B907CDD8-E0A1-41EF-9E77-06E71794C29A}"
EndProject
Project("{FAE04EC0-301F-11D3-BF4B-00C04F79EFBC}") = "03-SimpleTracingInstead_CS", "..\RapierLoom.Examples\03-SimpleTracingInstead\CS\03-SimpleTracingInstead_CS.csproj", "{2E38C329-3BCE-4929-8170-9B8A8E4F4E29}"
EndProject
Project("{F184B08F-C81C-45F6-A57F-5ABD9991F28F}") = "03-SimpleTracingInstead_VB", "..\RapierLoom.Examples\03-SimpleTracingInstead\VB\03-SimpleTracingInstead_VB.vbproj", "{72BD4677-3BDD-4F2C-A55C-39A257108A1E}"
EndProject
Project("{FAE04EC0-301F-11D3-BF4B-00C04F79EFBC}") = "05-Authentication_CS", "..\RapierLoom.Examples\05-Authentication\CS\05-Authentication_CS.csproj", "{DEE88B3C-B7F6-41F9-8F2C-1B1657C4AD53}"
EndProject
Project("{F184B08F-C81C-45F6-A57F-5ABD9991F28F}") = "05-Authentication_VB", "..\RapierLoom.Examples\05-Authentication\VB\05-Authentication_VB.vbproj", "{7B06C479-9311-49FA-9926-587B1CEE612B}"
EndProject
Project("{FAE04EC0-301F-11D3-BF4B-00C04F79EFBC}") = "06-SimpleWildcards_CS", "..\RapierLoom.Examples\06-SimpleWildcards\CS\06-SimpleWildcards_CS.csproj", "{DF911C76-38AA-4715-AF7F-3C7D9F7893C3}"
EndProject
Project("{F184B08F-C81C-45F6-A57F-5ABD9991F28F}") = "06-SimpleWildcards_VB", "..\RapierLoom.Examples\06-SimpleWildcards\VB\06-SimpleWildcards_VB.vbproj", "{4D101FFF-3018-44C3-B433-2C95EA9D4734}"
EndProject
Project("{FAE04EC0-301F-11D3-BF4B-00C04F79EFBC}") = "07-EventPublisher_CS", "..\RapierLoom.Examples\07-EventPublisher\CS\07-EventPublisher_CS.csproj", "{0D52BE6A-F38F-497A-A99C-95EC996FD52C}"
EndProject
Project("{FAE04EC0-301F-11D3-BF4B-00C04F79EFBC}") = "08-Monitoring_CS", "..\RapierLoom.Examples\08-Monitoring\CS\08-Monitoring_CS.csproj", "{421C5888-BFEA-43FE-B625-6F17560C5BFA}"
EndProject
Project("{F184B08F-C81C-45F6-A57F-5ABD9991F28F}") = "08-Monitoring_VB", "..\RapierLoom.Examples\08-Monitoring\VB\08-Monitoring_VB.vbproj", "{616917A9-1411-4BBF-BA7B-0392569D2E45}"
EndProject
Project("{FAE04EC0-301F-11D3-BF4B-00C04F79EFBC}") = "09-CrossAppDomainCallAspect_CS", "..\RapierLoom.Examples\09-CrossAppDomainCallAspect\CS\09-CrossAppDomainCallAspect_CS.csproj", "{9F3373FC-296B-4A17-A050-655B0D0A4B4D}"
EndProject
Project("{F184B08F-C81C-45F6-A57F-5ABD9991F28F}") = "09-CrossAppDomainCall_VB", "..\RapierLoom.Examples\09-CrossAppDomainCallAspect\VB\09-CrossAppDomainCall_VB.vbproj", "{36022311-7EFA-42A5-BCB4-F4F18C200D49}"
EndProject
Project("{FAE04EC0-301F-11D3-BF4B-00C04F79EFBC}") = "10-EventConsumer_CS", "..\RapierLoom.Examples\10-EventConsumer\CS\10-EventConsumer_CS.csproj", "{C4580F32-C403-480B-B024-E24E4F2C55AC}"
EndProject
Project("{F184B08F-C81C-45F6-A57F-5ABD9991F28F}") = "10-EventConsumer_VB", "..\RapierLoom.Examples\10-EventConsumer\VB\10-EventConsumer_VB.vbproj", "{742A65EA-7DED-4883-9568-D85949FF7137}"
EndProject
Project("{FAE04EC0-301F-11D3-BF4B-00C04F79EFBC}") = "11-Singleton_CS", "..\RapierLoom.Examples\11-Singleton\CS\11-Singleton_CS.csproj", "{CC899067-182A-4A2D-9DA3-2636279405C3}"
EndProject
Project("{F184B08F-C81C-45F6-A57F-5ABD9991F28F}") = "11-Singleton_VB", "..\RapierLoom.Examples\11-Singleton\VB\11-Singleton_VB.vbproj", "{19EFA5A7-DB0E-4804-AB41-36C8005B2530}"
EndProject
Project("{FAE04EC0-301F-11D3-BF4B-00C04F79EFBC}") = "12-Memoize_CS", "..\RapierLoom.Examples\12-Memoize\CS\12-Memoize_CS.csproj", "{F021D270-C901-4A3A-BACC-F6FFDF0F4034}"
EndProject
Project("{F184B08F-C81C-45F6-A57F-5ABD9991F28F}") = "12-Memoize_VB", "..\RapierLoom.Examples\12-Memoize\VB\12-Memoize_VB.vbproj", "{38071D7D-156C-4DEC-9EE2-1EA6BE4AC951}"
EndProject
Project("{F184B08F-C81C-45F6-A57F-5ABD9991F28F}") = "13-Variable_VB", "..\RapierLoom.Examples\13-Variables\VB\13-Variable_VB.vbproj", "{E88EC3DE-FDFD-43C8-941D-5286E1FE971B}"
EndProject
Project("{FAE04EC0-301F-11D3-BF4B-00C04F79EFBC}") = "13-Variables_CS", "..\RapierLoom.Examples\13-Variables\CS\13-Variables_CS.csproj", "{D7E8E287-8E61-4AAB-A828-B4BD8FE7387F}"
EndProject
Project("{FAE04EC0-301F-11D3-BF4B-00C04F79EFBC}") = "14-Timeout_CS", "..\RapierLoom.Examples\14-Timeout\CS\14-Timeout_CS.csproj", "{A1DB8779-63F6-47D1-860E-D9228298FA01}"
EndProject
Project("{F184B08F-C81C-45F6-A57F-5ABD9991F28F}") = "14-Timeout_VB", "..\RapierLoom.Examples\14-Timeout\VB\14-Timeout_VB.vbproj", "{87082829-2D12-4971-9D8A-087DB6D7A93A}"
EndProject
Project("{FAE04EC0-301F-11D3-BF4B-00C04F79EFBC}") = "15-Observer_CS", "..\RapierLoom.Examples\15-Observer\CS\15-Observer_CS.csproj", "{9F7783A4-181F-49ED-AABF-B43750E3CEDE}"
EndProject
Project("{F184B08F-C81C-45F6-A57F-5ABD9991F28F}") = "15-Observer_VB", "..\RapierLoom.Examples\15-Observer\VB\15-Observer_VB.vbproj", "{8971DF82-B74E-45DD-9E39-F1F9DC0B65DD}"
EndProject
Project("{FAE04EC0-301F-11D3-BF4B-00C04F79EFBC}") = "16-Visitor_CS", "..\RapierLoom.Examples\16-Visitor\CS\16-Visitor_CS.csproj", "{2F5CBB62-AA84-476C-81B4-88F6DDD51428}"
EndProject
Project("{F184B08F-C81C-45F6-A57F-5ABD9991F28F}") = "07-EventPublisher_VB", "..\RapierLoom.Examples\07-EventPublisher\VB\07-EventPublisher_VB.vbproj", "{82572DA9-9FEA-4175-A226-8538792B8D78}"
EndProject
Project("{F184B08F-C81C-45F6-A57F-5ABD9991F28F}") = "16-Visitor_VB", "..\RapierLoom.Examples\16-Visitor\VB\16-Visitor_VB.vbproj", "{1EAA37EC-241F-4222-88DD-248441E02B16}"
EndProject
Project("{FAE04EC0-301F-11D3-BF4B-00C04F79EFBC}") = "04-AfterReturningAndAfterThrowing_CS", "..\RapierLoom.Examples\04-AfterReturningAndAfterThrowing\CS\04-AfterReturningAndAfterThrowing_CS.csproj", "{C95702FC-7331-4FCC-A5A1-98A66098D2FF}"
EndProject
Project("{F184B08F-C81C-45F6-A57F-5ABD9991F28F}") = "04-AfterReturningAndAfterThrowing_VB", "..\RapierLoom.Examples\04-AfterReturningAndAfterThrowing\VB\04-AfterReturningAndAfterThrowing_VB.vbproj", "{5CF7C274-F916-431D-AAE3-F63024BE615D}"
EndProject
Project("{2150E333-8FDC-42A3-9474-1A3956D46DE8}") = "Rapier-Loom Examples", "Rapier-Loom Examples", "{E19FF72D-E34B-4397-AC5F-9C41DF664649}"
EndProject
Project("{FAE04EC0-301F-11D3-BF4B-00C04F79EFBC}") = "Gripper-Loom", "..\..\Gripper-LOOM.NET\GripperLoom\Gripper-Loom.csproj", "{D7E9620E-B3B1-4964-8151-2F7B1465132F}"
EndProject
Project("{2150E333-8FDC-42A3-9474-1A3956D46DE8}") = "Gripper-Loom Examples", "Gripper-Loom Examples", "{F3D9EC8C-A95A-4A74-AC40-2C4EF814651A}"
EndProject
Project("{FAE04EC0-301F-11D3-BF4B-00C04F79EFBC}") = "01-SimpleTracingBefore_GL", "..\GripperLoom.Examples\01-SimpleTracingBefore\CS\01-SimpleTracingBefore_GL.csproj", "{1511B4EE-2349-43EC-B3CA-3B3D012C8842}"
EndProject
Project("{FAE04EC0-301F-11D3-BF4B-00C04F79EFBC}") = "02-SimpleTracingBeforeAndAfter_GL", "..\GripperLoom.Examples\02-SimpleTracingBeforeAndAfter\CS\02-SimpleTracingBeforeAndAfter_GL.csproj", "{925FD52E-1D36-46B3-B1FE-86B0BFC2A6A3}"
EndProject
Project("{FAE04EC0-301F-11D3-BF4B-00C04F79EFBC}") = "03-SimpleTracingInstead_GL", "..\GripperLoom.Examples\03-SimpleTracingInstead\CS\03-SimpleTracingInstead_GL.csproj", "{7EEC01BA-3176-4BB1-B9F2-8AB48620A48F}"
EndProject
Project("{FAE04EC0-301F-11D3-BF4B-00C04F79EFBC}") = "04-AfterReturningAndAfterThrowing_GL", "..\GripperLoom.Examples\04-AfterReturningAndAfterThrowing\CS\04-AfterReturningAndAfterThrowing_GL.csproj", "{2993C769-E540-4F3C-A4D2-C2060CB32E7C}"
EndProject
Project("{FAE04EC0-301F-11D3-BF4B-00C04F79EFBC}") = "05-Authentication_GL", "..\GripperLoom.Examples\05-Authentication\CS\05-Authentication_GL.csproj", "{C5EB2428-B786-45AE-8267-7EE5896420B5}"
EndProject
Project("{FAE04EC0-301F-11D3-BF4B-00C04F79EFBC}") = "06-SimpleWildcards_GL", "..\GripperLoom.Examples\06-SimpleWildcards\CS\06-SimpleWildcards_GL.csproj", "{A0D02A9B-AF39-4396-A9D3-7015A33E3B26}"
EndProject
Project("{FAE04EC0-301F-11D3-BF4B-00C04F79EFBC}") = "07-EventPublisher_GL", "..\GripperLoom.Examples\07-EventPublisher\CS\07-EventPublisher_GL.csproj", "{C01207D6-63CE-44A1-A1DC-BF2931F1D606}"
EndProject
Project("{FAE04EC0-301F-11D3-BF4B-00C04F79EFBC}") = "08-Monitoring_GL", "..\GripperLoom.Examples\08-Monitoring\CS\08-Monitoring_GL.csproj", "{A13E5E1E-8DE1-4BF0-B213-B0A4965682EA}"
EndProject
Project("{FAE04EC0-301F-11D3-BF4B-00C04F79EFBC}") = "09-CrossAppDomainCallAspect_GL", "..\GripperLoom.Examples\09-CrossAppDomainCallAspect\CS\09-CrossAppDomainCallAspect_GL.csproj", "{A9F34F9F-5B6B-4133-ACF1-2BB8FCC1557B}"
EndProject
Project("{FAE04EC0-301F-11D3-BF4B-00C04F79EFBC}") = "10-EventConsumer_GL", "..\GripperLoom.Examples\10-EventConsumer\CS\10-EventConsumer_GL.csproj", "{25363FDA-6829-4D7D-B94A-58B25B5A1F81}"
EndProject
Project("{FAE04EC0-301F-11D3-BF4B-00C04F79EFBC}") = "11-Singleton_GL", "..\GripperLoom.Examples\11-Singleton\CS\11-Singleton_GL.csproj", "{71947A01-E51F-4CC1-8BE7-A05196741C21}"
EndProject
Project("{FAE04EC0-301F-11D3-BF4B-00C04F79EFBC}") = "12-Memoize_GL", "..\GripperLoom.Examples\12-Memoize\CS\12-Memoize_GL.csproj", "{FBEA6F68-63BF-434B-998C-9A146FDF8D5F}"
EndProject
Project("{FAE04EC0-301F-11D3-BF4B-00C04F79EFBC}") = "13-Variables_GL", "..\GripperLoom.Examples\13-Variables\CS\13-Variables_GL.csproj", "{7284DA36-F00D-4D60-9F7F-B39AAED5F098}"
EndProject
Project("{FAE04EC0-301F-11D3-BF4B-00C04F79EFBC}") = "14-Timeout_GL", "..\GripperLoom.Examples\14-Timeout\CS\14-Timeout_GL.csproj", "{A055C89B-1110-44E7-87D5-FA4FBD6E2993}"
EndProject
Project("{FAE04EC0-301F-11D3-BF4B-00C04F79EFBC}") = "15-Observer_GL", "..\GripperLoom.Examples\15-Observer\CS\15-Observer_GL.csproj", "{32D621BA-F902-40D8-8866-35B4B3F69684}"
EndProject
Project("{FAE04EC0-301F-11D3-BF4B-00C04F79EFBC}") = "16-Visitor_GL", "..\GripperLoom.Examples\16-Visitor\CS\16-Visitor_GL.csproj", "{193718F4-C713-4C12-8F65-F50E2CFC8395}"
EndProject
Project("{FAE04EC0-301F-11D3-BF4B-00C04F79EFBC}") = "Analyzer", "..\..\Analyser\Analyzer.csproj", "{73E7F308-811D-40A9-8AED-3B4A783CA439}"
EndProject
Project("{FAE04EC0-301F-11D3-BF4B-00C04F79EFBC}") = "17-AsyncronousMethods_CS", "..\RapierLoom.Examples\17-AsyncronousMethods\CS\17-AsyncronousMethods_CS.csproj", "{8C64199E-1AC1-44D0-A249-53C28094AF6A}"
EndProject
Project("{FAE04EC0-301F-11D3-BF4B-00C04F79EFBC}") = "17-AsyncronousMethods_GL", "..\GripperLoom.Examples\17-AsyncronousMethods\CS\17-AsyncronousMethods_GL.csproj", "{40B0AFA3-FECF-4875-8F2D-34BF83AC35A8}"
EndProject
Project("{FAE04EC0-301F-11D3-BF4B-00C04F79EFBC}") = "18-Voter_GL", "..\GripperLoom.Examples\18-Voter\CS\18-Voter_GL.csproj", "{F7A33DC0-3BC5-410C-A679-128A273A1CF6}"
EndProject
Project("{FAE04EC0-301F-11D3-BF4B-00C04F79EFBC}") = "19-ContextOrientedProgramming_GL", "..\GripperLoom.Examples\19-ContextOrientedProgramming\CS\19-ContextOrientedProgramming_GL.csproj", "{EE1B65F7-645A-4890-B3D8-5ABF26FE8487}"
EndProject
Project("{FAE04EC0-301F-11D3-BF4B-00C04F79EFBC}") = "18-Voter_CS", "..\RapierLoom.Examples\18-Voter\CS\18-Voter_CS.csproj", "{EAEC7CF3-F709-419E-B341-2FE5189EBD4C}"
EndProject
Project("{FAE04EC0-301F-11D3-BF4B-00C04F79EFBC}") = "19-ContextOrientedProgramming_CS", "..\RapierLoom.Examples\19-ContextOrientedProgramming\CS\19-ContextOrientedProgramming_CS.csproj", "{769E23C1-F007-4C2E-A131-31E570A1FF94}"
EndProject
Project("{FAE04EC0-301F-11D3-BF4B-00C04F79EFBC}") = "Loom.CodeBuilder.Gripper", "..\..\Gripper-LOOM.NET\Loom.CodeBuilder.Gripper\Loom.CodeBuilder.Gripper.csproj", "{AFE27CB2-1646-4DDE-BF6D-1B9CFC39606E}"
EndProject
Project("{FAE04EC0-301F-11D3-BF4B-00C04F79EFBC}") = "20-DependecyInjection_CS", "..\RapierLoom.Examples\20-DependecyInjection\CS\20-DependecyInjection_CS.csproj", "{5D3788F6-260A-4E2A-9EB7-D21BF671265A}"
EndProject
Project("{FAE04EC0-301F-11D3-BF4B-00C04F79EFBC}") = "21-NotifyPropertyChanged_CS", "..\RapierLoom.Examples\21-NotifyPropertyChanged\CS\21-NotifyPropertyChanged_CS.csproj", "{0304F8B0-8D3A-4799-BEC3-92276AC4DCE9}"
EndProject
Global
	GlobalSection(TeamFoundationVersionControl) = preSolution
		SccNumberOfProjects = 66
		SccEnterpriseProvider = {4CA58AB2-18FA-4F8D-95D4-32DDF27D184C}
		SccTeamFoundationServer = https://tfs.codeplex.com/tfs/tfs34
		SccLocalPath0 = .
		SccProjectUniqueName1 = ..\\RapierLoom.Examples\\01-SimpleTracingBefore\\CS\\01-SimpleTracingBefore_CS.csproj
		SccProjectTopLevelParentUniqueName1 = LOOM.NET\u0020Installer.sln
		SccProjectName1 = ../RapierLoom.Examples/01-SimpleTracingBefore/CS
		SccLocalPath1 = ..\\RapierLoom.Examples\\01-SimpleTracingBefore\\CS
		SccProjectUniqueName2 = ..\\RapierLoom.Examples\\01-SimpleTracingBefore\\VB\\01-SimpleTracingBefore_VB.vbproj
		SccProjectTopLevelParentUniqueName2 = LOOM.NET\u0020Installer.sln
		SccProjectName2 = ../RapierLoom.Examples/01-SimpleTracingBefore/VB
		SccLocalPath2 = ..\\RapierLoom.Examples\\01-SimpleTracingBefore\\VB
		SccProjectUniqueName3 = ..\\RapierLoom.Examples\\02-SimpleTracingBeforeAndAfter\\CS\\02-SimpleTracingBeforeAndAfter_CS.csproj
		SccProjectTopLevelParentUniqueName3 = LOOM.NET\u0020Installer.sln
		SccProjectName3 = ../RapierLoom.Examples/02-SimpleTracingBeforeAndAfter/CS
		SccLocalPath3 = ..\\RapierLoom.Examples\\02-SimpleTracingBeforeAndAfter\\CS
		SccProjectUniqueName4 = ..\\RapierLoom.Examples\\02-SimpleTracingBeforeAndAfter\\VB\\02-SimpleTracingBeforeAndAfter_VB.vbproj
		SccProjectTopLevelParentUniqueName4 = LOOM.NET\u0020Installer.sln
		SccProjectName4 = ../RapierLoom.Examples/02-SimpleTracingBeforeAndAfter/VB
		SccLocalPath4 = ..\\RapierLoom.Examples\\02-SimpleTracingBeforeAndAfter\\VB
		SccProjectUniqueName5 = ..\\RapierLoom.Examples\\03-SimpleTracingInstead\\CS\\03-SimpleTracingInstead_CS.csproj
		SccProjectTopLevelParentUniqueName5 = LOOM.NET\u0020Installer.sln
		SccProjectName5 = ../RapierLoom.Examples/03-SimpleTracingInstead/CS
		SccLocalPath5 = ..\\RapierLoom.Examples\\03-SimpleTracingInstead\\CS
		SccProjectUniqueName6 = ..\\RapierLoom.Examples\\03-SimpleTracingInstead\\VB\\03-SimpleTracingInstead_VB.vbproj
		SccProjectTopLevelParentUniqueName6 = LOOM.NET\u0020Installer.sln
		SccProjectName6 = ../RapierLoom.Examples/03-SimpleTracingInstead/VB
		SccLocalPath6 = ..\\RapierLoom.Examples\\03-SimpleTracingInstead\\VB
		SccProjectUniqueName7 = ..\\RapierLoom.Examples\\04-AfterReturningAndAfterThrowing\\CS\\04-AfterReturningAndAfterThrowing_CS.csproj
		SccProjectTopLevelParentUniqueName7 = LOOM.NET\u0020Installer.sln
		SccProjectName7 = ../RapierLoom.Examples/04-AfterReturningAndAfterThrowing/CS
		SccLocalPath7 = ..\\RapierLoom.Examples\\04-AfterReturningAndAfterThrowing\\CS
		SccProjectUniqueName8 = ..\\RapierLoom.Examples\\04-AfterReturningAndAfterThrowing\\VB\\04-AfterReturningAndAfterThrowing_VB.vbproj
		SccProjectTopLevelParentUniqueName8 = LOOM.NET\u0020Installer.sln
		SccProjectName8 = ../RapierLoom.Examples/04-AfterReturningAndAfterThrowing/VB
		SccLocalPath8 = ..\\RapierLoom.Examples\\04-AfterReturningAndAfterThrowing\\VB
		SccProjectUniqueName9 = ..\\RapierLoom.Examples\\05-Authentication\\CS\\05-Authentication_CS.csproj
		SccProjectTopLevelParentUniqueName9 = LOOM.NET\u0020Installer.sln
		SccProjectName9 = ../RapierLoom.Examples/05-Authentication/CS
		SccLocalPath9 = ..\\RapierLoom.Examples\\05-Authentication\\CS
		SccProjectUniqueName10 = ..\\RapierLoom.Examples\\05-Authentication\\VB\\05-Authentication_VB.vbproj
		SccProjectTopLevelParentUniqueName10 = LOOM.NET\u0020Installer.sln
		SccProjectName10 = ../RapierLoom.Examples/05-Authentication/VB
		SccLocalPath10 = ..\\RapierLoom.Examples\\05-Authentication\\VB
		SccProjectUniqueName11 = ..\\RapierLoom.Examples\\06-SimpleWildcards\\CS\\06-SimpleWildcards_CS.csproj
		SccProjectTopLevelParentUniqueName11 = LOOM.NET\u0020Installer.sln
		SccProjectName11 = ../RapierLoom.Examples/06-SimpleWildcards/CS
		SccLocalPath11 = ..\\RapierLoom.Examples\\06-SimpleWildcards\\CS
		SccProjectUniqueName12 = ..\\RapierLoom.Examples\\06-SimpleWildcards\\VB\\06-SimpleWildcards_VB.vbproj
		SccProjectTopLevelParentUniqueName12 = LOOM.NET\u0020Installer.sln
		SccProjectName12 = ../RapierLoom.Examples/06-SimpleWildcards/VB
		SccLocalPath12 = ..\\RapierLoom.Examples\\06-SimpleWildcards\\VB
		SccProjectUniqueName13 = ..\\RapierLoom.Examples\\07-EventPublisher\\CS\\07-EventPublisher_CS.csproj
		SccProjectTopLevelParentUniqueName13 = LOOM.NET\u0020Installer.sln
		SccProjectName13 = ../RapierLoom.Examples/07-EventPublisher/CS
		SccLocalPath13 = ..\\RapierLoom.Examples\\07-EventPublisher\\CS
		SccProjectUniqueName14 = ..\\RapierLoom.Examples\\07-EventPublisher\\VB\\07-EventPublisher_VB.vbproj
		SccProjectTopLevelParentUniqueName14 = LOOM.NET\u0020Installer.sln
		SccProjectName14 = ../RapierLoom.Examples/07-EventPublisher/VB
		SccLocalPath14 = ..\\RapierLoom.Examples\\07-EventPublisher\\VB
		SccProjectUniqueName15 = ..\\RapierLoom.Examples\\08-Monitoring\\CS\\08-Monitoring_CS.csproj
		SccProjectTopLevelParentUniqueName15 = LOOM.NET\u0020Installer.sln
		SccProjectName15 = ../RapierLoom.Examples/08-Monitoring/CS
		SccLocalPath15 = ..\\RapierLoom.Examples\\08-Monitoring\\CS
		SccProjectUniqueName16 = ..\\RapierLoom.Examples\\08-Monitoring\\VB\\08-Monitoring_VB.vbproj
		SccProjectTopLevelParentUniqueName16 = LOOM.NET\u0020Installer.sln
		SccProjectName16 = ../RapierLoom.Examples/08-Monitoring/VB
		SccLocalPath16 = ..\\RapierLoom.Examples\\08-Monitoring\\VB
		SccProjectUniqueName17 = ..\\RapierLoom.Examples\\09-CrossAppDomainCallAspect\\CS\\09-CrossAppDomainCallAspect_CS.csproj
		SccProjectTopLevelParentUniqueName17 = LOOM.NET\u0020Installer.sln
		SccProjectName17 = ../RapierLoom.Examples/09-CrossAppDomainCallAspect/CS
		SccLocalPath17 = ..\\RapierLoom.Examples\\09-CrossAppDomainCallAspect\\CS
		SccProjectUniqueName18 = ..\\RapierLoom.Examples\\09-CrossAppDomainCallAspect\\VB\\09-CrossAppDomainCall_VB.vbproj
		SccProjectTopLevelParentUniqueName18 = LOOM.NET\u0020Installer.sln
		SccProjectName18 = ../RapierLoom.Examples/09-CrossAppDomainCallAspect/VB
		SccLocalPath18 = ..\\RapierLoom.Examples\\09-CrossAppDomainCallAspect\\VB
		SccProjectUniqueName19 = ..\\RapierLoom.Examples\\10-EventConsumer\\CS\\10-EventConsumer_CS.csproj
		SccProjectTopLevelParentUniqueName19 = LOOM.NET\u0020Installer.sln
		SccProjectName19 = ../RapierLoom.Examples/10-EventConsumer/CS
		SccLocalPath19 = ..\\RapierLoom.Examples\\10-EventConsumer\\CS
		SccProjectUniqueName20 = ..\\RapierLoom.Examples\\10-EventConsumer\\VB\\10-EventConsumer_VB.vbproj
		SccProjectTopLevelParentUniqueName20 = LOOM.NET\u0020Installer.sln
		SccProjectName20 = ../RapierLoom.Examples/10-EventConsumer/VB
		SccLocalPath20 = ..\\RapierLoom.Examples\\10-EventConsumer\\VB
		SccProjectUniqueName21 = ..\\RapierLoom.Examples\\11-Singleton\\CS\\11-Singleton_CS.csproj
		SccProjectTopLevelParentUniqueName21 = LOOM.NET\u0020Installer.sln
		SccProjectName21 = ../RapierLoom.Examples/11-Singleton/CS
		SccLocalPath21 = ..\\RapierLoom.Examples\\11-Singleton\\CS
		SccProjectUniqueName22 = ..\\RapierLoom.Examples\\11-Singleton\\VB\\11-Singleton_VB.vbproj
		SccProjectTopLevelParentUniqueName22 = LOOM.NET\u0020Installer.sln
		SccProjectName22 = ../RapierLoom.Examples/11-Singleton/VB
		SccLocalPath22 = ..\\RapierLoom.Examples\\11-Singleton\\VB
		SccProjectUniqueName23 = ..\\RapierLoom.Examples\\12-Memoize\\CS\\12-Memoize_CS.csproj
		SccProjectTopLevelParentUniqueName23 = LOOM.NET\u0020Installer.sln
		SccProjectName23 = ../RapierLoom.Examples/12-Memoize/CS
		SccLocalPath23 = ..\\RapierLoom.Examples\\12-Memoize\\CS
		SccProjectUniqueName24 = ..\\RapierLoom.Examples\\12-Memoize\\VB\\12-Memoize_VB.vbproj
		SccProjectTopLevelParentUniqueName24 = LOOM.NET\u0020Installer.sln
		SccProjectName24 = ../RapierLoom.Examples/12-Memoize/VB
		SccLocalPath24 = ..\\RapierLoom.Examples\\12-Memoize\\VB
		SccProjectUniqueName25 = ..\\RapierLoom.Examples\\13-Variables\\CS\\13-Variables_CS.csproj
		SccProjectTopLevelParentUniqueName25 = LOOM.NET\u0020Installer.sln
		SccProjectName25 = ../RapierLoom.Examples/13-Variables/CS
		SccLocalPath25 = ..\\RapierLoom.Examples\\13-Variables\\CS
		SccProjectUniqueName26 = ..\\RapierLoom.Examples\\13-Variables\\VB\\13-Variable_VB.vbproj
		SccProjectTopLevelParentUniqueName26 = LOOM.NET\u0020Installer.sln
		SccProjectName26 = ../RapierLoom.Examples/13-Variables/VB
		SccLocalPath26 = ..\\RapierLoom.Examples\\13-Variables\\VB
		SccProjectUniqueName27 = ..\\RapierLoom.Examples\\14-Timeout\\CS\\14-Timeout_CS.csproj
		SccProjectTopLevelParentUniqueName27 = LOOM.NET\u0020Installer.sln
		SccProjectName27 = ../RapierLoom.Examples/14-Timeout/CS
		SccLocalPath27 = ..\\RapierLoom.Examples\\14-Timeout\\CS
		SccProjectUniqueName28 = ..\\RapierLoom.Examples\\14-Timeout\\VB\\14-Timeout_VB.vbproj
		SccProjectTopLevelParentUniqueName28 = LOOM.NET\u0020Installer.sln
		SccProjectName28 = ../RapierLoom.Examples/14-Timeout/VB
		SccLocalPath28 = ..\\RapierLoom.Examples\\14-Timeout\\VB
		SccProjectUniqueName29 = ..\\RapierLoom.Examples\\15-Observer\\CS\\15-Observer_CS.csproj
		SccProjectTopLevelParentUniqueName29 = LOOM.NET\u0020Installer.sln
		SccProjectName29 = ../RapierLoom.Examples/15-Observer/CS
		SccLocalPath29 = ..\\RapierLoom.Examples\\15-Observer\\CS
		SccProjectUniqueName30 = ..\\RapierLoom.Examples\\15-Observer\\VB\\15-Observer_VB.vbproj
		SccProjectTopLevelParentUniqueName30 = LOOM.NET\u0020Installer.sln
		SccProjectName30 = ../RapierLoom.Examples/15-Observer/VB
		SccLocalPath30 = ..\\RapierLoom.Examples\\15-Observer\\VB
		SccProjectUniqueName31 = ..\\RapierLoom.Examples\\16-Visitor\\CS\\16-Visitor_CS.csproj
		SccProjectTopLevelParentUniqueName31 = LOOM.NET\u0020Installer.sln
		SccProjectName31 = ../RapierLoom.Examples/16-Visitor/CS
		SccLocalPath31 = ..\\RapierLoom.Examples\\16-Visitor\\CS
		SccProjectUniqueName32 = ..\\RapierLoom.Examples\\16-Visitor\\VB\\16-Visitor_VB.vbproj
		SccProjectTopLevelParentUniqueName32 = LOOM.NET\u0020Installer.sln
		SccProjectName32 = ../RapierLoom.Examples/16-Visitor/VB
		SccLocalPath32 = ..\\RapierLoom.Examples\\16-Visitor\\VB
		SccProjectUniqueName33 = Installer.vdproj
		SccLocalPath33 = .
		SccProjectUniqueName34 = ..\\..\\Common\\Loom\\Loom.csproj
		SccProjectName34 = ../../Common/Loom
		SccLocalPath34 = ..\\..\\Common\\Loom
		SccProjectUniqueName35 = ..\\..\\Common\\Loom.CodeBuilder\\Loom.CodeBuilder.csproj
		SccProjectName35 = ../../Common/Loom.CodeBuilder
		SccLocalPath35 = ..\\..\\Common\\Loom.CodeBuilder
		SccProjectUniqueName36 = ..\\..\\Common\\Loom.Common\\Loom.Common.csproj
		SccProjectName36 = ../../Common/Loom.Common
		SccLocalPath36 = ..\\..\\Common\\Loom.Common
		SccProjectUniqueName37 = ..\\..\\Common\\Loom.JoinPoints\\Loom.JoinPoints.csproj
		SccProjectName37 = ../../Common/Loom.JoinPoints
		SccLocalPath37 = ..\\..\\Common\\Loom.JoinPoints
		SccProjectUniqueName38 = ..\\..\\Rapier-LOOM.NET\\RapierLoom\\RapierLoom.csproj
		SccProjectName38 = ../../Rapier-LOOM.NET/RapierLoom
		SccLocalPath38 = ..\\..\\Rapier-LOOM.NET\\RapierLoom
		SccProjectUniqueName39 = ..\\..\\Gripper-LOOM.NET\\GripperLoom\\Gripper-Loom.csproj
		SccProjectName39 = ../../Gripper-LOOM.NET/GripperLoom
		SccLocalPath39 = ..\\..\\Gripper-LOOM.NET\\GripperLoom
		SccProjectUniqueName40 = ..\\GripperLoom.Examples\\01-SimpleTracingBefore\\CS\\01-SimpleTracingBefore_GL.csproj
		SccProjectTopLevelParentUniqueName40 = LOOM.NET\u0020Installer.sln
		SccProjectName40 = ../GripperLoom.Examples/01-SimpleTracingBefore/CS
		SccLocalPath40 = ..\\GripperLoom.Examples\\01-SimpleTracingBefore\\CS
		SccProjectUniqueName41 = ..\\GripperLoom.Examples\\02-SimpleTracingBeforeAndAfter\\CS\\02-SimpleTracingBeforeAndAfter_GL.csproj
		SccProjectTopLevelParentUniqueName41 = LOOM.NET\u0020Installer.sln
		SccProjectName41 = ../GripperLoom.Examples/02-SimpleTracingBeforeAndAfter/CS
		SccLocalPath41 = ..\\GripperLoom.Examples\\02-SimpleTracingBeforeAndAfter\\CS
		SccProjectUniqueName42 = ..\\GripperLoom.Examples\\03-SimpleTracingInstead\\CS\\03-SimpleTracingInstead_GL.csproj
		SccProjectTopLevelParentUniqueName42 = LOOM.NET\u0020Installer.sln
		SccProjectName42 = ../GripperLoom.Examples/03-SimpleTracingInstead/CS
		SccLocalPath42 = ..\\GripperLoom.Examples\\03-SimpleTracingInstead\\CS
		SccProjectUniqueName43 = ..\\GripperLoom.Examples\\04-AfterReturningAndAfterThrowing\\CS\\04-AfterReturningAndAfterThrowing_GL.csproj
		SccProjectTopLevelParentUniqueName43 = LOOM.NET\u0020Installer.sln
		SccProjectName43 = ../GripperLoom.Examples/04-AfterReturningAndAfterThrowing/CS
		SccLocalPath43 = ..\\GripperLoom.Examples\\04-AfterReturningAndAfterThrowing\\CS
		SccProjectUniqueName44 = ..\\GripperLoom.Examples\\05-Authentication\\CS\\05-Authentication_GL.csproj
		SccProjectTopLevelParentUniqueName44 = LOOM.NET\u0020Installer.sln
		SccProjectName44 = ../GripperLoom.Examples/05-Authentication/CS
		SccLocalPath44 = ..\\GripperLoom.Examples\\05-Authentication\\CS
		SccProjectUniqueName45 = ..\\GripperLoom.Examples\\06-SimpleWildcards\\CS\\06-SimpleWildcards_GL.csproj
		SccProjectTopLevelParentUniqueName45 = LOOM.NET\u0020Installer.sln
		SccProjectName45 = ../GripperLoom.Examples/06-SimpleWildcards/CS
		SccLocalPath45 = ..\\GripperLoom.Examples\\06-SimpleWildcards\\CS
		SccProjectUniqueName46 = ..\\GripperLoom.Examples\\07-EventPublisher\\CS\\07-EventPublisher_GL.csproj
		SccProjectTopLevelParentUniqueName46 = LOOM.NET\u0020Installer.sln
		SccProjectName46 = ../GripperLoom.Examples/07-EventPublisher/CS
		SccLocalPath46 = ..\\GripperLoom.Examples\\07-EventPublisher\\CS
		SccProjectUniqueName47 = ..\\GripperLoom.Examples\\08-Monitoring\\CS\\08-Monitoring_GL.csproj
		SccProjectTopLevelParentUniqueName47 = LOOM.NET\u0020Installer.sln
		SccProjectName47 = ../GripperLoom.Examples/08-Monitoring/CS
		SccLocalPath47 = ..\\GripperLoom.Examples\\08-Monitoring\\CS
		SccProjectUniqueName48 = ..\\GripperLoom.Examples\\09-CrossAppDomainCallAspect\\CS\\09-CrossAppDomainCallAspect_GL.csproj
		SccProjectTopLevelParentUniqueName48 = LOOM.NET\u0020Installer.sln
		SccProjectName48 = ../GripperLoom.Examples/09-CrossAppDomainCallAspect/CS
		SccLocalPath48 = ..\\GripperLoom.Examples\\09-CrossAppDomainCallAspect\\CS
		SccProjectUniqueName49 = ..\\GripperLoom.Examples\\10-EventConsumer\\CS\\10-EventConsumer_GL.csproj
		SccProjectTopLevelParentUniqueName49 = LOOM.NET\u0020Installer.sln
		SccProjectName49 = ../GripperLoom.Examples/10-EventConsumer/CS
		SccLocalPath49 = ..\\GripperLoom.Examples\\10-EventConsumer\\CS
		SccProjectUniqueName50 = ..\\GripperLoom.Examples\\11-Singleton\\CS\\11-Singleton_GL.csproj
		SccProjectTopLevelParentUniqueName50 = LOOM.NET\u0020Installer.sln
		SccProjectName50 = ../GripperLoom.Examples/11-Singleton/CS
		SccLocalPath50 = ..\\GripperLoom.Examples\\11-Singleton\\CS
		SccProjectUniqueName51 = ..\\GripperLoom.Examples\\12-Memoize\\CS\\12-Memoize_GL.csproj
		SccProjectTopLevelParentUniqueName51 = LOOM.NET\u0020Installer.sln
		SccProjectName51 = ../GripperLoom.Examples/12-Memoize/CS
		SccLocalPath51 = ..\\GripperLoom.Examples\\12-Memoize\\CS
		SccProjectUniqueName52 = ..\\GripperLoom.Examples\\13-Variables\\CS\\13-Variables_GL.csproj
		SccProjectTopLevelParentUniqueName52 = LOOM.NET\u0020Installer.sln
		SccProjectName52 = ../GripperLoom.Examples/13-Variables/CS
		SccLocalPath52 = ..\\GripperLoom.Examples\\13-Variables\\CS
		SccProjectUniqueName53 = ..\\GripperLoom.Examples\\14-Timeout\\CS\\14-Timeout_GL.csproj
		SccProjectTopLevelParentUniqueName53 = LOOM.NET\u0020Installer.sln
		SccProjectName53 = ../GripperLoom.Examples/14-Timeout/CS
		SccLocalPath53 = ..\\GripperLoom.Examples\\14-Timeout\\CS
		SccProjectUniqueName54 = ..\\GripperLoom.Examples\\15-Observer\\CS\\15-Observer_GL.csproj
		SccProjectTopLevelParentUniqueName54 = LOOM.NET\u0020Installer.sln
		SccProjectName54 = ../GripperLoom.Examples/15-Observer/CS
		SccLocalPath54 = ..\\GripperLoom.Examples\\15-Observer\\CS
		SccProjectUniqueName55 = ..\\GripperLoom.Examples\\16-Visitor\\CS\\16-Visitor_GL.csproj
		SccProjectTopLevelParentUniqueName55 = LOOM.NET\u0020Installer.sln
		SccProjectName55 = ../GripperLoom.Examples/16-Visitor/CS
		SccLocalPath55 = ..\\GripperLoom.Examples\\16-Visitor\\CS
		SccProjectUniqueName56 = ..\\..\\Analyser\\Analyzer.csproj
		SccProjectName56 = ../../Analyser
		SccLocalPath56 = ..\\..\\Analyser
		SccProjectUniqueName57 = ..\\RapierLoom.Examples\\17-AsyncronousMethods\\CS\\17-AsyncronousMethods_CS.csproj
		SccProjectTopLevelParentUniqueName57 = LOOM.NET\u0020Installer.sln
		SccProjectName57 = ../RapierLoom.Examples/17-AsyncronousMethods/CS
		SccLocalPath57 = ..\\RapierLoom.Examples\\17-AsyncronousMethods\\CS
		SccProjectUniqueName58 = ..\\GripperLoom.Examples\\17-AsyncronousMethods\\CS\\17-AsyncronousMethods_GL.csproj
		SccProjectTopLevelParentUniqueName58 = LOOM.NET\u0020Installer.sln
		SccProjectName58 = ../GripperLoom.Examples/17-AsyncronousMethods/CS
		SccLocalPath58 = ..\\GripperLoom.Examples\\17-AsyncronousMethods\\CS
		SccProjectUniqueName59 = ..\\GripperLoom.Examples\\18-Voter\\CS\\18-Voter_GL.csproj
		SccProjectTopLevelParentUniqueName59 = LOOM.NET\u0020Installer.sln
		SccProjectName59 = ../GripperLoom.Examples/18-Voter/CS
		SccLocalPath59 = ..\\GripperLoom.Examples\\18-Voter\\CS
		SccProjectUniqueName60 = ..\\GripperLoom.Examples\\19-ContextOrientedProgramming\\CS\\19-ContextOrientedProgramming_GL.csproj
		SccProjectTopLevelParentUniqueName60 = LOOM.NET\u0020Installer.sln
		SccProjectName60 = ../GripperLoom.Examples/19-ContextOrientedProgramming/CS
		SccLocalPath60 = ..\\GripperLoom.Examples\\19-ContextOrientedProgramming\\CS
		SccProjectUniqueName61 = ..\\RapierLoom.Examples\\18-Voter\\CS\\18-Voter_CS.csproj
		SccProjectTopLevelParentUniqueName61 = LOOM.NET\u0020Installer.sln
		SccProjectName61 = ../RapierLoom.Examples/18-Voter/CS
		SccLocalPath61 = ..\\RapierLoom.Examples\\18-Voter\\CS
		SccProjectUniqueName62 = ..\\RapierLoom.Examples\\19-ContextOrientedProgramming\\CS\\19-ContextOrientedProgramming_CS.csproj
		SccProjectTopLevelParentUniqueName62 = LOOM.NET\u0020Installer.sln
		SccProjectName62 = ../RapierLoom.Examples/19-ContextOrientedProgramming/CS
		SccLocalPath62 = ..\\RapierLoom.Examples\\19-ContextOrientedProgramming\\CS
		SccProjectUniqueName63 = ..\\..\\Gripper-LOOM.NET\\Loom.CodeBuilder.Gripper\\Loom.CodeBuilder.Gripper.csproj
		SccProjectName63 = ../../Gripper-LOOM.NET/Loom.CodeBuilder.Gripper
		SccLocalPath63 = ..\\..\\Gripper-LOOM.NET\\Loom.CodeBuilder.Gripper
		SccProjectUniqueName64 = ..\\RapierLoom.Examples\\20-DependecyInjection\\CS\\20-DependecyInjection_CS.csproj
		SccProjectTopLevelParentUniqueName64 = LOOM.NET\u0020Installer.sln
		SccProjectName64 = ../RapierLoom.Examples/20-DependecyInjection/CS
		SccLocalPath64 = ..\\RapierLoom.Examples\\20-DependecyInjection\\CS
		SccProjectUniqueName65 = ..\\RapierLoom.Examples\\21-NotifyPropertyChanged\\CS\\21-NotifyPropertyChanged_CS.csproj
		SccProjectTopLevelParentUniqueName65 = LOOM.NET\u0020Installer.sln
		SccProjectName65 = ../RapierLoom.Examples/21-NotifyPropertyChanged/CS
		SccLocalPath65 = ..\\RapierLoom.Examples\\21-NotifyPropertyChanged\\CS
	EndGlobalSection
	GlobalSection(SolutionConfigurationPlatforms) = preSolution
		Debug|Any CPU = Debug|Any CPU
		Debug|Mixed Platforms = Debug|Mixed Platforms
		Debug|x86 = Debug|x86
		Release|Any CPU = Release|Any CPU
		Release|Mixed Platforms = Release|Mixed Platforms
		Release|x86 = Release|x86
	EndGlobalSection
	GlobalSection(ProjectConfigurationPlatforms) = postSolution
		{F99DB5C5-4A57-4DCF-81CE-A9FB9A45C20A}.Debug|Any CPU.ActiveCfg = Debug|Any CPU
		{F99DB5C5-4A57-4DCF-81CE-A9FB9A45C20A}.Debug|Any CPU.Build.0 = Debug|Any CPU
		{F99DB5C5-4A57-4DCF-81CE-A9FB9A45C20A}.Debug|Mixed Platforms.ActiveCfg = Debug|Any CPU
		{F99DB5C5-4A57-4DCF-81CE-A9FB9A45C20A}.Debug|Mixed Platforms.Build.0 = Debug|Any CPU
		{F99DB5C5-4A57-4DCF-81CE-A9FB9A45C20A}.Debug|x86.ActiveCfg = Debug|Any CPU
		{F99DB5C5-4A57-4DCF-81CE-A9FB9A45C20A}.Release|Any CPU.ActiveCfg = Release|Any CPU
		{F99DB5C5-4A57-4DCF-81CE-A9FB9A45C20A}.Release|Any CPU.Build.0 = Release|Any CPU
		{F99DB5C5-4A57-4DCF-81CE-A9FB9A45C20A}.Release|Mixed Platforms.ActiveCfg = Release|Any CPU
		{F99DB5C5-4A57-4DCF-81CE-A9FB9A45C20A}.Release|Mixed Platforms.Build.0 = Release|Any CPU
		{F99DB5C5-4A57-4DCF-81CE-A9FB9A45C20A}.Release|x86.ActiveCfg = Release|Any CPU
		{B152AB77-527F-4999-9B50-ACB1779C22B4}.Debug|Any CPU.ActiveCfg = Debug|Any CPU
		{B152AB77-527F-4999-9B50-ACB1779C22B4}.Debug|Any CPU.Build.0 = Debug|Any CPU
		{B152AB77-527F-4999-9B50-ACB1779C22B4}.Debug|Mixed Platforms.ActiveCfg = Debug|Any CPU
		{B152AB77-527F-4999-9B50-ACB1779C22B4}.Debug|Mixed Platforms.Build.0 = Debug|Any CPU
		{B152AB77-527F-4999-9B50-ACB1779C22B4}.Debug|x86.ActiveCfg = Debug|Any CPU
		{B152AB77-527F-4999-9B50-ACB1779C22B4}.Release|Any CPU.ActiveCfg = Release|Any CPU
		{B152AB77-527F-4999-9B50-ACB1779C22B4}.Release|Any CPU.Build.0 = Release|Any CPU
		{B152AB77-527F-4999-9B50-ACB1779C22B4}.Release|Mixed Platforms.ActiveCfg = Release|Any CPU
		{B152AB77-527F-4999-9B50-ACB1779C22B4}.Release|Mixed Platforms.Build.0 = Release|Any CPU
		{B152AB77-527F-4999-9B50-ACB1779C22B4}.Release|x86.ActiveCfg = Release|Any CPU
		{1C0115BF-0F0B-4FBF-A82E-9319804334E3}.Debug|Any CPU.ActiveCfg = Debug|Any CPU
		{1C0115BF-0F0B-4FBF-A82E-9319804334E3}.Debug|Any CPU.Build.0 = Debug|Any CPU
		{1C0115BF-0F0B-4FBF-A82E-9319804334E3}.Debug|Mixed Platforms.ActiveCfg = Debug|Any CPU
		{1C0115BF-0F0B-4FBF-A82E-9319804334E3}.Debug|Mixed Platforms.Build.0 = Debug|Any CPU
		{1C0115BF-0F0B-4FBF-A82E-9319804334E3}.Debug|x86.ActiveCfg = Debug|Any CPU
		{1C0115BF-0F0B-4FBF-A82E-9319804334E3}.Release|Any CPU.ActiveCfg = Release|Any CPU
		{1C0115BF-0F0B-4FBF-A82E-9319804334E3}.Release|Any CPU.Build.0 = Release|Any CPU
		{1C0115BF-0F0B-4FBF-A82E-9319804334E3}.Release|Mixed Platforms.ActiveCfg = Release|Any CPU
		{1C0115BF-0F0B-4FBF-A82E-9319804334E3}.Release|Mixed Platforms.Build.0 = Release|Any CPU
		{1C0115BF-0F0B-4FBF-A82E-9319804334E3}.Release|x86.ActiveCfg = Release|Any CPU
		{F75C07D4-3DA6-49E9-A0E6-5FE4BBA65E7F}.Debug|Any CPU.ActiveCfg = Debug|Any CPU
		{F75C07D4-3DA6-49E9-A0E6-5FE4BBA65E7F}.Debug|Any CPU.Build.0 = Debug|Any CPU
		{F75C07D4-3DA6-49E9-A0E6-5FE4BBA65E7F}.Debug|Mixed Platforms.ActiveCfg = Debug|Any CPU
		{F75C07D4-3DA6-49E9-A0E6-5FE4BBA65E7F}.Debug|Mixed Platforms.Build.0 = Debug|Any CPU
		{F75C07D4-3DA6-49E9-A0E6-5FE4BBA65E7F}.Debug|x86.ActiveCfg = Debug|Any CPU
		{F75C07D4-3DA6-49E9-A0E6-5FE4BBA65E7F}.Release|Any CPU.ActiveCfg = Release|Any CPU
		{F75C07D4-3DA6-49E9-A0E6-5FE4BBA65E7F}.Release|Any CPU.Build.0 = Release|Any CPU
		{F75C07D4-3DA6-49E9-A0E6-5FE4BBA65E7F}.Release|Mixed Platforms.ActiveCfg = Release|Any CPU
		{F75C07D4-3DA6-49E9-A0E6-5FE4BBA65E7F}.Release|Mixed Platforms.Build.0 = Release|Any CPU
		{F75C07D4-3DA6-49E9-A0E6-5FE4BBA65E7F}.Release|x86.ActiveCfg = Release|Any CPU
		{102F2533-4C6A-457E-AAE2-A4F273642765}.Debug|Any CPU.ActiveCfg = Debug|Any CPU
		{102F2533-4C6A-457E-AAE2-A4F273642765}.Debug|Any CPU.Build.0 = Debug|Any CPU
		{102F2533-4C6A-457E-AAE2-A4F273642765}.Debug|Mixed Platforms.ActiveCfg = Debug|Any CPU
		{102F2533-4C6A-457E-AAE2-A4F273642765}.Debug|Mixed Platforms.Build.0 = Debug|Any CPU
		{102F2533-4C6A-457E-AAE2-A4F273642765}.Debug|x86.ActiveCfg = Debug|Any CPU
		{102F2533-4C6A-457E-AAE2-A4F273642765}.Release|Any CPU.ActiveCfg = Release|Any CPU
		{102F2533-4C6A-457E-AAE2-A4F273642765}.Release|Any CPU.Build.0 = Release|Any CPU
		{102F2533-4C6A-457E-AAE2-A4F273642765}.Release|Mixed Platforms.ActiveCfg = Release|Any CPU
		{102F2533-4C6A-457E-AAE2-A4F273642765}.Release|Mixed Platforms.Build.0 = Release|Any CPU
		{102F2533-4C6A-457E-AAE2-A4F273642765}.Release|x86.ActiveCfg = Release|Any CPU
		{DB6A4103-84C3-4318-9B0A-10684D451278}.Debug|Any CPU.ActiveCfg = Debug
		{DB6A4103-84C3-4318-9B0A-10684D451278}.Debug|Any CPU.Build.0 = Debug
		{DB6A4103-84C3-4318-9B0A-10684D451278}.Debug|Mixed Platforms.ActiveCfg = Debug
		{DB6A4103-84C3-4318-9B0A-10684D451278}.Debug|Mixed Platforms.Build.0 = Debug
		{DB6A4103-84C3-4318-9B0A-10684D451278}.Debug|x86.ActiveCfg = Debug
		{DB6A4103-84C3-4318-9B0A-10684D451278}.Debug|x86.Build.0 = Debug
		{DB6A4103-84C3-4318-9B0A-10684D451278}.Release|Any CPU.ActiveCfg = Release
		{DB6A4103-84C3-4318-9B0A-10684D451278}.Release|Any CPU.Build.0 = Release
		{DB6A4103-84C3-4318-9B0A-10684D451278}.Release|Mixed Platforms.ActiveCfg = Release
		{DB6A4103-84C3-4318-9B0A-10684D451278}.Release|Mixed Platforms.Build.0 = Release
		{DB6A4103-84C3-4318-9B0A-10684D451278}.Release|x86.ActiveCfg = Release
		{DB6A4103-84C3-4318-9B0A-10684D451278}.Release|x86.Build.0 = Release
		{FC792982-BDB8-464F-9B85-D7CEDC0E7822}.Debug|Any CPU.ActiveCfg = Debug|Any CPU
		{FC792982-BDB8-464F-9B85-D7CEDC0E7822}.Debug|Any CPU.Build.0 = Debug|Any CPU
		{FC792982-BDB8-464F-9B85-D7CEDC0E7822}.Debug|Mixed Platforms.ActiveCfg = Debug|Any CPU
		{FC792982-BDB8-464F-9B85-D7CEDC0E7822}.Debug|Mixed Platforms.Build.0 = Debug|Any CPU
		{FC792982-BDB8-464F-9B85-D7CEDC0E7822}.Debug|x86.ActiveCfg = Debug|Any CPU
		{FC792982-BDB8-464F-9B85-D7CEDC0E7822}.Release|Any CPU.ActiveCfg = Release|Any CPU
		{FC792982-BDB8-464F-9B85-D7CEDC0E7822}.Release|Mixed Platforms.ActiveCfg = Release|Any CPU
		{FC792982-BDB8-464F-9B85-D7CEDC0E7822}.Release|x86.ActiveCfg = Release|Any CPU
		{124855DB-04ED-4C64-935A-13D439347148}.Debug|Any CPU.ActiveCfg = Debug|Any CPU
		{124855DB-04ED-4C64-935A-13D439347148}.Debug|Any CPU.Build.0 = Debug|Any CPU
		{124855DB-04ED-4C64-935A-13D439347148}.Debug|Mixed Platforms.ActiveCfg = Debug|Any CPU
		{124855DB-04ED-4C64-935A-13D439347148}.Debug|Mixed Platforms.Build.0 = Debug|Any CPU
		{124855DB-04ED-4C64-935A-13D439347148}.Debug|x86.ActiveCfg = Debug|Any CPU
		{124855DB-04ED-4C64-935A-13D439347148}.Release|Any CPU.ActiveCfg = Release|Any CPU
		{124855DB-04ED-4C64-935A-13D439347148}.Release|Mixed Platforms.ActiveCfg = Release|Any CPU
		{124855DB-04ED-4C64-935A-13D439347148}.Release|x86.ActiveCfg = Release|Any CPU
		{663F62D1-B37F-4DEF-9D48-EFF1A26BBAA3}.Debug|Any CPU.ActiveCfg = Debug|Any CPU
		{663F62D1-B37F-4DEF-9D48-EFF1A26BBAA3}.Debug|Any CPU.Build.0 = Debug|Any CPU
		{663F62D1-B37F-4DEF-9D48-EFF1A26BBAA3}.Debug|Mixed Platforms.ActiveCfg = Debug|Any CPU
		{663F62D1-B37F-4DEF-9D48-EFF1A26BBAA3}.Debug|Mixed Platforms.Build.0 = Debug|Any CPU
		{663F62D1-B37F-4DEF-9D48-EFF1A26BBAA3}.Debug|x86.ActiveCfg = Debug|Any CPU
		{663F62D1-B37F-4DEF-9D48-EFF1A26BBAA3}.Release|Any CPU.ActiveCfg = Release|Any CPU
		{663F62D1-B37F-4DEF-9D48-EFF1A26BBAA3}.Release|Mixed Platforms.ActiveCfg = Release|Any CPU
		{663F62D1-B37F-4DEF-9D48-EFF1A26BBAA3}.Release|x86.ActiveCfg = Release|Any CPU
		{B907CDD8-E0A1-41EF-9E77-06E71794C29A}.Debug|Any CPU.ActiveCfg = Debug|Any CPU
		{B907CDD8-E0A1-41EF-9E77-06E71794C29A}.Debug|Any CPU.Build.0 = Debug|Any CPU
		{B907CDD8-E0A1-41EF-9E77-06E71794C29A}.Debug|Mixed Platforms.ActiveCfg = Debug|Any CPU
		{B907CDD8-E0A1-41EF-9E77-06E71794C29A}.Debug|Mixed Platforms.Build.0 = Debug|Any CPU
		{B907CDD8-E0A1-41EF-9E77-06E71794C29A}.Debug|x86.ActiveCfg = Debug|Any CPU
		{B907CDD8-E0A1-41EF-9E77-06E71794C29A}.Release|Any CPU.ActiveCfg = Release|Any CPU
		{B907CDD8-E0A1-41EF-9E77-06E71794C29A}.Release|Mixed Platforms.ActiveCfg = Release|Any CPU
		{B907CDD8-E0A1-41EF-9E77-06E71794C29A}.Release|x86.ActiveCfg = Release|Any CPU
		{2E38C329-3BCE-4929-8170-9B8A8E4F4E29}.Debug|Any CPU.ActiveCfg = Debug|Any CPU
		{2E38C329-3BCE-4929-8170-9B8A8E4F4E29}.Debug|Any CPU.Build.0 = Debug|Any CPU
		{2E38C329-3BCE-4929-8170-9B8A8E4F4E29}.Debug|Mixed Platforms.ActiveCfg = Debug|Any CPU
		{2E38C329-3BCE-4929-8170-9B8A8E4F4E29}.Debug|Mixed Platforms.Build.0 = Debug|Any CPU
		{2E38C329-3BCE-4929-8170-9B8A8E4F4E29}.Debug|x86.ActiveCfg = Debug|Any CPU
		{2E38C329-3BCE-4929-8170-9B8A8E4F4E29}.Release|Any CPU.ActiveCfg = Release|Any CPU
		{2E38C329-3BCE-4929-8170-9B8A8E4F4E29}.Release|Mixed Platforms.ActiveCfg = Release|Any CPU
		{2E38C329-3BCE-4929-8170-9B8A8E4F4E29}.Release|x86.ActiveCfg = Release|Any CPU
		{72BD4677-3BDD-4F2C-A55C-39A257108A1E}.Debug|Any CPU.ActiveCfg = Debug|Any CPU
		{72BD4677-3BDD-4F2C-A55C-39A257108A1E}.Debug|Any CPU.Build.0 = Debug|Any CPU
		{72BD4677-3BDD-4F2C-A55C-39A257108A1E}.Debug|Mixed Platforms.ActiveCfg = Debug|Any CPU
		{72BD4677-3BDD-4F2C-A55C-39A257108A1E}.Debug|Mixed Platforms.Build.0 = Debug|Any CPU
		{72BD4677-3BDD-4F2C-A55C-39A257108A1E}.Debug|x86.ActiveCfg = Debug|Any CPU
		{72BD4677-3BDD-4F2C-A55C-39A257108A1E}.Release|Any CPU.ActiveCfg = Release|Any CPU
		{72BD4677-3BDD-4F2C-A55C-39A257108A1E}.Release|Mixed Platforms.ActiveCfg = Release|Any CPU
		{72BD4677-3BDD-4F2C-A55C-39A257108A1E}.Release|x86.ActiveCfg = Release|Any CPU
		{DEE88B3C-B7F6-41F9-8F2C-1B1657C4AD53}.Debug|Any CPU.ActiveCfg = Debug|Any CPU
		{DEE88B3C-B7F6-41F9-8F2C-1B1657C4AD53}.Debug|Any CPU.Build.0 = Debug|Any CPU
		{DEE88B3C-B7F6-41F9-8F2C-1B1657C4AD53}.Debug|Mixed Platforms.ActiveCfg = Debug|Any CPU
		{DEE88B3C-B7F6-41F9-8F2C-1B1657C4AD53}.Debug|Mixed Platforms.Build.0 = Debug|Any CPU
		{DEE88B3C-B7F6-41F9-8F2C-1B1657C4AD53}.Debug|x86.ActiveCfg = Debug|Any CPU
		{DEE88B3C-B7F6-41F9-8F2C-1B1657C4AD53}.Release|Any CPU.ActiveCfg = Release|Any CPU
		{DEE88B3C-B7F6-41F9-8F2C-1B1657C4AD53}.Release|Mixed Platforms.ActiveCfg = Release|Any CPU
		{DEE88B3C-B7F6-41F9-8F2C-1B1657C4AD53}.Release|x86.ActiveCfg = Release|Any CPU
		{7B06C479-9311-49FA-9926-587B1CEE612B}.Debug|Any CPU.ActiveCfg = Debug|Any CPU
		{7B06C479-9311-49FA-9926-587B1CEE612B}.Debug|Any CPU.Build.0 = Debug|Any CPU
		{7B06C479-9311-49FA-9926-587B1CEE612B}.Debug|Mixed Platforms.ActiveCfg = Debug|Any CPU
		{7B06C479-9311-49FA-9926-587B1CEE612B}.Debug|Mixed Platforms.Build.0 = Debug|Any CPU
		{7B06C479-9311-49FA-9926-587B1CEE612B}.Debug|x86.ActiveCfg = Debug|Any CPU
		{7B06C479-9311-49FA-9926-587B1CEE612B}.Release|Any CPU.ActiveCfg = Release|Any CPU
		{7B06C479-9311-49FA-9926-587B1CEE612B}.Release|Mixed Platforms.ActiveCfg = Release|Any CPU
		{7B06C479-9311-49FA-9926-587B1CEE612B}.Release|x86.ActiveCfg = Release|Any CPU
		{DF911C76-38AA-4715-AF7F-3C7D9F7893C3}.Debug|Any CPU.ActiveCfg = Debug|Any CPU
		{DF911C76-38AA-4715-AF7F-3C7D9F7893C3}.Debug|Any CPU.Build.0 = Debug|Any CPU
		{DF911C76-38AA-4715-AF7F-3C7D9F7893C3}.Debug|Mixed Platforms.ActiveCfg = Debug|Any CPU
		{DF911C76-38AA-4715-AF7F-3C7D9F7893C3}.Debug|Mixed Platforms.Build.0 = Debug|Any CPU
		{DF911C76-38AA-4715-AF7F-3C7D9F7893C3}.Debug|x86.ActiveCfg = Debug|Any CPU
		{DF911C76-38AA-4715-AF7F-3C7D9F7893C3}.Release|Any CPU.ActiveCfg = Release|Any CPU
		{DF911C76-38AA-4715-AF7F-3C7D9F7893C3}.Release|Mixed Platforms.ActiveCfg = Release|Any CPU
		{DF911C76-38AA-4715-AF7F-3C7D9F7893C3}.Release|x86.ActiveCfg = Release|Any CPU
		{4D101FFF-3018-44C3-B433-2C95EA9D4734}.Debug|Any CPU.ActiveCfg = Debug|Any CPU
		{4D101FFF-3018-44C3-B433-2C95EA9D4734}.Debug|Any CPU.Build.0 = Debug|Any CPU
		{4D101FFF-3018-44C3-B433-2C95EA9D4734}.Debug|Mixed Platforms.ActiveCfg = Debug|Any CPU
		{4D101FFF-3018-44C3-B433-2C95EA9D4734}.Debug|Mixed Platforms.Build.0 = Debug|Any CPU
		{4D101FFF-3018-44C3-B433-2C95EA9D4734}.Debug|x86.ActiveCfg = Debug|Any CPU
		{4D101FFF-3018-44C3-B433-2C95EA9D4734}.Release|Any CPU.ActiveCfg = Release|Any CPU
		{4D101FFF-3018-44C3-B433-2C95EA9D4734}.Release|Mixed Platforms.ActiveCfg = Release|Any CPU
		{4D101FFF-3018-44C3-B433-2C95EA9D4734}.Release|x86.ActiveCfg = Release|Any CPU
		{0D52BE6A-F38F-497A-A99C-95EC996FD52C}.Debug|Any CPU.ActiveCfg = Debug|Any CPU
		{0D52BE6A-F38F-497A-A99C-95EC996FD52C}.Debug|Any CPU.Build.0 = Debug|Any CPU
		{0D52BE6A-F38F-497A-A99C-95EC996FD52C}.Debug|Mixed Platforms.ActiveCfg = Debug|Any CPU
		{0D52BE6A-F38F-497A-A99C-95EC996FD52C}.Debug|Mixed Platforms.Build.0 = Debug|Any CPU
		{0D52BE6A-F38F-497A-A99C-95EC996FD52C}.Debug|x86.ActiveCfg = Debug|Any CPU
		{0D52BE6A-F38F-497A-A99C-95EC996FD52C}.Release|Any CPU.ActiveCfg = Release|Any CPU
		{0D52BE6A-F38F-497A-A99C-95EC996FD52C}.Release|Mixed Platforms.ActiveCfg = Release|Any CPU
		{0D52BE6A-F38F-497A-A99C-95EC996FD52C}.Release|x86.ActiveCfg = Release|Any CPU
		{421C5888-BFEA-43FE-B625-6F17560C5BFA}.Debug|Any CPU.ActiveCfg = Debug|Any CPU
		{421C5888-BFEA-43FE-B625-6F17560C5BFA}.Debug|Any CPU.Build.0 = Debug|Any CPU
		{421C5888-BFEA-43FE-B625-6F17560C5BFA}.Debug|Mixed Platforms.ActiveCfg = Debug|Any CPU
		{421C5888-BFEA-43FE-B625-6F17560C5BFA}.Debug|Mixed Platforms.Build.0 = Debug|Any CPU
		{421C5888-BFEA-43FE-B625-6F17560C5BFA}.Debug|x86.ActiveCfg = Debug|Any CPU
		{421C5888-BFEA-43FE-B625-6F17560C5BFA}.Release|Any CPU.ActiveCfg = Release|Any CPU
		{421C5888-BFEA-43FE-B625-6F17560C5BFA}.Release|Mixed Platforms.ActiveCfg = Release|Any CPU
		{421C5888-BFEA-43FE-B625-6F17560C5BFA}.Release|x86.ActiveCfg = Release|Any CPU
		{616917A9-1411-4BBF-BA7B-0392569D2E45}.Debug|Any CPU.ActiveCfg = Debug|Any CPU
		{616917A9-1411-4BBF-BA7B-0392569D2E45}.Debug|Any CPU.Build.0 = Debug|Any CPU
		{616917A9-1411-4BBF-BA7B-0392569D2E45}.Debug|Mixed Platforms.ActiveCfg = Debug|Any CPU
		{616917A9-1411-4BBF-BA7B-0392569D2E45}.Debug|Mixed Platforms.Build.0 = Debug|Any CPU
		{616917A9-1411-4BBF-BA7B-0392569D2E45}.Debug|x86.ActiveCfg = Debug|Any CPU
		{616917A9-1411-4BBF-BA7B-0392569D2E45}.Release|Any CPU.ActiveCfg = Release|Any CPU
		{616917A9-1411-4BBF-BA7B-0392569D2E45}.Release|Mixed Platforms.ActiveCfg = Release|Any CPU
		{616917A9-1411-4BBF-BA7B-0392569D2E45}.Release|x86.ActiveCfg = Release|Any CPU
		{9F3373FC-296B-4A17-A050-655B0D0A4B4D}.Debug|Any CPU.ActiveCfg = Debug|Any CPU
		{9F3373FC-296B-4A17-A050-655B0D0A4B4D}.Debug|Any CPU.Build.0 = Debug|Any CPU
		{9F3373FC-296B-4A17-A050-655B0D0A4B4D}.Debug|Mixed Platforms.ActiveCfg = Debug|Any CPU
		{9F3373FC-296B-4A17-A050-655B0D0A4B4D}.Debug|Mixed Platforms.Build.0 = Debug|Any CPU
		{9F3373FC-296B-4A17-A050-655B0D0A4B4D}.Debug|x86.ActiveCfg = Debug|Any CPU
		{9F3373FC-296B-4A17-A050-655B0D0A4B4D}.Release|Any CPU.ActiveCfg = Release|Any CPU
		{9F3373FC-296B-4A17-A050-655B0D0A4B4D}.Release|Mixed Platforms.ActiveCfg = Release|Any CPU
		{9F3373FC-296B-4A17-A050-655B0D0A4B4D}.Release|x86.ActiveCfg = Release|Any CPU
		{36022311-7EFA-42A5-BCB4-F4F18C200D49}.Debug|Any CPU.ActiveCfg = Debug|Any CPU
		{36022311-7EFA-42A5-BCB4-F4F18C200D49}.Debug|Any CPU.Build.0 = Debug|Any CPU
		{36022311-7EFA-42A5-BCB4-F4F18C200D49}.Debug|Mixed Platforms.ActiveCfg = Debug|Any CPU
		{36022311-7EFA-42A5-BCB4-F4F18C200D49}.Debug|Mixed Platforms.Build.0 = Debug|Any CPU
		{36022311-7EFA-42A5-BCB4-F4F18C200D49}.Debug|x86.ActiveCfg = Debug|Any CPU
		{36022311-7EFA-42A5-BCB4-F4F18C200D49}.Release|Any CPU.ActiveCfg = Release|Any CPU
		{36022311-7EFA-42A5-BCB4-F4F18C200D49}.Release|Mixed Platforms.ActiveCfg = Release|Any CPU
		{36022311-7EFA-42A5-BCB4-F4F18C200D49}.Release|x86.ActiveCfg = Release|Any CPU
		{C4580F32-C403-480B-B024-E24E4F2C55AC}.Debug|Any CPU.ActiveCfg = Debug|Any CPU
		{C4580F32-C403-480B-B024-E24E4F2C55AC}.Debug|Any CPU.Build.0 = Debug|Any CPU
		{C4580F32-C403-480B-B024-E24E4F2C55AC}.Debug|Mixed Platforms.ActiveCfg = Debug|Any CPU
		{C4580F32-C403-480B-B024-E24E4F2C55AC}.Debug|Mixed Platforms.Build.0 = Debug|Any CPU
		{C4580F32-C403-480B-B024-E24E4F2C55AC}.Debug|x86.ActiveCfg = Debug|Any CPU
		{C4580F32-C403-480B-B024-E24E4F2C55AC}.Release|Any CPU.ActiveCfg = Release|Any CPU
		{C4580F32-C403-480B-B024-E24E4F2C55AC}.Release|Mixed Platforms.ActiveCfg = Release|Any CPU
		{C4580F32-C403-480B-B024-E24E4F2C55AC}.Release|x86.ActiveCfg = Release|Any CPU
		{742A65EA-7DED-4883-9568-D85949FF7137}.Debug|Any CPU.ActiveCfg = Debug|Any CPU
		{742A65EA-7DED-4883-9568-D85949FF7137}.Debug|Any CPU.Build.0 = Debug|Any CPU
		{742A65EA-7DED-4883-9568-D85949FF7137}.Debug|Mixed Platforms.ActiveCfg = Debug|Any CPU
		{742A65EA-7DED-4883-9568-D85949FF7137}.Debug|Mixed Platforms.Build.0 = Debug|Any CPU
		{742A65EA-7DED-4883-9568-D85949FF7137}.Debug|x86.ActiveCfg = Debug|Any CPU
		{742A65EA-7DED-4883-9568-D85949FF7137}.Release|Any CPU.ActiveCfg = Release|Any CPU
		{742A65EA-7DED-4883-9568-D85949FF7137}.Release|Mixed Platforms.ActiveCfg = Release|Any CPU
		{742A65EA-7DED-4883-9568-D85949FF7137}.Release|x86.ActiveCfg = Release|Any CPU
		{CC899067-182A-4A2D-9DA3-2636279405C3}.Debug|Any CPU.ActiveCfg = Debug|Any CPU
		{CC899067-182A-4A2D-9DA3-2636279405C3}.Debug|Any CPU.Build.0 = Debug|Any CPU
		{CC899067-182A-4A2D-9DA3-2636279405C3}.Debug|Mixed Platforms.ActiveCfg = Debug|Any CPU
		{CC899067-182A-4A2D-9DA3-2636279405C3}.Debug|Mixed Platforms.Build.0 = Debug|Any CPU
		{CC899067-182A-4A2D-9DA3-2636279405C3}.Debug|x86.ActiveCfg = Debug|Any CPU
		{CC899067-182A-4A2D-9DA3-2636279405C3}.Release|Any CPU.ActiveCfg = Release|Any CPU
		{CC899067-182A-4A2D-9DA3-2636279405C3}.Release|Mixed Platforms.ActiveCfg = Release|Any CPU
		{CC899067-182A-4A2D-9DA3-2636279405C3}.Release|x86.ActiveCfg = Release|Any CPU
		{19EFA5A7-DB0E-4804-AB41-36C8005B2530}.Debug|Any CPU.ActiveCfg = Debug|Any CPU
		{19EFA5A7-DB0E-4804-AB41-36C8005B2530}.Debug|Any CPU.Build.0 = Debug|Any CPU
		{19EFA5A7-DB0E-4804-AB41-36C8005B2530}.Debug|Mixed Platforms.ActiveCfg = Debug|Any CPU
		{19EFA5A7-DB0E-4804-AB41-36C8005B2530}.Debug|Mixed Platforms.Build.0 = Debug|Any CPU
		{19EFA5A7-DB0E-4804-AB41-36C8005B2530}.Debug|x86.ActiveCfg = Debug|Any CPU
		{19EFA5A7-DB0E-4804-AB41-36C8005B2530}.Release|Any CPU.ActiveCfg = Release|Any CPU
		{19EFA5A7-DB0E-4804-AB41-36C8005B2530}.Release|Mixed Platforms.ActiveCfg = Release|Any CPU
		{19EFA5A7-DB0E-4804-AB41-36C8005B2530}.Release|x86.ActiveCfg = Release|Any CPU
		{F021D270-C901-4A3A-BACC-F6FFDF0F4034}.Debug|Any CPU.ActiveCfg = Debug|Any CPU
		{F021D270-C901-4A3A-BACC-F6FFDF0F4034}.Debug|Any CPU.Build.0 = Debug|Any CPU
		{F021D270-C901-4A3A-BACC-F6FFDF0F4034}.Debug|Mixed Platforms.ActiveCfg = Debug|Any CPU
		{F021D270-C901-4A3A-BACC-F6FFDF0F4034}.Debug|Mixed Platforms.Build.0 = Debug|Any CPU
		{F021D270-C901-4A3A-BACC-F6FFDF0F4034}.Debug|x86.ActiveCfg = Debug|Any CPU
		{F021D270-C901-4A3A-BACC-F6FFDF0F4034}.Release|Any CPU.ActiveCfg = Release|Any CPU
		{F021D270-C901-4A3A-BACC-F6FFDF0F4034}.Release|Mixed Platforms.ActiveCfg = Release|Any CPU
		{F021D270-C901-4A3A-BACC-F6FFDF0F4034}.Release|x86.ActiveCfg = Release|Any CPU
		{38071D7D-156C-4DEC-9EE2-1EA6BE4AC951}.Debug|Any CPU.ActiveCfg = Debug|Any CPU
		{38071D7D-156C-4DEC-9EE2-1EA6BE4AC951}.Debug|Any CPU.Build.0 = Debug|Any CPU
		{38071D7D-156C-4DEC-9EE2-1EA6BE4AC951}.Debug|Mixed Platforms.ActiveCfg = Debug|Any CPU
		{38071D7D-156C-4DEC-9EE2-1EA6BE4AC951}.Debug|Mixed Platforms.Build.0 = Debug|Any CPU
		{38071D7D-156C-4DEC-9EE2-1EA6BE4AC951}.Debug|x86.ActiveCfg = Debug|Any CPU
		{38071D7D-156C-4DEC-9EE2-1EA6BE4AC951}.Release|Any CPU.ActiveCfg = Release|Any CPU
		{38071D7D-156C-4DEC-9EE2-1EA6BE4AC951}.Release|Mixed Platforms.ActiveCfg = Release|Any CPU
		{38071D7D-156C-4DEC-9EE2-1EA6BE4AC951}.Release|x86.ActiveCfg = Release|Any CPU
		{E88EC3DE-FDFD-43C8-941D-5286E1FE971B}.Debug|Any CPU.ActiveCfg = Debug|Any CPU
		{E88EC3DE-FDFD-43C8-941D-5286E1FE971B}.Debug|Any CPU.Build.0 = Debug|Any CPU
		{E88EC3DE-FDFD-43C8-941D-5286E1FE971B}.Debug|Mixed Platforms.ActiveCfg = Debug|Any CPU
		{E88EC3DE-FDFD-43C8-941D-5286E1FE971B}.Debug|Mixed Platforms.Build.0 = Debug|Any CPU
		{E88EC3DE-FDFD-43C8-941D-5286E1FE971B}.Debug|x86.ActiveCfg = Debug|Any CPU
		{E88EC3DE-FDFD-43C8-941D-5286E1FE971B}.Release|Any CPU.ActiveCfg = Release|Any CPU
		{E88EC3DE-FDFD-43C8-941D-5286E1FE971B}.Release|Mixed Platforms.ActiveCfg = Release|Any CPU
		{E88EC3DE-FDFD-43C8-941D-5286E1FE971B}.Release|x86.ActiveCfg = Release|Any CPU
		{D7E8E287-8E61-4AAB-A828-B4BD8FE7387F}.Debug|Any CPU.ActiveCfg = Debug|Any CPU
		{D7E8E287-8E61-4AAB-A828-B4BD8FE7387F}.Debug|Any CPU.Build.0 = Debug|Any CPU
		{D7E8E287-8E61-4AAB-A828-B4BD8FE7387F}.Debug|Mixed Platforms.ActiveCfg = Debug|Any CPU
		{D7E8E287-8E61-4AAB-A828-B4BD8FE7387F}.Debug|Mixed Platforms.Build.0 = Debug|Any CPU
		{D7E8E287-8E61-4AAB-A828-B4BD8FE7387F}.Debug|x86.ActiveCfg = Debug|Any CPU
		{D7E8E287-8E61-4AAB-A828-B4BD8FE7387F}.Release|Any CPU.ActiveCfg = Release|Any CPU
		{D7E8E287-8E61-4AAB-A828-B4BD8FE7387F}.Release|Mixed Platforms.ActiveCfg = Release|Any CPU
		{D7E8E287-8E61-4AAB-A828-B4BD8FE7387F}.Release|x86.ActiveCfg = Release|Any CPU
		{A1DB8779-63F6-47D1-860E-D9228298FA01}.Debug|Any CPU.ActiveCfg = Debug|Any CPU
		{A1DB8779-63F6-47D1-860E-D9228298FA01}.Debug|Any CPU.Build.0 = Debug|Any CPU
		{A1DB8779-63F6-47D1-860E-D9228298FA01}.Debug|Mixed Platforms.ActiveCfg = Debug|Any CPU
		{A1DB8779-63F6-47D1-860E-D9228298FA01}.Debug|Mixed Platforms.Build.0 = Debug|Any CPU
		{A1DB8779-63F6-47D1-860E-D9228298FA01}.Debug|x86.ActiveCfg = Debug|Any CPU
		{A1DB8779-63F6-47D1-860E-D9228298FA01}.Release|Any CPU.ActiveCfg = Release|Any CPU
		{A1DB8779-63F6-47D1-860E-D9228298FA01}.Release|Mixed Platforms.ActiveCfg = Release|Any CPU
		{A1DB8779-63F6-47D1-860E-D9228298FA01}.Release|x86.ActiveCfg = Release|Any CPU
		{87082829-2D12-4971-9D8A-087DB6D7A93A}.Debug|Any CPU.ActiveCfg = Debug|Any CPU
		{87082829-2D12-4971-9D8A-087DB6D7A93A}.Debug|Any CPU.Build.0 = Debug|Any CPU
		{87082829-2D12-4971-9D8A-087DB6D7A93A}.Debug|Mixed Platforms.ActiveCfg = Debug|Any CPU
		{87082829-2D12-4971-9D8A-087DB6D7A93A}.Debug|Mixed Platforms.Build.0 = Debug|Any CPU
		{87082829-2D12-4971-9D8A-087DB6D7A93A}.Debug|x86.ActiveCfg = Debug|Any CPU
		{87082829-2D12-4971-9D8A-087DB6D7A93A}.Release|Any CPU.ActiveCfg = Release|Any CPU
		{87082829-2D12-4971-9D8A-087DB6D7A93A}.Release|Mixed Platforms.ActiveCfg = Release|Any CPU
		{87082829-2D12-4971-9D8A-087DB6D7A93A}.Release|x86.ActiveCfg = Release|Any CPU
		{9F7783A4-181F-49ED-AABF-B43750E3CEDE}.Debug|Any CPU.ActiveCfg = Debug|Any CPU
		{9F7783A4-181F-49ED-AABF-B43750E3CEDE}.Debug|Any CPU.Build.0 = Debug|Any CPU
		{9F7783A4-181F-49ED-AABF-B43750E3CEDE}.Debug|Mixed Platforms.ActiveCfg = Debug|Any CPU
		{9F7783A4-181F-49ED-AABF-B43750E3CEDE}.Debug|Mixed Platforms.Build.0 = Debug|Any CPU
		{9F7783A4-181F-49ED-AABF-B43750E3CEDE}.Debug|x86.ActiveCfg = Debug|Any CPU
		{9F7783A4-181F-49ED-AABF-B43750E3CEDE}.Release|Any CPU.ActiveCfg = Release|Any CPU
		{9F7783A4-181F-49ED-AABF-B43750E3CEDE}.Release|Mixed Platforms.ActiveCfg = Release|Any CPU
		{9F7783A4-181F-49ED-AABF-B43750E3CEDE}.Release|x86.ActiveCfg = Release|Any CPU
		{8971DF82-B74E-45DD-9E39-F1F9DC0B65DD}.Debug|Any CPU.ActiveCfg = Debug|Any CPU
		{8971DF82-B74E-45DD-9E39-F1F9DC0B65DD}.Debug|Any CPU.Build.0 = Debug|Any CPU
		{8971DF82-B74E-45DD-9E39-F1F9DC0B65DD}.Debug|Mixed Platforms.ActiveCfg = Debug|Any CPU
		{8971DF82-B74E-45DD-9E39-F1F9DC0B65DD}.Debug|Mixed Platforms.Build.0 = Debug|Any CPU
		{8971DF82-B74E-45DD-9E39-F1F9DC0B65DD}.Debug|x86.ActiveCfg = Debug|Any CPU
		{8971DF82-B74E-45DD-9E39-F1F9DC0B65DD}.Release|Any CPU.ActiveCfg = Release|Any CPU
		{8971DF82-B74E-45DD-9E39-F1F9DC0B65DD}.Release|Mixed Platforms.ActiveCfg = Release|Any CPU
		{8971DF82-B74E-45DD-9E39-F1F9DC0B65DD}.Release|x86.ActiveCfg = Release|Any CPU
		{2F5CBB62-AA84-476C-81B4-88F6DDD51428}.Debug|Any CPU.ActiveCfg = Debug|Any CPU
		{2F5CBB62-AA84-476C-81B4-88F6DDD51428}.Debug|Any CPU.Build.0 = Debug|Any CPU
		{2F5CBB62-AA84-476C-81B4-88F6DDD51428}.Debug|Mixed Platforms.ActiveCfg = Debug|Any CPU
		{2F5CBB62-AA84-476C-81B4-88F6DDD51428}.Debug|Mixed Platforms.Build.0 = Debug|Any CPU
		{2F5CBB62-AA84-476C-81B4-88F6DDD51428}.Debug|x86.ActiveCfg = Debug|Any CPU
		{2F5CBB62-AA84-476C-81B4-88F6DDD51428}.Release|Any CPU.ActiveCfg = Release|Any CPU
		{2F5CBB62-AA84-476C-81B4-88F6DDD51428}.Release|Mixed Platforms.ActiveCfg = Release|Any CPU
		{2F5CBB62-AA84-476C-81B4-88F6DDD51428}.Release|x86.ActiveCfg = Release|Any CPU
		{82572DA9-9FEA-4175-A226-8538792B8D78}.Debug|Any CPU.ActiveCfg = Debug|Any CPU
		{82572DA9-9FEA-4175-A226-8538792B8D78}.Debug|Any CPU.Build.0 = Debug|Any CPU
		{82572DA9-9FEA-4175-A226-8538792B8D78}.Debug|Mixed Platforms.ActiveCfg = Debug|Any CPU
		{82572DA9-9FEA-4175-A226-8538792B8D78}.Debug|Mixed Platforms.Build.0 = Debug|Any CPU
		{82572DA9-9FEA-4175-A226-8538792B8D78}.Debug|x86.ActiveCfg = Debug|Any CPU
		{82572DA9-9FEA-4175-A226-8538792B8D78}.Release|Any CPU.ActiveCfg = Release|Any CPU
		{82572DA9-9FEA-4175-A226-8538792B8D78}.Release|Mixed Platforms.ActiveCfg = Release|Any CPU
		{82572DA9-9FEA-4175-A226-8538792B8D78}.Release|x86.ActiveCfg = Release|Any CPU
		{1EAA37EC-241F-4222-88DD-248441E02B16}.Debug|Any CPU.ActiveCfg = Debug|Any CPU
		{1EAA37EC-241F-4222-88DD-248441E02B16}.Debug|Any CPU.Build.0 = Debug|Any CPU
		{1EAA37EC-241F-4222-88DD-248441E02B16}.Debug|Mixed Platforms.ActiveCfg = Debug|Any CPU
		{1EAA37EC-241F-4222-88DD-248441E02B16}.Debug|Mixed Platforms.Build.0 = Debug|Any CPU
		{1EAA37EC-241F-4222-88DD-248441E02B16}.Debug|x86.ActiveCfg = Debug|Any CPU
		{1EAA37EC-241F-4222-88DD-248441E02B16}.Release|Any CPU.ActiveCfg = Release|Any CPU
		{1EAA37EC-241F-4222-88DD-248441E02B16}.Release|Mixed Platforms.ActiveCfg = Release|Any CPU
		{1EAA37EC-241F-4222-88DD-248441E02B16}.Release|x86.ActiveCfg = Release|Any CPU
		{C95702FC-7331-4FCC-A5A1-98A66098D2FF}.Debug|Any CPU.ActiveCfg = Debug|Any CPU
		{C95702FC-7331-4FCC-A5A1-98A66098D2FF}.Debug|Any CPU.Build.0 = Debug|Any CPU
		{C95702FC-7331-4FCC-A5A1-98A66098D2FF}.Debug|Mixed Platforms.ActiveCfg = Debug|Any CPU
		{C95702FC-7331-4FCC-A5A1-98A66098D2FF}.Debug|Mixed Platforms.Build.0 = Debug|Any CPU
		{C95702FC-7331-4FCC-A5A1-98A66098D2FF}.Debug|x86.ActiveCfg = Debug|Any CPU
		{C95702FC-7331-4FCC-A5A1-98A66098D2FF}.Release|Any CPU.ActiveCfg = Release|Any CPU
		{C95702FC-7331-4FCC-A5A1-98A66098D2FF}.Release|Mixed Platforms.ActiveCfg = Release|Any CPU
		{C95702FC-7331-4FCC-A5A1-98A66098D2FF}.Release|x86.ActiveCfg = Release|Any CPU
		{5CF7C274-F916-431D-AAE3-F63024BE615D}.Debug|Any CPU.ActiveCfg = Debug|Any CPU
		{5CF7C274-F916-431D-AAE3-F63024BE615D}.Debug|Any CPU.Build.0 = Debug|Any CPU
		{5CF7C274-F916-431D-AAE3-F63024BE615D}.Debug|Mixed Platforms.ActiveCfg = Debug|Any CPU
		{5CF7C274-F916-431D-AAE3-F63024BE615D}.Debug|Mixed Platforms.Build.0 = Debug|Any CPU
		{5CF7C274-F916-431D-AAE3-F63024BE615D}.Debug|x86.ActiveCfg = Debug|Any CPU
		{5CF7C274-F916-431D-AAE3-F63024BE615D}.Release|Any CPU.ActiveCfg = Release|Any CPU
		{5CF7C274-F916-431D-AAE3-F63024BE615D}.Release|Mixed Platforms.ActiveCfg = Release|Any CPU
		{5CF7C274-F916-431D-AAE3-F63024BE615D}.Release|x86.ActiveCfg = Release|Any CPU
		{D7E9620E-B3B1-4964-8151-2F7B1465132F}.Debug|Any CPU.ActiveCfg = Debug|Any CPU
		{D7E9620E-B3B1-4964-8151-2F7B1465132F}.Debug|Any CPU.Build.0 = Debug|Any CPU
		{D7E9620E-B3B1-4964-8151-2F7B1465132F}.Debug|Mixed Platforms.ActiveCfg = Debug|Any CPU
		{D7E9620E-B3B1-4964-8151-2F7B1465132F}.Debug|Mixed Platforms.Build.0 = Debug|Any CPU
		{D7E9620E-B3B1-4964-8151-2F7B1465132F}.Debug|x86.ActiveCfg = Debug|Any CPU
		{D7E9620E-B3B1-4964-8151-2F7B1465132F}.Release|Any CPU.ActiveCfg = Release|Any CPU
		{D7E9620E-B3B1-4964-8151-2F7B1465132F}.Release|Any CPU.Build.0 = Release|Any CPU
		{D7E9620E-B3B1-4964-8151-2F7B1465132F}.Release|Mixed Platforms.ActiveCfg = Release|Any CPU
		{D7E9620E-B3B1-4964-8151-2F7B1465132F}.Release|Mixed Platforms.Build.0 = Release|Any CPU
		{D7E9620E-B3B1-4964-8151-2F7B1465132F}.Release|x86.ActiveCfg = Release|Any CPU
		{1511B4EE-2349-43EC-B3CA-3B3D012C8842}.Debug|Any CPU.ActiveCfg = Debug|Any CPU
		{1511B4EE-2349-43EC-B3CA-3B3D012C8842}.Debug|Any CPU.Build.0 = Debug|Any CPU
		{1511B4EE-2349-43EC-B3CA-3B3D012C8842}.Debug|Mixed Platforms.ActiveCfg = Debug|Any CPU
		{1511B4EE-2349-43EC-B3CA-3B3D012C8842}.Debug|Mixed Platforms.Build.0 = Debug|Any CPU
		{1511B4EE-2349-43EC-B3CA-3B3D012C8842}.Debug|x86.ActiveCfg = Debug|Any CPU
		{1511B4EE-2349-43EC-B3CA-3B3D012C8842}.Release|Any CPU.ActiveCfg = Release|Any CPU
		{1511B4EE-2349-43EC-B3CA-3B3D012C8842}.Release|Mixed Platforms.ActiveCfg = Release|Any CPU
		{1511B4EE-2349-43EC-B3CA-3B3D012C8842}.Release|x86.ActiveCfg = Release|Any CPU
		{925FD52E-1D36-46B3-B1FE-86B0BFC2A6A3}.Debug|Any CPU.ActiveCfg = Debug|Any CPU
		{925FD52E-1D36-46B3-B1FE-86B0BFC2A6A3}.Debug|Any CPU.Build.0 = Debug|Any CPU
		{925FD52E-1D36-46B3-B1FE-86B0BFC2A6A3}.Debug|Mixed Platforms.ActiveCfg = Debug|Any CPU
		{925FD52E-1D36-46B3-B1FE-86B0BFC2A6A3}.Debug|Mixed Platforms.Build.0 = Debug|Any CPU
		{925FD52E-1D36-46B3-B1FE-86B0BFC2A6A3}.Debug|x86.ActiveCfg = Debug|Any CPU
		{925FD52E-1D36-46B3-B1FE-86B0BFC2A6A3}.Release|Any CPU.ActiveCfg = Release|Any CPU
		{925FD52E-1D36-46B3-B1FE-86B0BFC2A6A3}.Release|Mixed Platforms.ActiveCfg = Release|Any CPU
		{925FD52E-1D36-46B3-B1FE-86B0BFC2A6A3}.Release|x86.ActiveCfg = Release|Any CPU
		{7EEC01BA-3176-4BB1-B9F2-8AB48620A48F}.Debug|Any CPU.ActiveCfg = Debug|Any CPU
		{7EEC01BA-3176-4BB1-B9F2-8AB48620A48F}.Debug|Any CPU.Build.0 = Debug|Any CPU
		{7EEC01BA-3176-4BB1-B9F2-8AB48620A48F}.Debug|Mixed Platforms.ActiveCfg = Debug|Any CPU
		{7EEC01BA-3176-4BB1-B9F2-8AB48620A48F}.Debug|Mixed Platforms.Build.0 = Debug|Any CPU
		{7EEC01BA-3176-4BB1-B9F2-8AB48620A48F}.Debug|x86.ActiveCfg = Debug|Any CPU
		{7EEC01BA-3176-4BB1-B9F2-8AB48620A48F}.Release|Any CPU.ActiveCfg = Release|Any CPU
		{7EEC01BA-3176-4BB1-B9F2-8AB48620A48F}.Release|Mixed Platforms.ActiveCfg = Release|Any CPU
		{7EEC01BA-3176-4BB1-B9F2-8AB48620A48F}.Release|x86.ActiveCfg = Release|Any CPU
		{2993C769-E540-4F3C-A4D2-C2060CB32E7C}.Debug|Any CPU.ActiveCfg = Debug|Any CPU
		{2993C769-E540-4F3C-A4D2-C2060CB32E7C}.Debug|Any CPU.Build.0 = Debug|Any CPU
		{2993C769-E540-4F3C-A4D2-C2060CB32E7C}.Debug|Mixed Platforms.ActiveCfg = Debug|Any CPU
		{2993C769-E540-4F3C-A4D2-C2060CB32E7C}.Debug|Mixed Platforms.Build.0 = Debug|Any CPU
		{2993C769-E540-4F3C-A4D2-C2060CB32E7C}.Debug|x86.ActiveCfg = Debug|Any CPU
		{2993C769-E540-4F3C-A4D2-C2060CB32E7C}.Release|Any CPU.ActiveCfg = Release|Any CPU
		{2993C769-E540-4F3C-A4D2-C2060CB32E7C}.Release|Mixed Platforms.ActiveCfg = Release|Any CPU
		{2993C769-E540-4F3C-A4D2-C2060CB32E7C}.Release|x86.ActiveCfg = Release|Any CPU
		{C5EB2428-B786-45AE-8267-7EE5896420B5}.Debug|Any CPU.ActiveCfg = Debug|Any CPU
		{C5EB2428-B786-45AE-8267-7EE5896420B5}.Debug|Any CPU.Build.0 = Debug|Any CPU
		{C5EB2428-B786-45AE-8267-7EE5896420B5}.Debug|Mixed Platforms.ActiveCfg = Debug|Any CPU
		{C5EB2428-B786-45AE-8267-7EE5896420B5}.Debug|Mixed Platforms.Build.0 = Debug|Any CPU
		{C5EB2428-B786-45AE-8267-7EE5896420B5}.Debug|x86.ActiveCfg = Debug|Any CPU
		{C5EB2428-B786-45AE-8267-7EE5896420B5}.Release|Any CPU.ActiveCfg = Release|Any CPU
		{C5EB2428-B786-45AE-8267-7EE5896420B5}.Release|Mixed Platforms.ActiveCfg = Release|Any CPU
		{C5EB2428-B786-45AE-8267-7EE5896420B5}.Release|x86.ActiveCfg = Release|Any CPU
		{A0D02A9B-AF39-4396-A9D3-7015A33E3B26}.Debug|Any CPU.ActiveCfg = Debug|Any CPU
		{A0D02A9B-AF39-4396-A9D3-7015A33E3B26}.Debug|Any CPU.Build.0 = Debug|Any CPU
		{A0D02A9B-AF39-4396-A9D3-7015A33E3B26}.Debug|Mixed Platforms.ActiveCfg = Debug|Any CPU
		{A0D02A9B-AF39-4396-A9D3-7015A33E3B26}.Debug|Mixed Platforms.Build.0 = Debug|Any CPU
		{A0D02A9B-AF39-4396-A9D3-7015A33E3B26}.Debug|x86.ActiveCfg = Debug|Any CPU
		{A0D02A9B-AF39-4396-A9D3-7015A33E3B26}.Release|Any CPU.ActiveCfg = Release|Any CPU
		{A0D02A9B-AF39-4396-A9D3-7015A33E3B26}.Release|Mixed Platforms.ActiveCfg = Release|Any CPU
		{A0D02A9B-AF39-4396-A9D3-7015A33E3B26}.Release|x86.ActiveCfg = Release|Any CPU
		{C01207D6-63CE-44A1-A1DC-BF2931F1D606}.Debug|Any CPU.ActiveCfg = Debug|Any CPU
		{C01207D6-63CE-44A1-A1DC-BF2931F1D606}.Debug|Any CPU.Build.0 = Debug|Any CPU
		{C01207D6-63CE-44A1-A1DC-BF2931F1D606}.Debug|Mixed Platforms.ActiveCfg = Debug|Any CPU
		{C01207D6-63CE-44A1-A1DC-BF2931F1D606}.Debug|Mixed Platforms.Build.0 = Debug|Any CPU
		{C01207D6-63CE-44A1-A1DC-BF2931F1D606}.Debug|x86.ActiveCfg = Debug|Any CPU
		{C01207D6-63CE-44A1-A1DC-BF2931F1D606}.Release|Any CPU.ActiveCfg = Release|Any CPU
		{C01207D6-63CE-44A1-A1DC-BF2931F1D606}.Release|Mixed Platforms.ActiveCfg = Release|Any CPU
		{C01207D6-63CE-44A1-A1DC-BF2931F1D606}.Release|x86.ActiveCfg = Release|Any CPU
		{A13E5E1E-8DE1-4BF0-B213-B0A4965682EA}.Debug|Any CPU.ActiveCfg = Debug|Any CPU
		{A13E5E1E-8DE1-4BF0-B213-B0A4965682EA}.Debug|Any CPU.Build.0 = Debug|Any CPU
		{A13E5E1E-8DE1-4BF0-B213-B0A4965682EA}.Debug|Mixed Platforms.ActiveCfg = Debug|Any CPU
		{A13E5E1E-8DE1-4BF0-B213-B0A4965682EA}.Debug|Mixed Platforms.Build.0 = Debug|Any CPU
		{A13E5E1E-8DE1-4BF0-B213-B0A4965682EA}.Debug|x86.ActiveCfg = Debug|Any CPU
		{A13E5E1E-8DE1-4BF0-B213-B0A4965682EA}.Release|Any CPU.ActiveCfg = Release|Any CPU
		{A13E5E1E-8DE1-4BF0-B213-B0A4965682EA}.Release|Mixed Platforms.ActiveCfg = Release|Any CPU
		{A13E5E1E-8DE1-4BF0-B213-B0A4965682EA}.Release|x86.ActiveCfg = Release|Any CPU
		{A9F34F9F-5B6B-4133-ACF1-2BB8FCC1557B}.Debug|Any CPU.ActiveCfg = Debug|Any CPU
		{A9F34F9F-5B6B-4133-ACF1-2BB8FCC1557B}.Debug|Any CPU.Build.0 = Debug|Any CPU
		{A9F34F9F-5B6B-4133-ACF1-2BB8FCC1557B}.Debug|Mixed Platforms.ActiveCfg = Debug|Any CPU
		{A9F34F9F-5B6B-4133-ACF1-2BB8FCC1557B}.Debug|Mixed Platforms.Build.0 = Debug|Any CPU
		{A9F34F9F-5B6B-4133-ACF1-2BB8FCC1557B}.Debug|x86.ActiveCfg = Debug|Any CPU
		{A9F34F9F-5B6B-4133-ACF1-2BB8FCC1557B}.Release|Any CPU.ActiveCfg = Release|Any CPU
		{A9F34F9F-5B6B-4133-ACF1-2BB8FCC1557B}.Release|Mixed Platforms.ActiveCfg = Release|Any CPU
		{A9F34F9F-5B6B-4133-ACF1-2BB8FCC1557B}.Release|x86.ActiveCfg = Release|Any CPU
		{25363FDA-6829-4D7D-B94A-58B25B5A1F81}.Debug|Any CPU.ActiveCfg = Debug|Any CPU
		{25363FDA-6829-4D7D-B94A-58B25B5A1F81}.Debug|Any CPU.Build.0 = Debug|Any CPU
		{25363FDA-6829-4D7D-B94A-58B25B5A1F81}.Debug|Mixed Platforms.ActiveCfg = Debug|Any CPU
		{25363FDA-6829-4D7D-B94A-58B25B5A1F81}.Debug|Mixed Platforms.Build.0 = Debug|Any CPU
		{25363FDA-6829-4D7D-B94A-58B25B5A1F81}.Debug|x86.ActiveCfg = Debug|Any CPU
		{25363FDA-6829-4D7D-B94A-58B25B5A1F81}.Release|Any CPU.ActiveCfg = Release|Any CPU
		{25363FDA-6829-4D7D-B94A-58B25B5A1F81}.Release|Mixed Platforms.ActiveCfg = Release|Any CPU
		{25363FDA-6829-4D7D-B94A-58B25B5A1F81}.Release|x86.ActiveCfg = Release|Any CPU
		{71947A01-E51F-4CC1-8BE7-A05196741C21}.Debug|Any CPU.ActiveCfg = Debug|Any CPU
		{71947A01-E51F-4CC1-8BE7-A05196741C21}.Debug|Any CPU.Build.0 = Debug|Any CPU
		{71947A01-E51F-4CC1-8BE7-A05196741C21}.Debug|Mixed Platforms.ActiveCfg = Debug|Any CPU
		{71947A01-E51F-4CC1-8BE7-A05196741C21}.Debug|Mixed Platforms.Build.0 = Debug|Any CPU
		{71947A01-E51F-4CC1-8BE7-A05196741C21}.Debug|x86.ActiveCfg = Debug|Any CPU
		{71947A01-E51F-4CC1-8BE7-A05196741C21}.Release|Any CPU.ActiveCfg = Release|Any CPU
		{71947A01-E51F-4CC1-8BE7-A05196741C21}.Release|Mixed Platforms.ActiveCfg = Release|Any CPU
		{71947A01-E51F-4CC1-8BE7-A05196741C21}.Release|x86.ActiveCfg = Release|Any CPU
		{FBEA6F68-63BF-434B-998C-9A146FDF8D5F}.Debug|Any CPU.ActiveCfg = Debug|Any CPU
		{FBEA6F68-63BF-434B-998C-9A146FDF8D5F}.Debug|Any CPU.Build.0 = Debug|Any CPU
		{FBEA6F68-63BF-434B-998C-9A146FDF8D5F}.Debug|Mixed Platforms.ActiveCfg = Debug|Any CPU
		{FBEA6F68-63BF-434B-998C-9A146FDF8D5F}.Debug|Mixed Platforms.Build.0 = Debug|Any CPU
		{FBEA6F68-63BF-434B-998C-9A146FDF8D5F}.Debug|x86.ActiveCfg = Debug|Any CPU
		{FBEA6F68-63BF-434B-998C-9A146FDF8D5F}.Release|Any CPU.ActiveCfg = Release|Any CPU
		{FBEA6F68-63BF-434B-998C-9A146FDF8D5F}.Release|Mixed Platforms.ActiveCfg = Release|Any CPU
		{FBEA6F68-63BF-434B-998C-9A146FDF8D5F}.Release|x86.ActiveCfg = Release|Any CPU
		{7284DA36-F00D-4D60-9F7F-B39AAED5F098}.Debug|Any CPU.ActiveCfg = Debug|Any CPU
		{7284DA36-F00D-4D60-9F7F-B39AAED5F098}.Debug|Any CPU.Build.0 = Debug|Any CPU
		{7284DA36-F00D-4D60-9F7F-B39AAED5F098}.Debug|Mixed Platforms.ActiveCfg = Debug|Any CPU
		{7284DA36-F00D-4D60-9F7F-B39AAED5F098}.Debug|Mixed Platforms.Build.0 = Debug|Any CPU
		{7284DA36-F00D-4D60-9F7F-B39AAED5F098}.Debug|x86.ActiveCfg = Debug|Any CPU
		{7284DA36-F00D-4D60-9F7F-B39AAED5F098}.Release|Any CPU.ActiveCfg = Release|Any CPU
		{7284DA36-F00D-4D60-9F7F-B39AAED5F098}.Release|Mixed Platforms.ActiveCfg = Release|Any CPU
		{7284DA36-F00D-4D60-9F7F-B39AAED5F098}.Release|x86.ActiveCfg = Release|Any CPU
		{A055C89B-1110-44E7-87D5-FA4FBD6E2993}.Debug|Any CPU.ActiveCfg = Debug|Any CPU
		{A055C89B-1110-44E7-87D5-FA4FBD6E2993}.Debug|Any CPU.Build.0 = Debug|Any CPU
		{A055C89B-1110-44E7-87D5-FA4FBD6E2993}.Debug|Mixed Platforms.ActiveCfg = Debug|Any CPU
		{A055C89B-1110-44E7-87D5-FA4FBD6E2993}.Debug|Mixed Platforms.Build.0 = Debug|Any CPU
		{A055C89B-1110-44E7-87D5-FA4FBD6E2993}.Debug|x86.ActiveCfg = Debug|Any CPU
		{A055C89B-1110-44E7-87D5-FA4FBD6E2993}.Release|Any CPU.ActiveCfg = Release|Any CPU
		{A055C89B-1110-44E7-87D5-FA4FBD6E2993}.Release|Mixed Platforms.ActiveCfg = Release|Any CPU
		{A055C89B-1110-44E7-87D5-FA4FBD6E2993}.Release|x86.ActiveCfg = Release|Any CPU
		{32D621BA-F902-40D8-8866-35B4B3F69684}.Debug|Any CPU.ActiveCfg = Debug|Any CPU
		{32D621BA-F902-40D8-8866-35B4B3F69684}.Debug|Any CPU.Build.0 = Debug|Any CPU
		{32D621BA-F902-40D8-8866-35B4B3F69684}.Debug|Mixed Platforms.ActiveCfg = Debug|Any CPU
		{32D621BA-F902-40D8-8866-35B4B3F69684}.Debug|Mixed Platforms.Build.0 = Debug|Any CPU
		{32D621BA-F902-40D8-8866-35B4B3F69684}.Debug|x86.ActiveCfg = Debug|Any CPU
		{32D621BA-F902-40D8-8866-35B4B3F69684}.Release|Any CPU.ActiveCfg = Release|Any CPU
		{32D621BA-F902-40D8-8866-35B4B3F69684}.Release|Mixed Platforms.ActiveCfg = Release|Any CPU
		{32D621BA-F902-40D8-8866-35B4B3F69684}.Release|x86.ActiveCfg = Release|Any CPU
		{193718F4-C713-4C12-8F65-F50E2CFC8395}.Debug|Any CPU.ActiveCfg = Debug|Any CPU
		{193718F4-C713-4C12-8F65-F50E2CFC8395}.Debug|Any CPU.Build.0 = Debug|Any CPU
		{193718F4-C713-4C12-8F65-F50E2CFC8395}.Debug|Mixed Platforms.ActiveCfg = Debug|Any CPU
		{193718F4-C713-4C12-8F65-F50E2CFC8395}.Debug|Mixed Platforms.Build.0 = Debug|Any CPU
		{193718F4-C713-4C12-8F65-F50E2CFC8395}.Debug|x86.ActiveCfg = Debug|Any CPU
		{193718F4-C713-4C12-8F65-F50E2CFC8395}.Release|Any CPU.ActiveCfg = Release|Any CPU
		{193718F4-C713-4C12-8F65-F50E2CFC8395}.Release|Mixed Platforms.ActiveCfg = Release|Any CPU
		{193718F4-C713-4C12-8F65-F50E2CFC8395}.Release|x86.ActiveCfg = Release|Any CPU
		{73E7F308-811D-40A9-8AED-3B4A783CA439}.Debug|Any CPU.ActiveCfg = Debug|Any CPU
		{73E7F308-811D-40A9-8AED-3B4A783CA439}.Debug|Any CPU.Build.0 = Debug|Any CPU
		{73E7F308-811D-40A9-8AED-3B4A783CA439}.Debug|Mixed Platforms.ActiveCfg = Debug|Any CPU
		{73E7F308-811D-40A9-8AED-3B4A783CA439}.Debug|Mixed Platforms.Build.0 = Debug|Any CPU
		{73E7F308-811D-40A9-8AED-3B4A783CA439}.Debug|x86.ActiveCfg = Debug|Any CPU
		{73E7F308-811D-40A9-8AED-3B4A783CA439}.Release|Any CPU.ActiveCfg = Release|Any CPU
		{73E7F308-811D-40A9-8AED-3B4A783CA439}.Release|Any CPU.Build.0 = Release|Any CPU
		{73E7F308-811D-40A9-8AED-3B4A783CA439}.Release|Mixed Platforms.ActiveCfg = Release|Any CPU
		{73E7F308-811D-40A9-8AED-3B4A783CA439}.Release|Mixed Platforms.Build.0 = Release|Any CPU
		{73E7F308-811D-40A9-8AED-3B4A783CA439}.Release|x86.ActiveCfg = Release|Any CPU
		{8C64199E-1AC1-44D0-A249-53C28094AF6A}.Debug|Any CPU.ActiveCfg = Debug|x86
		{8C64199E-1AC1-44D0-A249-53C28094AF6A}.Debug|Mixed Platforms.ActiveCfg = Debug|x86
		{8C64199E-1AC1-44D0-A249-53C28094AF6A}.Debug|Mixed Platforms.Build.0 = Debug|x86
		{8C64199E-1AC1-44D0-A249-53C28094AF6A}.Debug|x86.ActiveCfg = Debug|x86
		{8C64199E-1AC1-44D0-A249-53C28094AF6A}.Debug|x86.Build.0 = Debug|x86
		{8C64199E-1AC1-44D0-A249-53C28094AF6A}.Release|Any CPU.ActiveCfg = Release|x86
		{8C64199E-1AC1-44D0-A249-53C28094AF6A}.Release|Mixed Platforms.ActiveCfg = Release|x86
		{8C64199E-1AC1-44D0-A249-53C28094AF6A}.Release|x86.ActiveCfg = Release|x86
		{8C64199E-1AC1-44D0-A249-53C28094AF6A}.Release|x86.Build.0 = Release|x86
		{40B0AFA3-FECF-4875-8F2D-34BF83AC35A8}.Debug|Any CPU.ActiveCfg = Debug|x86
		{40B0AFA3-FECF-4875-8F2D-34BF83AC35A8}.Debug|Mixed Platforms.ActiveCfg = Debug|x86
		{40B0AFA3-FECF-4875-8F2D-34BF83AC35A8}.Debug|Mixed Platforms.Build.0 = Debug|x86
		{40B0AFA3-FECF-4875-8F2D-34BF83AC35A8}.Debug|x86.ActiveCfg = Debug|x86
		{40B0AFA3-FECF-4875-8F2D-34BF83AC35A8}.Debug|x86.Build.0 = Debug|x86
		{40B0AFA3-FECF-4875-8F2D-34BF83AC35A8}.Release|Any CPU.ActiveCfg = Release|x86
		{40B0AFA3-FECF-4875-8F2D-34BF83AC35A8}.Release|Mixed Platforms.ActiveCfg = Release|x86
		{40B0AFA3-FECF-4875-8F2D-34BF83AC35A8}.Release|x86.ActiveCfg = Release|x86
		{40B0AFA3-FECF-4875-8F2D-34BF83AC35A8}.Release|x86.Build.0 = Release|x86
		{F7A33DC0-3BC5-410C-A679-128A273A1CF6}.Debug|Any CPU.ActiveCfg = Debug|Any CPU
		{F7A33DC0-3BC5-410C-A679-128A273A1CF6}.Debug|Any CPU.Build.0 = Debug|Any CPU
		{F7A33DC0-3BC5-410C-A679-128A273A1CF6}.Debug|Mixed Platforms.ActiveCfg = Debug|Any CPU
		{F7A33DC0-3BC5-410C-A679-128A273A1CF6}.Debug|Mixed Platforms.Build.0 = Debug|Any CPU
		{F7A33DC0-3BC5-410C-A679-128A273A1CF6}.Debug|x86.ActiveCfg = Debug|Any CPU
		{F7A33DC0-3BC5-410C-A679-128A273A1CF6}.Release|Any CPU.ActiveCfg = Release|Any CPU
		{F7A33DC0-3BC5-410C-A679-128A273A1CF6}.Release|Any CPU.Build.0 = Release|Any CPU
		{F7A33DC0-3BC5-410C-A679-128A273A1CF6}.Release|Mixed Platforms.ActiveCfg = Release|Any CPU
		{F7A33DC0-3BC5-410C-A679-128A273A1CF6}.Release|x86.ActiveCfg = Release|Any CPU
		{EE1B65F7-645A-4890-B3D8-5ABF26FE8487}.Debug|Any CPU.ActiveCfg = Debug|x86
		{EE1B65F7-645A-4890-B3D8-5ABF26FE8487}.Debug|Mixed Platforms.ActiveCfg = Debug|x86
		{EE1B65F7-645A-4890-B3D8-5ABF26FE8487}.Debug|Mixed Platforms.Build.0 = Debug|x86
		{EE1B65F7-645A-4890-B3D8-5ABF26FE8487}.Debug|x86.ActiveCfg = Debug|x86
		{EE1B65F7-645A-4890-B3D8-5ABF26FE8487}.Debug|x86.Build.0 = Debug|x86
		{EE1B65F7-645A-4890-B3D8-5ABF26FE8487}.Release|Any CPU.ActiveCfg = Release|x86
		{EE1B65F7-645A-4890-B3D8-5ABF26FE8487}.Release|Mixed Platforms.ActiveCfg = Release|x86
		{EE1B65F7-645A-4890-B3D8-5ABF26FE8487}.Release|x86.ActiveCfg = Release|x86
		{EE1B65F7-645A-4890-B3D8-5ABF26FE8487}.Release|x86.Build.0 = Release|x86
		{EAEC7CF3-F709-419E-B341-2FE5189EBD4C}.Debug|Any CPU.ActiveCfg = Debug|Any CPU
		{EAEC7CF3-F709-419E-B341-2FE5189EBD4C}.Debug|Any CPU.Build.0 = Debug|Any CPU
		{EAEC7CF3-F709-419E-B341-2FE5189EBD4C}.Debug|Mixed Platforms.ActiveCfg = Debug|Any CPU
		{EAEC7CF3-F709-419E-B341-2FE5189EBD4C}.Debug|Mixed Platforms.Build.0 = Debug|Any CPU
		{EAEC7CF3-F709-419E-B341-2FE5189EBD4C}.Debug|x86.ActiveCfg = Debug|Any CPU
		{EAEC7CF3-F709-419E-B341-2FE5189EBD4C}.Release|Any CPU.ActiveCfg = Release|Any CPU
		{EAEC7CF3-F709-419E-B341-2FE5189EBD4C}.Release|Any CPU.Build.0 = Release|Any CPU
		{EAEC7CF3-F709-419E-B341-2FE5189EBD4C}.Release|Mixed Platforms.ActiveCfg = Release|Any CPU
		{EAEC7CF3-F709-419E-B341-2FE5189EBD4C}.Release|x86.ActiveCfg = Release|Any CPU
		{769E23C1-F007-4C2E-A131-31E570A1FF94}.Debug|Any CPU.ActiveCfg = Debug|x86
		{769E23C1-F007-4C2E-A131-31E570A1FF94}.Debug|Mixed Platforms.ActiveCfg = Debug|x86
		{769E23C1-F007-4C2E-A131-31E570A1FF94}.Debug|Mixed Platforms.Build.0 = Debug|x86
		{769E23C1-F007-4C2E-A131-31E570A1FF94}.Debug|x86.ActiveCfg = Debug|x86
		{769E23C1-F007-4C2E-A131-31E570A1FF94}.Debug|x86.Build.0 = Debug|x86
		{769E23C1-F007-4C2E-A131-31E570A1FF94}.Release|Any CPU.ActiveCfg = Release|x86
		{769E23C1-F007-4C2E-A131-31E570A1FF94}.Release|Mixed Platforms.ActiveCfg = Release|x86
		{769E23C1-F007-4C2E-A131-31E570A1FF94}.Release|x86.ActiveCfg = Release|x86
		{769E23C1-F007-4C2E-A131-31E570A1FF94}.Release|x86.Build.0 = Release|x86
		{AFE27CB2-1646-4DDE-BF6D-1B9CFC39606E}.Debug|Any CPU.ActiveCfg = Debug|Any CPU
		{AFE27CB2-1646-4DDE-BF6D-1B9CFC39606E}.Debug|Any CPU.Build.0 = Debug|Any CPU
		{AFE27CB2-1646-4DDE-BF6D-1B9CFC39606E}.Debug|Mixed Platforms.ActiveCfg = Debug|Any CPU
		{AFE27CB2-1646-4DDE-BF6D-1B9CFC39606E}.Debug|Mixed Platforms.Build.0 = Debug|Any CPU
		{AFE27CB2-1646-4DDE-BF6D-1B9CFC39606E}.Debug|x86.ActiveCfg = Debug|Any CPU
		{AFE27CB2-1646-4DDE-BF6D-1B9CFC39606E}.Release|Any CPU.ActiveCfg = Release|Any CPU
		{AFE27CB2-1646-4DDE-BF6D-1B9CFC39606E}.Release|Any CPU.Build.0 = Release|Any CPU
		{AFE27CB2-1646-4DDE-BF6D-1B9CFC39606E}.Release|Mixed Platforms.ActiveCfg = Release|Any CPU
		{AFE27CB2-1646-4DDE-BF6D-1B9CFC39606E}.Release|Mixed Platforms.Build.0 = Release|Any CPU
		{AFE27CB2-1646-4DDE-BF6D-1B9CFC39606E}.Release|x86.ActiveCfg = Release|Any CPU
		{5D3788F6-260A-4E2A-9EB7-D21BF671265A}.Debug|Any CPU.ActiveCfg = Debug|x86
		{5D3788F6-260A-4E2A-9EB7-D21BF671265A}.Debug|Mixed Platforms.ActiveCfg = Debug|x86
		{5D3788F6-260A-4E2A-9EB7-D21BF671265A}.Debug|Mixed Platforms.Build.0 = Debug|x86
		{5D3788F6-260A-4E2A-9EB7-D21BF671265A}.Debug|x86.ActiveCfg = Debug|x86
		{5D3788F6-260A-4E2A-9EB7-D21BF671265A}.Debug|x86.Build.0 = Debug|x86
		{5D3788F6-260A-4E2A-9EB7-D21BF671265A}.Release|Any CPU.ActiveCfg = Release|x86
		{5D3788F6-260A-4E2A-9EB7-D21BF671265A}.Release|Mixed Platforms.ActiveCfg = Release|x86
		{5D3788F6-260A-4E2A-9EB7-D21BF671265A}.Release|Mixed Platforms.Build.0 = Release|x86
		{5D3788F6-260A-4E2A-9EB7-D21BF671265A}.Release|x86.ActiveCfg = Release|x86
		{5D3788F6-260A-4E2A-9EB7-D21BF671265A}.Release|x86.Build.0 = Release|x86
		{0304F8B0-8D3A-4799-BEC3-92276AC4DCE9}.Debug|Any CPU.ActiveCfg = Debug|x86
		{0304F8B0-8D3A-4799-BEC3-92276AC4DCE9}.Debug|Mixed Platforms.ActiveCfg = Debug|x86
		{0304F8B0-8D3A-4799-BEC3-92276AC4DCE9}.Debug|Mixed Platforms.Build.0 = Debug|x86
		{0304F8B0-8D3A-4799-BEC3-92276AC4DCE9}.Debug|x86.ActiveCfg = Debug|x86
		{0304F8B0-8D3A-4799-BEC3-92276AC4DCE9}.Debug|x86.Build.0 = Debug|x86
		{0304F8B0-8D3A-4799-BEC3-92276AC4DCE9}.Release|Any CPU.ActiveCfg = Release|x86
		{0304F8B0-8D3A-4799-BEC3-92276AC4DCE9}.Release|Mixed Platforms.ActiveCfg = Release|x86
		{0304F8B0-8D3A-4799-BEC3-92276AC4DCE9}.Release|Mixed Platforms.Build.0 = Release|x86
		{0304F8B0-8D3A-4799-BEC3-92276AC4DCE9}.Release|x86.ActiveCfg = Release|x86
		{0304F8B0-8D3A-4799-BEC3-92276AC4DCE9}.Release|x86.Build.0 = Release|x86
	EndGlobalSection
	GlobalSection(SolutionProperties) = preSolution
		HideSolutionNode = FALSE
	EndGlobalSection
	GlobalSection(NestedProjects) = preSolution
		{124855DB-04ED-4C64-935A-13D439347148} = {E19FF72D-E34B-4397-AC5F-9C41DF664649}
		{663F62D1-B37F-4DEF-9D48-EFF1A26BBAA3} = {E19FF72D-E34B-4397-AC5F-9C41DF664649}
		{B907CDD8-E0A1-41EF-9E77-06E71794C29A} = {E19FF72D-E34B-4397-AC5F-9C41DF664649}
		{2E38C329-3BCE-4929-8170-9B8A8E4F4E29} = {E19FF72D-E34B-4397-AC5F-9C41DF664649}
		{72BD4677-3BDD-4F2C-A55C-39A257108A1E} = {E19FF72D-E34B-4397-AC5F-9C41DF664649}
		{DEE88B3C-B7F6-41F9-8F2C-1B1657C4AD53} = {E19FF72D-E34B-4397-AC5F-9C41DF664649}
		{7B06C479-9311-49FA-9926-587B1CEE612B} = {E19FF72D-E34B-4397-AC5F-9C41DF664649}
		{DF911C76-38AA-4715-AF7F-3C7D9F7893C3} = {E19FF72D-E34B-4397-AC5F-9C41DF664649}
		{4D101FFF-3018-44C3-B433-2C95EA9D4734} = {E19FF72D-E34B-4397-AC5F-9C41DF664649}
		{0D52BE6A-F38F-497A-A99C-95EC996FD52C} = {E19FF72D-E34B-4397-AC5F-9C41DF664649}
		{421C5888-BFEA-43FE-B625-6F17560C5BFA} = {E19FF72D-E34B-4397-AC5F-9C41DF664649}
		{616917A9-1411-4BBF-BA7B-0392569D2E45} = {E19FF72D-E34B-4397-AC5F-9C41DF664649}
		{9F3373FC-296B-4A17-A050-655B0D0A4B4D} = {E19FF72D-E34B-4397-AC5F-9C41DF664649}
		{36022311-7EFA-42A5-BCB4-F4F18C200D49} = {E19FF72D-E34B-4397-AC5F-9C41DF664649}
		{C4580F32-C403-480B-B024-E24E4F2C55AC} = {E19FF72D-E34B-4397-AC5F-9C41DF664649}
		{742A65EA-7DED-4883-9568-D85949FF7137} = {E19FF72D-E34B-4397-AC5F-9C41DF664649}
		{CC899067-182A-4A2D-9DA3-2636279405C3} = {E19FF72D-E34B-4397-AC5F-9C41DF664649}
		{19EFA5A7-DB0E-4804-AB41-36C8005B2530} = {E19FF72D-E34B-4397-AC5F-9C41DF664649}
		{F021D270-C901-4A3A-BACC-F6FFDF0F4034} = {E19FF72D-E34B-4397-AC5F-9C41DF664649}
		{38071D7D-156C-4DEC-9EE2-1EA6BE4AC951} = {E19FF72D-E34B-4397-AC5F-9C41DF664649}
		{E88EC3DE-FDFD-43C8-941D-5286E1FE971B} = {E19FF72D-E34B-4397-AC5F-9C41DF664649}
		{D7E8E287-8E61-4AAB-A828-B4BD8FE7387F} = {E19FF72D-E34B-4397-AC5F-9C41DF664649}
		{A1DB8779-63F6-47D1-860E-D9228298FA01} = {E19FF72D-E34B-4397-AC5F-9C41DF664649}
		{87082829-2D12-4971-9D8A-087DB6D7A93A} = {E19FF72D-E34B-4397-AC5F-9C41DF664649}
		{9F7783A4-181F-49ED-AABF-B43750E3CEDE} = {E19FF72D-E34B-4397-AC5F-9C41DF664649}
		{8971DF82-B74E-45DD-9E39-F1F9DC0B65DD} = {E19FF72D-E34B-4397-AC5F-9C41DF664649}
		{2F5CBB62-AA84-476C-81B4-88F6DDD51428} = {E19FF72D-E34B-4397-AC5F-9C41DF664649}
		{82572DA9-9FEA-4175-A226-8538792B8D78} = {E19FF72D-E34B-4397-AC5F-9C41DF664649}
		{1EAA37EC-241F-4222-88DD-248441E02B16} = {E19FF72D-E34B-4397-AC5F-9C41DF664649}
		{C95702FC-7331-4FCC-A5A1-98A66098D2FF} = {E19FF72D-E34B-4397-AC5F-9C41DF664649}
		{5CF7C274-F916-431D-AAE3-F63024BE615D} = {E19FF72D-E34B-4397-AC5F-9C41DF664649}
		{FC792982-BDB8-464F-9B85-D7CEDC0E7822} = {E19FF72D-E34B-4397-AC5F-9C41DF664649}
		{8C64199E-1AC1-44D0-A249-53C28094AF6A} = {E19FF72D-E34B-4397-AC5F-9C41DF664649}
		{EAEC7CF3-F709-419E-B341-2FE5189EBD4C} = {E19FF72D-E34B-4397-AC5F-9C41DF664649}
		{769E23C1-F007-4C2E-A131-31E570A1FF94} = {E19FF72D-E34B-4397-AC5F-9C41DF664649}
		{5D3788F6-260A-4E2A-9EB7-D21BF671265A} = {E19FF72D-E34B-4397-AC5F-9C41DF664649}
		{0304F8B0-8D3A-4799-BEC3-92276AC4DCE9} = {E19FF72D-E34B-4397-AC5F-9C41DF664649}
		{1511B4EE-2349-43EC-B3CA-3B3D012C8842} = {F3D9EC8C-A95A-4A74-AC40-2C4EF814651A}
		{925FD52E-1D36-46B3-B1FE-86B0BFC2A6A3} = {F3D9EC8C-A95A-4A74-AC40-2C4EF814651A}
		{7EEC01BA-3176-4BB1-B9F2-8AB48620A48F} = {F3D9EC8C-A95A-4A74-AC40-2C4EF814651A}
		{2993C769-E540-4F3C-A4D2-C2060CB32E7C} = {F3D9EC8C-A95A-4A74-AC40-2C4EF814651A}
		{C5EB2428-B786-45AE-8267-7EE5896420B5} = {F3D9EC8C-A95A-4A74-AC40-2C4EF814651A}
		{A0D02A9B-AF39-4396-A9D3-7015A33E3B26} = {F3D9EC8C-A95A-4A74-AC40-2C4EF814651A}
		{C01207D6-63CE-44A1-A1DC-BF2931F1D606} = {F3D9EC8C-A95A-4A74-AC40-2C4EF814651A}
		{A13E5E1E-8DE1-4BF0-B213-B0A4965682EA} = {F3D9EC8C-A95A-4A74-AC40-2C4EF814651A}
		{A9F34F9F-5B6B-4133-ACF1-2BB8FCC1557B} = {F3D9EC8C-A95A-4A74-AC40-2C4EF814651A}
		{25363FDA-6829-4D7D-B94A-58B25B5A1F81} = {F3D9EC8C-A95A-4A74-AC40-2C4EF814651A}
		{71947A01-E51F-4CC1-8BE7-A05196741C21} = {F3D9EC8C-A95A-4A74-AC40-2C4EF814651A}
		{FBEA6F68-63BF-434B-998C-9A146FDF8D5F} = {F3D9EC8C-A95A-4A74-AC40-2C4EF814651A}
		{7284DA36-F00D-4D60-9F7F-B39AAED5F098} = {F3D9EC8C-A95A-4A74-AC40-2C4EF814651A}
		{A055C89B-1110-44E7-87D5-FA4FBD6E2993} = {F3D9EC8C-A95A-4A74-AC40-2C4EF814651A}
		{32D621BA-F902-40D8-8866-35B4B3F69684} = {F3D9EC8C-A95A-4A74-AC40-2C4EF814651A}
		{193718F4-C713-4C12-8F65-F50E2CFC8395} = {F3D9EC8C-A95A-4A74-AC40-2C4EF814651A}
		{40B0AFA3-FECF-4875-8F2D-34BF83AC35A8} = {F3D9EC8C-A95A-4A74-AC40-2C4EF814651A}
		{F7A33DC0-3BC5-410C-A679-128A273A1CF6} = {F3D9EC8C-A95A-4A74-AC40-2C4EF814651A}
		{EE1B65F7-645A-4890-B3D8-5ABF26FE8487} = {F3D9EC8C-A95A-4A74-AC40-2C4EF814651A}
	EndGlobalSection
EndGlobal
