
Microsoft Visual Studio Solution File, Format Version 11.00
# Visual Studio 2010
Project("{FAE04EC0-301F-11D3-BF4B-00C04F79EFBC}") = "01-SimpleTracingBefore_CS", "01-SimpleTracingBefore\CS\01-SimpleTracingBefore_CS.csproj", "{FC792982-BDB8-464F-9B85-D7CEDC0E7822}"
EndProject
Project("{FAE04EC0-301F-11D3-BF4B-00C04F79EFBC}") = "02-SimpleTracingBeforeAndAfter_CS", "02-SimpleTracingBeforeAndAfter\CS\02-SimpleTracingBeforeAndAfter_CS.csproj", "{663F62D1-B37F-4DEF-9D48-EFF1A26BBAA3}"
EndProject
Project("{FAE04EC0-301F-11D3-BF4B-00C04F79EFBC}") = "03-SimpleTracingInstead_CS", "03-SimpleTracingInstead\CS\03-SimpleTracingInstead_CS.csproj", "{2E38C329-3BCE-4929-8170-9B8A8E4F4E29}"
EndProject
Project("{FAE04EC0-301F-11D3-BF4B-00C04F79EFBC}") = "05-Authentication_CS", "05-Authentication\CS\05-Authentication_CS.csproj", "{DEE88B3C-B7F6-41F9-8F2C-1B1657C4AD53}"
EndProject
Project("{FAE04EC0-301F-11D3-BF4B-00C04F79EFBC}") = "06-SimpleWildcards_CS", "06-SimpleWildcards\CS\06-SimpleWildcards_CS.csproj", "{DF911C76-38AA-4715-AF7F-3C7D9F7893C3}"
EndProject
Project("{FAE04EC0-301F-11D3-BF4B-00C04F79EFBC}") = "07-EventPublisher_CS", "07-EventPublisher\CS\07-EventPublisher_CS.csproj", "{0D52BE6A-F38F-497A-A99C-95EC996FD52C}"
EndProject
Project("{FAE04EC0-301F-11D3-BF4B-00C04F79EFBC}") = "08-Monitoring_CS", "08-Monitoring\CS\08-Monitoring_CS.csproj", "{421C5888-BFEA-43FE-B625-6F17560C5BFA}"
EndProject
Project("{FAE04EC0-301F-11D3-BF4B-00C04F79EFBC}") = "09-CrossAppDomainCallAspect_CS", "09-CrossAppDomainCallAspect\CS\09-CrossAppDomainCallAspect_CS.csproj", "{9F3373FC-296B-4A17-A050-655B0D0A4B4D}"
EndProject
Project("{FAE04EC0-301F-11D3-BF4B-00C04F79EFBC}") = "10-EventConsumer_CS", "10-EventConsumer\CS\10-EventConsumer_CS.csproj", "{C4580F32-C403-480B-B024-E24E4F2C55AC}"
EndProject
Project("{FAE04EC0-301F-11D3-BF4B-00C04F79EFBC}") = "11-Singleton_CS", "11-Singleton\CS\11-Singleton_CS.csproj", "{CC899067-182A-4A2D-9DA3-2636279405C3}"
EndProject
Project("{FAE04EC0-301F-11D3-BF4B-00C04F79EFBC}") = "12-Memoize_CS", "12-Memoize\CS\12-Memoize_CS.csproj", "{F021D270-C901-4A3A-BACC-F6FFDF0F4034}"
EndProject
Project("{FAE04EC0-301F-11D3-BF4B-00C04F79EFBC}") = "13-Variables_CS", "13-Variables\CS\13-Variables_CS.csproj", "{D7E8E287-8E61-4AAB-A828-B4BD8FE7387F}"
EndProject
Project("{FAE04EC0-301F-11D3-BF4B-00C04F79EFBC}") = "14-Timeout_CS", "14-Timeout\CS\14-Timeout_CS.csproj", "{A1DB8779-63F6-47D1-860E-D9228298FA01}"
EndProject
Project("{FAE04EC0-301F-11D3-BF4B-00C04F79EFBC}") = "15-Observer_CS", "15-Observer\CS\15-Observer_CS.csproj", "{9F7783A4-181F-49ED-AABF-B43750E3CEDE}"
EndProject
Project("{FAE04EC0-301F-11D3-BF4B-00C04F79EFBC}") = "16-Visitor_CS", "16-Visitor\CS\16-Visitor_CS.csproj", "{2F5CBB62-AA84-476C-81B4-88F6DDD51428}"
EndProject
Project("{FAE04EC0-301F-11D3-BF4B-00C04F79EFBC}") = "04-AfterReturningAndAfterThrowing_CS", "04-AfterReturningAndAfterThrowing\CS\04-AfterReturningAndAfterThrowing_CS.csproj", "{C95702FC-7331-4FCC-A5A1-98A66098D2FF}"
EndProject
Project("{FAE04EC0-301F-11D3-BF4B-00C04F79EFBC}") = "18-Voter_CS", "18-Voter\CS\18-Voter_CS.csproj", "{EAEC7CF3-F709-419E-B341-2FE5189EBD4C}"
EndProject
Project("{FAE04EC0-301F-11D3-BF4B-00C04F79EFBC}") = "17-AsyncronousMethods_CS", "17-AsyncronousMethods\CS\17-AsyncronousMethods_CS.csproj", "{8C64199E-1AC1-44D0-A249-53C28094AF6A}"
EndProject
Project("{FAE04EC0-301F-11D3-BF4B-00C04F79EFBC}") = "19-ContextOrientedProgramming_CS", "19-ContextOrientedProgramming\CS\19-ContextOrientedProgramming_CS.csproj", "{769E23C1-F007-4C2E-A131-31E570A1FF94}"
EndProject
Project("{FAE04EC0-301F-11D3-BF4B-00C04F79EFBC}") = "20-DependecyInjection_CS", "20-DependecyInjection\CS\20-DependecyInjection_CS.csproj", "{5D3788F6-260A-4E2A-9EB7-D21BF671265A}"
EndProject
Project("{FAE04EC0-301F-11D3-BF4B-00C04F79EFBC}") = "21-NotifyPropertyChanged_CS", "21-NotifyPropertyChanged\CS\21-NotifyPropertyChanged_CS.csproj", "{0304F8B0-8D3A-4799-BEC3-92276AC4DCE9}"
EndProject
Global
	GlobalSection(TeamFoundationVersionControl) = preSolution
		SccNumberOfProjects = 22
		SccEnterpriseProvider = {4CA58AB2-18FA-4F8D-95D4-32DDF27D184C}
		SccTeamFoundationServer = https://tfs.codeplex.com/tfs/tfs34
		SccLocalPath0 = .
		SccProjectUniqueName1 = 01-SimpleTracingBefore\\CS\\01-SimpleTracingBefore_CS.csproj
		SccProjectName1 = 01-SimpleTracingBefore/CS
		SccLocalPath1 = 01-SimpleTracingBefore\\CS
		SccProjectUniqueName2 = 02-SimpleTracingBeforeAndAfter\\CS\\02-SimpleTracingBeforeAndAfter_CS.csproj
		SccProjectName2 = 02-SimpleTracingBeforeAndAfter/CS
		SccLocalPath2 = 02-SimpleTracingBeforeAndAfter\\CS
		SccProjectUniqueName3 = 03-SimpleTracingInstead\\CS\\03-SimpleTracingInstead_CS.csproj
		SccProjectName3 = 03-SimpleTracingInstead/CS
		SccLocalPath3 = 03-SimpleTracingInstead\\CS
		SccProjectUniqueName4 = 05-Authentication\\CS\\05-Authentication_CS.csproj
		SccProjectName4 = 05-Authentication/CS
		SccLocalPath4 = 05-Authentication\\CS
		SccProjectUniqueName5 = 06-SimpleWildcards\\CS\\06-SimpleWildcards_CS.csproj
		SccProjectName5 = 06-SimpleWildcards/CS
		SccLocalPath5 = 06-SimpleWildcards\\CS
		SccProjectUniqueName6 = 07-EventPublisher\\CS\\07-EventPublisher_CS.csproj
		SccProjectName6 = 07-EventPublisher/CS
		SccLocalPath6 = 07-EventPublisher\\CS
		SccProjectUniqueName7 = 08-Monitoring\\CS\\08-Monitoring_CS.csproj
		SccProjectName7 = 08-Monitoring/CS
		SccLocalPath7 = 08-Monitoring\\CS
		SccProjectUniqueName8 = 09-CrossAppDomainCallAspect\\CS\\09-CrossAppDomainCallAspect_CS.csproj
		SccProjectName8 = 09-CrossAppDomainCallAspect/CS
		SccLocalPath8 = 09-CrossAppDomainCallAspect\\CS
		SccProjectUniqueName9 = 10-EventConsumer\\CS\\10-EventConsumer_CS.csproj
		SccProjectName9 = 10-EventConsumer/CS
		SccLocalPath9 = 10-EventConsumer\\CS
		SccProjectUniqueName10 = 11-Singleton\\CS\\11-Singleton_CS.csproj
		SccProjectName10 = 11-Singleton/CS
		SccLocalPath10 = 11-Singleton\\CS
		SccProjectUniqueName11 = 12-Memoize\\CS\\12-Memoize_CS.csproj
		SccProjectName11 = 12-Memoize/CS
		SccLocalPath11 = 12-Memoize\\CS
		SccProjectUniqueName12 = 13-Variables\\CS\\13-Variables_CS.csproj
		SccProjectName12 = 13-Variables/CS
		SccLocalPath12 = 13-Variables\\CS
		SccProjectUniqueName13 = 14-Timeout\\CS\\14-Timeout_CS.csproj
		SccProjectName13 = 14-Timeout/CS
		SccLocalPath13 = 14-Timeout\\CS
		SccProjectUniqueName14 = 15-Observer\\CS\\15-Observer_CS.csproj
		SccProjectName14 = 15-Observer/CS
		SccLocalPath14 = 15-Observer\\CS
		SccProjectUniqueName15 = 16-Visitor\\CS\\16-Visitor_CS.csproj
		SccProjectName15 = 16-Visitor/CS
		SccLocalPath15 = 16-Visitor\\CS
		SccProjectUniqueName16 = 04-AfterReturningAndAfterThrowing\\CS\\04-AfterReturningAndAfterThrowing_CS.csproj
		SccProjectName16 = 04-AfterReturningAndAfterThrowing/CS
		SccLocalPath16 = 04-AfterReturningAndAfterThrowing\\CS
		SccProjectUniqueName17 = 17-AsyncronousMethods\\CS\\17-AsyncronousMethods_CS.csproj
		SccProjectName17 = 17-AsyncronousMethods/CS
		SccLocalPath17 = 17-AsyncronousMethods\\CS
		SccProjectUniqueName18 = 19-ContextOrientedProgramming\\CS\\19-ContextOrientedProgramming_CS.csproj
		SccProjectName18 = 19-ContextOrientedProgramming/CS
		SccLocalPath18 = 19-ContextOrientedProgramming\\CS
		SccProjectUniqueName19 = 18-Voter\\CS\\18-Voter_CS.csproj
		SccProjectName19 = 18-Voter/CS
		SccLocalPath19 = 18-Voter\\CS
		SccProjectUniqueName20 = 20-DependecyInjection\\CS\\20-DependecyInjection_CS.csproj
		SccProjectName20 = 20-DependecyInjection/CS
		SccLocalPath20 = 20-DependecyInjection\\CS
		SccProjectUniqueName21 = 21-NotifyPropertyChanged\\CS\\21-NotifyPropertyChanged_CS.csproj
		SccProjectName21 = 21-NotifyPropertyChanged/CS
		SccLocalPath21 = 21-NotifyPropertyChanged\\CS
	EndGlobalSection
	GlobalSection(SolutionConfigurationPlatforms) = preSolution
		Debug|Any CPU = Debug|Any CPU
		Debug|Mixed Platforms = Debug|Mixed Platforms
		Debug|x86 = Debug|x86
		Release|Any CPU = Release|Any CPU
		Release|Mixed Platforms = Release|Mixed Platforms
		Release|x86 = Release|x86
	EndGlobalSection
	GlobalSection(ProjectConfigurationPlatforms) = postSolution
		{FC792982-BDB8-464F-9B85-D7CEDC0E7822}.Debug|Any CPU.ActiveCfg = Debug|Any CPU
		{FC792982-BDB8-464F-9B85-D7CEDC0E7822}.Debug|Any CPU.Build.0 = Debug|Any CPU
		{FC792982-BDB8-464F-9B85-D7CEDC0E7822}.Debug|Mixed Platforms.ActiveCfg = Debug|Any CPU
		{FC792982-BDB8-464F-9B85-D7CEDC0E7822}.Debug|Mixed Platforms.Build.0 = Debug|Any CPU
		{FC792982-BDB8-464F-9B85-D7CEDC0E7822}.Debug|x86.ActiveCfg = Debug|Any CPU
		{FC792982-BDB8-464F-9B85-D7CEDC0E7822}.Release|Any CPU.ActiveCfg = Release|Any CPU
		{FC792982-BDB8-464F-9B85-D7CEDC0E7822}.Release|Any CPU.Build.0 = Release|Any CPU
		{FC792982-BDB8-464F-9B85-D7CEDC0E7822}.Release|Mixed Platforms.ActiveCfg = Release|Any CPU
		{FC792982-BDB8-464F-9B85-D7CEDC0E7822}.Release|Mixed Platforms.Build.0 = Release|Any CPU
		{FC792982-BDB8-464F-9B85-D7CEDC0E7822}.Release|x86.ActiveCfg = Release|Any CPU
		{663F62D1-B37F-4DEF-9D48-EFF1A26BBAA3}.Debug|Any CPU.ActiveCfg = Debug|Any CPU
		{663F62D1-B37F-4DEF-9D48-EFF1A26BBAA3}.Debug|Any CPU.Build.0 = Debug|Any CPU
		{663F62D1-B37F-4DEF-9D48-EFF1A26BBAA3}.Debug|Mixed Platforms.ActiveCfg = Debug|Any CPU
		{663F62D1-B37F-4DEF-9D48-EFF1A26BBAA3}.Debug|Mixed Platforms.Build.0 = Debug|Any CPU
		{663F62D1-B37F-4DEF-9D48-EFF1A26BBAA3}.Debug|x86.ActiveCfg = Debug|Any CPU
		{663F62D1-B37F-4DEF-9D48-EFF1A26BBAA3}.Release|Any CPU.ActiveCfg = Release|Any CPU
		{663F62D1-B37F-4DEF-9D48-EFF1A26BBAA3}.Release|Any CPU.Build.0 = Release|Any CPU
		{663F62D1-B37F-4DEF-9D48-EFF1A26BBAA3}.Release|Mixed Platforms.ActiveCfg = Release|Any CPU
		{663F62D1-B37F-4DEF-9D48-EFF1A26BBAA3}.Release|Mixed Platforms.Build.0 = Release|Any CPU
		{663F62D1-B37F-4DEF-9D48-EFF1A26BBAA3}.Release|x86.ActiveCfg = Release|Any CPU
		{2E38C329-3BCE-4929-8170-9B8A8E4F4E29}.Debug|Any CPU.ActiveCfg = Debug|Any CPU
		{2E38C329-3BCE-4929-8170-9B8A8E4F4E29}.Debug|Any CPU.Build.0 = Debug|Any CPU
		{2E38C329-3BCE-4929-8170-9B8A8E4F4E29}.Debug|Mixed Platforms.ActiveCfg = Debug|Any CPU
		{2E38C329-3BCE-4929-8170-9B8A8E4F4E29}.Debug|Mixed Platforms.Build.0 = Debug|Any CPU
		{2E38C329-3BCE-4929-8170-9B8A8E4F4E29}.Debug|x86.ActiveCfg = Debug|Any CPU
		{2E38C329-3BCE-4929-8170-9B8A8E4F4E29}.Release|Any CPU.ActiveCfg = Release|Any CPU
		{2E38C329-3BCE-4929-8170-9B8A8E4F4E29}.Release|Any CPU.Build.0 = Release|Any CPU
		{2E38C329-3BCE-4929-8170-9B8A8E4F4E29}.Release|Mixed Platforms.ActiveCfg = Release|Any CPU
		{2E38C329-3BCE-4929-8170-9B8A8E4F4E29}.Release|Mixed Platforms.Build.0 = Release|Any CPU
		{2E38C329-3BCE-4929-8170-9B8A8E4F4E29}.Release|x86.ActiveCfg = Release|Any CPU
		{DEE88B3C-B7F6-41F9-8F2C-1B1657C4AD53}.Debug|Any CPU.ActiveCfg = Debug|Any CPU
		{DEE88B3C-B7F6-41F9-8F2C-1B1657C4AD53}.Debug|Any CPU.Build.0 = Debug|Any CPU
		{DEE88B3C-B7F6-41F9-8F2C-1B1657C4AD53}.Debug|Mixed Platforms.ActiveCfg = Debug|Any CPU
		{DEE88B3C-B7F6-41F9-8F2C-1B1657C4AD53}.Debug|Mixed Platforms.Build.0 = Debug|Any CPU
		{DEE88B3C-B7F6-41F9-8F2C-1B1657C4AD53}.Debug|x86.ActiveCfg = Debug|Any CPU
		{DEE88B3C-B7F6-41F9-8F2C-1B1657C4AD53}.Release|Any CPU.ActiveCfg = Release|Any CPU
		{DEE88B3C-B7F6-41F9-8F2C-1B1657C4AD53}.Release|Any CPU.Build.0 = Release|Any CPU
		{DEE88B3C-B7F6-41F9-8F2C-1B1657C4AD53}.Release|Mixed Platforms.ActiveCfg = Release|Any CPU
		{DEE88B3C-B7F6-41F9-8F2C-1B1657C4AD53}.Release|Mixed Platforms.Build.0 = Release|Any CPU
		{DEE88B3C-B7F6-41F9-8F2C-1B1657C4AD53}.Release|x86.ActiveCfg = Release|Any CPU
		{DF911C76-38AA-4715-AF7F-3C7D9F7893C3}.Debug|Any CPU.ActiveCfg = Debug|Any CPU
		{DF911C76-38AA-4715-AF7F-3C7D9F7893C3}.Debug|Any CPU.Build.0 = Debug|Any CPU
		{DF911C76-38AA-4715-AF7F-3C7D9F7893C3}.Debug|Mixed Platforms.ActiveCfg = Debug|Any CPU
		{DF911C76-38AA-4715-AF7F-3C7D9F7893C3}.Debug|Mixed Platforms.Build.0 = Debug|Any CPU
		{DF911C76-38AA-4715-AF7F-3C7D9F7893C3}.Debug|x86.ActiveCfg = Debug|Any CPU
		{DF911C76-38AA-4715-AF7F-3C7D9F7893C3}.Release|Any CPU.ActiveCfg = Release|Any CPU
		{DF911C76-38AA-4715-AF7F-3C7D9F7893C3}.Release|Any CPU.Build.0 = Release|Any CPU
		{DF911C76-38AA-4715-AF7F-3C7D9F7893C3}.Release|Mixed Platforms.ActiveCfg = Release|Any CPU
		{DF911C76-38AA-4715-AF7F-3C7D9F7893C3}.Release|Mixed Platforms.Build.0 = Release|Any CPU
		{DF911C76-38AA-4715-AF7F-3C7D9F7893C3}.Release|x86.ActiveCfg = Release|Any CPU
		{0D52BE6A-F38F-497A-A99C-95EC996FD52C}.Debug|Any CPU.ActiveCfg = Debug|Any CPU
		{0D52BE6A-F38F-497A-A99C-95EC996FD52C}.Debug|Any CPU.Build.0 = Debug|Any CPU
		{0D52BE6A-F38F-497A-A99C-95EC996FD52C}.Debug|Mixed Platforms.ActiveCfg = Debug|Any CPU
		{0D52BE6A-F38F-497A-A99C-95EC996FD52C}.Debug|Mixed Platforms.Build.0 = Debug|Any CPU
		{0D52BE6A-F38F-497A-A99C-95EC996FD52C}.Debug|x86.ActiveCfg = Debug|Any CPU
		{0D52BE6A-F38F-497A-A99C-95EC996FD52C}.Release|Any CPU.ActiveCfg = Release|Any CPU
		{0D52BE6A-F38F-497A-A99C-95EC996FD52C}.Release|Any CPU.Build.0 = Release|Any CPU
		{0D52BE6A-F38F-497A-A99C-95EC996FD52C}.Release|Mixed Platforms.ActiveCfg = Release|Any CPU
		{0D52BE6A-F38F-497A-A99C-95EC996FD52C}.Release|Mixed Platforms.Build.0 = Release|Any CPU
		{0D52BE6A-F38F-497A-A99C-95EC996FD52C}.Release|x86.ActiveCfg = Release|Any CPU
		{421C5888-BFEA-43FE-B625-6F17560C5BFA}.Debug|Any CPU.ActiveCfg = Debug|Any CPU
		{421C5888-BFEA-43FE-B625-6F17560C5BFA}.Debug|Any CPU.Build.0 = Debug|Any CPU
		{421C5888-BFEA-43FE-B625-6F17560C5BFA}.Debug|Mixed Platforms.ActiveCfg = Debug|Any CPU
		{421C5888-BFEA-43FE-B625-6F17560C5BFA}.Debug|Mixed Platforms.Build.0 = Debug|Any CPU
		{421C5888-BFEA-43FE-B625-6F17560C5BFA}.Debug|x86.ActiveCfg = Debug|Any CPU
		{421C5888-BFEA-43FE-B625-6F17560C5BFA}.Release|Any CPU.ActiveCfg = Release|Any CPU
		{421C5888-BFEA-43FE-B625-6F17560C5BFA}.Release|Any CPU.Build.0 = Release|Any CPU
		{421C5888-BFEA-43FE-B625-6F17560C5BFA}.Release|Mixed Platforms.ActiveCfg = Release|Any CPU
		{421C5888-BFEA-43FE-B625-6F17560C5BFA}.Release|Mixed Platforms.Build.0 = Release|Any CPU
		{421C5888-BFEA-43FE-B625-6F17560C5BFA}.Release|x86.ActiveCfg = Release|Any CPU
		{9F3373FC-296B-4A17-A050-655B0D0A4B4D}.Debug|Any CPU.ActiveCfg = Debug|Any CPU
		{9F3373FC-296B-4A17-A050-655B0D0A4B4D}.Debug|Any CPU.Build.0 = Debug|Any CPU
		{9F3373FC-296B-4A17-A050-655B0D0A4B4D}.Debug|Mixed Platforms.ActiveCfg = Debug|Any CPU
		{9F3373FC-296B-4A17-A050-655B0D0A4B4D}.Debug|Mixed Platforms.Build.0 = Debug|Any CPU
		{9F3373FC-296B-4A17-A050-655B0D0A4B4D}.Debug|x86.ActiveCfg = Debug|Any CPU
		{9F3373FC-296B-4A17-A050-655B0D0A4B4D}.Release|Any CPU.ActiveCfg = Release|Any CPU
		{9F3373FC-296B-4A17-A050-655B0D0A4B4D}.Release|Any CPU.Build.0 = Release|Any CPU
		{9F3373FC-296B-4A17-A050-655B0D0A4B4D}.Release|Mixed Platforms.ActiveCfg = Release|Any CPU
		{9F3373FC-296B-4A17-A050-655B0D0A4B4D}.Release|Mixed Platforms.Build.0 = Release|Any CPU
		{9F3373FC-296B-4A17-A050-655B0D0A4B4D}.Release|x86.ActiveCfg = Release|Any CPU
		{C4580F32-C403-480B-B024-E24E4F2C55AC}.Debug|Any CPU.ActiveCfg = Debug|Any CPU
		{C4580F32-C403-480B-B024-E24E4F2C55AC}.Debug|Any CPU.Build.0 = Debug|Any CPU
		{C4580F32-C403-480B-B024-E24E4F2C55AC}.Debug|Mixed Platforms.ActiveCfg = Debug|Any CPU
		{C4580F32-C403-480B-B024-E24E4F2C55AC}.Debug|Mixed Platforms.Build.0 = Debug|Any CPU
		{C4580F32-C403-480B-B024-E24E4F2C55AC}.Debug|x86.ActiveCfg = Debug|Any CPU
		{C4580F32-C403-480B-B024-E24E4F2C55AC}.Release|Any CPU.ActiveCfg = Release|Any CPU
		{C4580F32-C403-480B-B024-E24E4F2C55AC}.Release|Any CPU.Build.0 = Release|Any CPU
		{C4580F32-C403-480B-B024-E24E4F2C55AC}.Release|Mixed Platforms.ActiveCfg = Release|Any CPU
		{C4580F32-C403-480B-B024-E24E4F2C55AC}.Release|Mixed Platforms.Build.0 = Release|Any CPU
		{C4580F32-C403-480B-B024-E24E4F2C55AC}.Release|x86.ActiveCfg = Release|Any CPU
		{CC899067-182A-4A2D-9DA3-2636279405C3}.Debug|Any CPU.ActiveCfg = Debug|Any CPU
		{CC899067-182A-4A2D-9DA3-2636279405C3}.Debug|Any CPU.Build.0 = Debug|Any CPU
		{CC899067-182A-4A2D-9DA3-2636279405C3}.Debug|Mixed Platforms.ActiveCfg = Debug|Any CPU
		{CC899067-182A-4A2D-9DA3-2636279405C3}.Debug|Mixed Platforms.Build.0 = Debug|Any CPU
		{CC899067-182A-4A2D-9DA3-2636279405C3}.Debug|x86.ActiveCfg = Debug|Any CPU
		{CC899067-182A-4A2D-9DA3-2636279405C3}.Release|Any CPU.ActiveCfg = Release|Any CPU
		{CC899067-182A-4A2D-9DA3-2636279405C3}.Release|Any CPU.Build.0 = Release|Any CPU
		{CC899067-182A-4A2D-9DA3-2636279405C3}.Release|Mixed Platforms.ActiveCfg = Release|Any CPU
		{CC899067-182A-4A2D-9DA3-2636279405C3}.Release|Mixed Platforms.Build.0 = Release|Any CPU
		{CC899067-182A-4A2D-9DA3-2636279405C3}.Release|x86.ActiveCfg = Release|Any CPU
		{F021D270-C901-4A3A-BACC-F6FFDF0F4034}.Debug|Any CPU.ActiveCfg = Debug|Any CPU
		{F021D270-C901-4A3A-BACC-F6FFDF0F4034}.Debug|Any CPU.Build.0 = Debug|Any CPU
		{F021D270-C901-4A3A-BACC-F6FFDF0F4034}.Debug|Mixed Platforms.ActiveCfg = Debug|Any CPU
		{F021D270-C901-4A3A-BACC-F6FFDF0F4034}.Debug|Mixed Platforms.Build.0 = Debug|Any CPU
		{F021D270-C901-4A3A-BACC-F6FFDF0F4034}.Debug|x86.ActiveCfg = Debug|Any CPU
		{F021D270-C901-4A3A-BACC-F6FFDF0F4034}.Release|Any CPU.ActiveCfg = Release|Any CPU
		{F021D270-C901-4A3A-BACC-F6FFDF0F4034}.Release|Any CPU.Build.0 = Release|Any CPU
		{F021D270-C901-4A3A-BACC-F6FFDF0F4034}.Release|Mixed Platforms.ActiveCfg = Release|Any CPU
		{F021D270-C901-4A3A-BACC-F6FFDF0F4034}.Release|Mixed Platforms.Build.0 = Release|Any CPU
		{F021D270-C901-4A3A-BACC-F6FFDF0F4034}.Release|x86.ActiveCfg = Release|Any CPU
		{D7E8E287-8E61-4AAB-A828-B4BD8FE7387F}.Debug|Any CPU.ActiveCfg = Debug|Any CPU
		{D7E8E287-8E61-4AAB-A828-B4BD8FE7387F}.Debug|Any CPU.Build.0 = Debug|Any CPU
		{D7E8E287-8E61-4AAB-A828-B4BD8FE7387F}.Debug|Mixed Platforms.ActiveCfg = Debug|Any CPU
		{D7E8E287-8E61-4AAB-A828-B4BD8FE7387F}.Debug|Mixed Platforms.Build.0 = Debug|Any CPU
		{D7E8E287-8E61-4AAB-A828-B4BD8FE7387F}.Debug|x86.ActiveCfg = Debug|Any CPU
		{D7E8E287-8E61-4AAB-A828-B4BD8FE7387F}.Release|Any CPU.ActiveCfg = Release|Any CPU
		{D7E8E287-8E61-4AAB-A828-B4BD8FE7387F}.Release|Any CPU.Build.0 = Release|Any CPU
		{D7E8E287-8E61-4AAB-A828-B4BD8FE7387F}.Release|Mixed Platforms.ActiveCfg = Release|Any CPU
		{D7E8E287-8E61-4AAB-A828-B4BD8FE7387F}.Release|Mixed Platforms.Build.0 = Release|Any CPU
		{D7E8E287-8E61-4AAB-A828-B4BD8FE7387F}.Release|x86.ActiveCfg = Release|Any CPU
		{A1DB8779-63F6-47D1-860E-D9228298FA01}.Debug|Any CPU.ActiveCfg = Debug|Any CPU
		{A1DB8779-63F6-47D1-860E-D9228298FA01}.Debug|Any CPU.Build.0 = Debug|Any CPU
		{A1DB8779-63F6-47D1-860E-D9228298FA01}.Debug|Mixed Platforms.ActiveCfg = Debug|Any CPU
		{A1DB8779-63F6-47D1-860E-D9228298FA01}.Debug|Mixed Platforms.Build.0 = Debug|Any CPU
		{A1DB8779-63F6-47D1-860E-D9228298FA01}.Debug|x86.ActiveCfg = Debug|Any CPU
		{A1DB8779-63F6-47D1-860E-D9228298FA01}.Release|Any CPU.ActiveCfg = Release|Any CPU
		{A1DB8779-63F6-47D1-860E-D9228298FA01}.Release|Any CPU.Build.0 = Release|Any CPU
		{A1DB8779-63F6-47D1-860E-D9228298FA01}.Release|Mixed Platforms.ActiveCfg = Release|Any CPU
		{A1DB8779-63F6-47D1-860E-D9228298FA01}.Release|Mixed Platforms.Build.0 = Release|Any CPU
		{A1DB8779-63F6-47D1-860E-D9228298FA01}.Release|x86.ActiveCfg = Release|Any CPU
		{9F7783A4-181F-49ED-AABF-B43750E3CEDE}.Debug|Any CPU.ActiveCfg = Debug|Any CPU
		{9F7783A4-181F-49ED-AABF-B43750E3CEDE}.Debug|Any CPU.Build.0 = Debug|Any CPU
		{9F7783A4-181F-49ED-AABF-B43750E3CEDE}.Debug|Mixed Platforms.ActiveCfg = Debug|Any CPU
		{9F7783A4-181F-49ED-AABF-B43750E3CEDE}.Debug|Mixed Platforms.Build.0 = Debug|Any CPU
		{9F7783A4-181F-49ED-AABF-B43750E3CEDE}.Debug|x86.ActiveCfg = Debug|Any CPU
		{9F7783A4-181F-49ED-AABF-B43750E3CEDE}.Release|Any CPU.ActiveCfg = Release|Any CPU
		{9F7783A4-181F-49ED-AABF-B43750E3CEDE}.Release|Any CPU.Build.0 = Release|Any CPU
		{9F7783A4-181F-49ED-AABF-B43750E3CEDE}.Release|Mixed Platforms.ActiveCfg = Release|Any CPU
		{9F7783A4-181F-49ED-AABF-B43750E3CEDE}.Release|Mixed Platforms.Build.0 = Release|Any CPU
		{9F7783A4-181F-49ED-AABF-B43750E3CEDE}.Release|x86.ActiveCfg = Release|Any CPU
		{2F5CBB62-AA84-476C-81B4-88F6DDD51428}.Debug|Any CPU.ActiveCfg = Debug|Any CPU
		{2F5CBB62-AA84-476C-81B4-88F6DDD51428}.Debug|Any CPU.Build.0 = Debug|Any CPU
		{2F5CBB62-AA84-476C-81B4-88F6DDD51428}.Debug|Mixed Platforms.ActiveCfg = Debug|Any CPU
		{2F5CBB62-AA84-476C-81B4-88F6DDD51428}.Debug|Mixed Platforms.Build.0 = Debug|Any CPU
		{2F5CBB62-AA84-476C-81B4-88F6DDD51428}.Debug|x86.ActiveCfg = Debug|Any CPU
		{2F5CBB62-AA84-476C-81B4-88F6DDD51428}.Release|Any CPU.ActiveCfg = Release|Any CPU
		{2F5CBB62-AA84-476C-81B4-88F6DDD51428}.Release|Any CPU.Build.0 = Release|Any CPU
		{2F5CBB62-AA84-476C-81B4-88F6DDD51428}.Release|Mixed Platforms.ActiveCfg = Release|Any CPU
		{2F5CBB62-AA84-476C-81B4-88F6DDD51428}.Release|Mixed Platforms.Build.0 = Release|Any CPU
		{2F5CBB62-AA84-476C-81B4-88F6DDD51428}.Release|x86.ActiveCfg = Release|Any CPU
		{C95702FC-7331-4FCC-A5A1-98A66098D2FF}.Debug|Any CPU.ActiveCfg = Debug|Any CPU
		{C95702FC-7331-4FCC-A5A1-98A66098D2FF}.Debug|Any CPU.Build.0 = Debug|Any CPU
		{C95702FC-7331-4FCC-A5A1-98A66098D2FF}.Debug|Mixed Platforms.ActiveCfg = Debug|Any CPU
		{C95702FC-7331-4FCC-A5A1-98A66098D2FF}.Debug|Mixed Platforms.Build.0 = Debug|Any CPU
		{C95702FC-7331-4FCC-A5A1-98A66098D2FF}.Debug|x86.ActiveCfg = Debug|Any CPU
		{C95702FC-7331-4FCC-A5A1-98A66098D2FF}.Release|Any CPU.ActiveCfg = Release|Any CPU
		{C95702FC-7331-4FCC-A5A1-98A66098D2FF}.Release|Any CPU.Build.0 = Release|Any CPU
		{C95702FC-7331-4FCC-A5A1-98A66098D2FF}.Release|Mixed Platforms.ActiveCfg = Release|Any CPU
		{C95702FC-7331-4FCC-A5A1-98A66098D2FF}.Release|Mixed Platforms.Build.0 = Release|Any CPU
		{C95702FC-7331-4FCC-A5A1-98A66098D2FF}.Release|x86.ActiveCfg = Release|Any CPU
		{EAEC7CF3-F709-419E-B341-2FE5189EBD4C}.Debug|Any CPU.ActiveCfg = Debug|Any CPU
		{EAEC7CF3-F709-419E-B341-2FE5189EBD4C}.Debug|Any CPU.Build.0 = Debug|Any CPU
		{EAEC7CF3-F709-419E-B341-2FE5189EBD4C}.Debug|Mixed Platforms.ActiveCfg = Debug|Any CPU
		{EAEC7CF3-F709-419E-B341-2FE5189EBD4C}.Debug|Mixed Platforms.Build.0 = Debug|Any CPU
		{EAEC7CF3-F709-419E-B341-2FE5189EBD4C}.Debug|x86.ActiveCfg = Debug|Any CPU
		{EAEC7CF3-F709-419E-B341-2FE5189EBD4C}.Release|Any CPU.ActiveCfg = Release|Any CPU
		{EAEC7CF3-F709-419E-B341-2FE5189EBD4C}.Release|Any CPU.Build.0 = Release|Any CPU
		{EAEC7CF3-F709-419E-B341-2FE5189EBD4C}.Release|Mixed Platforms.ActiveCfg = Release|Any CPU
		{EAEC7CF3-F709-419E-B341-2FE5189EBD4C}.Release|Mixed Platforms.Build.0 = Release|Any CPU
		{EAEC7CF3-F709-419E-B341-2FE5189EBD4C}.Release|x86.ActiveCfg = Release|Any CPU
		{8C64199E-1AC1-44D0-A249-53C28094AF6A}.Debug|Any CPU.ActiveCfg = Debug|x86
		{8C64199E-1AC1-44D0-A249-53C28094AF6A}.Debug|Mixed Platforms.ActiveCfg = Debug|x86
		{8C64199E-1AC1-44D0-A249-53C28094AF6A}.Debug|Mixed Platforms.Build.0 = Debug|x86
		{8C64199E-1AC1-44D0-A249-53C28094AF6A}.Debug|x86.ActiveCfg = Debug|x86
		{8C64199E-1AC1-44D0-A249-53C28094AF6A}.Debug|x86.Build.0 = Debug|x86
		{8C64199E-1AC1-44D0-A249-53C28094AF6A}.Release|Any CPU.ActiveCfg = Release|x86
		{8C64199E-1AC1-44D0-A249-53C28094AF6A}.Release|Mixed Platforms.ActiveCfg = Release|x86
		{8C64199E-1AC1-44D0-A249-53C28094AF6A}.Release|Mixed Platforms.Build.0 = Release|x86
		{8C64199E-1AC1-44D0-A249-53C28094AF6A}.Release|x86.ActiveCfg = Release|x86
		{8C64199E-1AC1-44D0-A249-53C28094AF6A}.Release|x86.Build.0 = Release|x86
		{769E23C1-F007-4C2E-A131-31E570A1FF94}.Debug|Any CPU.ActiveCfg = Debug|x86
		{769E23C1-F007-4C2E-A131-31E570A1FF94}.Debug|Mixed Platforms.ActiveCfg = Debug|x86
		{769E23C1-F007-4C2E-A131-31E570A1FF94}.Debug|Mixed Platforms.Build.0 = Debug|x86
		{769E23C1-F007-4C2E-A131-31E570A1FF94}.Debug|x86.ActiveCfg = Debug|x86
		{769E23C1-F007-4C2E-A131-31E570A1FF94}.Debug|x86.Build.0 = Debug|x86
		{769E23C1-F007-4C2E-A131-31E570A1FF94}.Release|Any CPU.ActiveCfg = Release|x86
		{769E23C1-F007-4C2E-A131-31E570A1FF94}.Release|Mixed Platforms.ActiveCfg = Release|x86
		{769E23C1-F007-4C2E-A131-31E570A1FF94}.Release|Mixed Platforms.Build.0 = Release|x86
		{769E23C1-F007-4C2E-A131-31E570A1FF94}.Release|x86.ActiveCfg = Release|x86
		{769E23C1-F007-4C2E-A131-31E570A1FF94}.Release|x86.Build.0 = Release|x86
		{5D3788F6-260A-4E2A-9EB7-D21BF671265A}.Debug|Any CPU.ActiveCfg = Debug|x86
		{5D3788F6-260A-4E2A-9EB7-D21BF671265A}.Debug|Mixed Platforms.ActiveCfg = Debug|x86
		{5D3788F6-260A-4E2A-9EB7-D21BF671265A}.Debug|Mixed Platforms.Build.0 = Debug|x86
		{5D3788F6-260A-4E2A-9EB7-D21BF671265A}.Debug|x86.ActiveCfg = Debug|x86
		{5D3788F6-260A-4E2A-9EB7-D21BF671265A}.Debug|x86.Build.0 = Debug|x86
		{5D3788F6-260A-4E2A-9EB7-D21BF671265A}.Release|Any CPU.ActiveCfg = Release|x86
		{5D3788F6-260A-4E2A-9EB7-D21BF671265A}.Release|Mixed Platforms.ActiveCfg = Release|x86
		{5D3788F6-260A-4E2A-9EB7-D21BF671265A}.Release|Mixed Platforms.Build.0 = Release|x86
		{5D3788F6-260A-4E2A-9EB7-D21BF671265A}.Release|x86.ActiveCfg = Release|x86
		{5D3788F6-260A-4E2A-9EB7-D21BF671265A}.Release|x86.Build.0 = Release|x86
		{0304F8B0-8D3A-4799-BEC3-92276AC4DCE9}.Debug|Any CPU.ActiveCfg = Debug|x86
		{0304F8B0-8D3A-4799-BEC3-92276AC4DCE9}.Debug|Mixed Platforms.ActiveCfg = Debug|x86
		{0304F8B0-8D3A-4799-BEC3-92276AC4DCE9}.Debug|Mixed Platforms.Build.0 = Debug|x86
		{0304F8B0-8D3A-4799-BEC3-92276AC4DCE9}.Debug|x86.ActiveCfg = Debug|x86
		{0304F8B0-8D3A-4799-BEC3-92276AC4DCE9}.Debug|x86.Build.0 = Debug|x86
		{0304F8B0-8D3A-4799-BEC3-92276AC4DCE9}.Release|Any CPU.ActiveCfg = Release|x86
		{0304F8B0-8D3A-4799-BEC3-92276AC4DCE9}.Release|Mixed Platforms.ActiveCfg = Release|x86
		{0304F8B0-8D3A-4799-BEC3-92276AC4DCE9}.Release|Mixed Platforms.Build.0 = Release|x86
		{0304F8B0-8D3A-4799-BEC3-92276AC4DCE9}.Release|x86.ActiveCfg = Release|x86
		{0304F8B0-8D3A-4799-BEC3-92276AC4DCE9}.Release|x86.Build.0 = Release|x86
	EndGlobalSection
	GlobalSection(SolutionProperties) = preSolution
		HideSolutionNode = FALSE
	EndGlobalSection
EndGlobal
